{
  "version": 4,
  "terraform_version": "1.12.2",
  "serial": 12,
  "lineage": "f41c46cf-421f-ba22-316a-ae412ec05751",
  "outputs": {},
  "resources": [
    {
      "mode": "managed",
      "type": "azurerm_cdn_endpoint",
      "name": "res-17",
      "provider": "provider[\"registry.terraform.io/hashicorp/azurerm\"]",
      "instances": [
        {
          "schema_version": 1,
          "attributes": {
            "content_types_to_compress": [
              "application/eot",
              "application/font",
              "application/font-sfnt",
              "application/javascript",
              "application/json",
              "application/opentype",
              "application/otf",
              "application/pkcs7-mime",
              "application/truetype",
              "application/ttf",
              "application/vnd.ms-fontobject",
              "application/x-font-opentype",
              "application/x-font-truetype",
              "application/x-font-ttf",
              "application/x-httpd-cgi",
              "application/x-javascript",
              "application/x-mpegurl",
              "application/x-opentype",
              "application/x-otf",
              "application/x-perl",
              "application/x-ttf",
              "application/xhtml+xml",
              "application/xml",
              "application/xml+rss",
              "font/eot",
              "font/opentype",
              "font/otf",
              "font/ttf",
              "image/svg+xml",
              "text/css",
              "text/csv",
              "text/html",
              "text/javascript",
              "text/js",
              "text/plain",
              "text/richtext",
              "text/tab-separated-values",
              "text/x-component",
              "text/x-java-source",
              "text/x-script",
              "text/xml"
            ],
            "delivery_rule": [
              {
                "cache_expiration_action": [],
                "cache_key_query_string_action": [],
                "cookies_condition": [],
                "device_condition": [],
                "http_version_condition": [],
                "modify_request_header_action": [],
                "modify_response_header_action": [],
                "name": "Redirect",
                "order": 1,
                "post_arg_condition": [],
                "query_string_condition": [],
                "remote_address_condition": [],
                "request_body_condition": [],
                "request_header_condition": [],
                "request_method_condition": [],
                "request_scheme_condition": [],
                "request_uri_condition": [
                  {
                    "match_values": [
                      "http://josephinthe.cloud",
                      "https://josephinthe.cloud",
                      "josephinthe.cloud"
                    ],
                    "negate_condition": false,
                    "operator": "BeginsWith",
                    "transforms": [
                      "Lowercase"
                    ]
                  }
                ],
                "url_file_extension_condition": [],
                "url_file_name_condition": [],
                "url_path_condition": [],
                "url_redirect_action": [
                  {
                    "fragment": "",
                    "hostname": "google.com",
                    "path": "",
                    "protocol": "Https",
                    "query_string": "",
                    "redirect_type": "PermanentRedirect"
                  }
                ],
                "url_rewrite_action": []
              }
            ],
            "fqdn": "dev00CDNendpoint.azureedge.net",
            "geo_filter": [],
            "global_delivery_rule": [],
            "id": "/subscriptions/ebeec867-0bac-448a-b3ba-197e572e0b4c/resourceGroups/Dev_ResourceGroup1/providers/Microsoft.Cdn/profiles/dev00CDNProfile/endpoints/dev00CDNendpoint",
            "is_compression_enabled": true,
            "is_http_allowed": true,
            "is_https_allowed": true,
            "location": "global",
            "name": "dev00CDNendpoint",
            "optimization_type": "",
            "origin": [
              {
                "host_name": "dev00storageaccount.z20.web.core.windows.net",
                "http_port": 80,
                "https_port": 443,
                "name": "default-origin-6c1b74aa"
              }
            ],
            "origin_host_header": "dev00storageaccount.z20.web.core.windows.net",
            "origin_path": "",
            "probe_path": "",
            "profile_name": "dev00CDNProfile",
            "querystring_caching_behaviour": "UseQueryString",
            "resource_group_name": "Dev_ResourceGroup1",
            "tags": {},
            "timeouts": null
          },
          "sensitive_attributes": [],
          "identity_schema_version": 0,
          "private": "eyJlMmJmYjczMC1lY2FhLTExZTYtOGY4OC0zNDM2M2JjN2M0YzAiOnsiY3JlYXRlIjoxODAwMDAwMDAwMDAwLCJkZWxldGUiOjE4MDAwMDAwMDAwMDAsInJlYWQiOjMwMDAwMDAwMDAwMCwidXBkYXRlIjoxODAwMDAwMDAwMDAwfSwic2NoZW1hX3ZlcnNpb24iOiIxIn0="
        }
      ]
    },
    {
      "mode": "managed",
      "type": "azurerm_cdn_endpoint_custom_domain",
      "name": "res-1",
      "provider": "provider[\"registry.terraform.io/hashicorp/azurerm\"]",
      "instances": [
        {
          "schema_version": 0,
          "attributes": {
            "cdn_endpoint_id": "/subscriptions/ebeec867-0bac-448a-b3ba-197e572e0b4c/resourceGroups/Dev_ResourceGroup1/providers/Microsoft.Cdn/profiles/dev00CDNProfile/endpoints/dev00CDNendpoint",
            "cdn_managed_https": [
              {
                "certificate_type": "Dedicated",
                "protocol_type": "ServerNameIndication",
                "tls_version": "TLS12"
              }
            ],
            "host_name": "www.josephinthe.cloud",
            "id": "/subscriptions/ebeec867-0bac-448a-b3ba-197e572e0b4c/resourceGroups/Dev_ResourceGroup1/providers/Microsoft.Cdn/profiles/dev00CDNProfile/endpoints/dev00CDNendpoint/customDomains/www-josephinthe-cloud",
            "name": "www-josephinthe-cloud",
            "timeouts": null,
            "user_managed_https": []
          },
          "sensitive_attributes": [],
          "identity_schema_version": 0,
          "private": "eyJlMmJmYjczMC1lY2FhLTExZTYtOGY4OC0zNDM2M2JjN2M0YzAiOnsiY3JlYXRlIjo0MzIwMDAwMDAwMDAwMCwiZGVsZXRlIjo0MzIwMDAwMDAwMDAwMCwicmVhZCI6MzAwMDAwMDAwMDAwLCJ1cGRhdGUiOjg2NDAwMDAwMDAwMDAwfSwic2NoZW1hX3ZlcnNpb24iOiIwIn0="
        }
      ]
    },
    {
      "mode": "managed",
      "type": "azurerm_cdn_frontdoor_custom_domain",
      "name": "res-6",
      "provider": "provider[\"registry.terraform.io/hashicorp/azurerm\"]",
      "instances": [
        {
          "schema_version": 0,
          "attributes": {
            "cdn_frontdoor_profile_id": "/subscriptions/ebeec867-0bac-448a-b3ba-197e572e0b4c/resourceGroups/Dev_ResourceGroup1/providers/Microsoft.Cdn/profiles/dev00fdProfile",
            "dns_zone_id": "",
            "expiration_date": "2025-07-02T18:30:56.6908841+00:00",
            "host_name": "josephinthe.cloud",
            "id": "/subscriptions/ebeec867-0bac-448a-b3ba-197e572e0b4c/resourceGroups/Dev_ResourceGroup1/providers/Microsoft.Cdn/profiles/dev00fdProfile/customDomains/josephinthe-cloud-4945",
            "name": "josephinthe-cloud-4945",
            "timeouts": null,
            "tls": [
              {
                "cdn_frontdoor_secret_id": "/subscriptions/ebeec867-0bac-448a-b3ba-197e572e0b4c/resourceGroups/Dev_ResourceGroup1/providers/Microsoft.Cdn/profiles/dev00fdProfile/secrets/0--3058190a-9073-4925-a90b-1ad9d79320a8-josephinthe-cloud",
                "certificate_type": "ManagedCertificate",
                "minimum_tls_version": "TLS12"
              }
            ],
            "validation_token": "_7pxhwplj2xr65j9m47n72lj8i68tlip"
          },
          "sensitive_attributes": [],
          "identity_schema_version": 0,
          "private": "eyJlMmJmYjczMC1lY2FhLTExZTYtOGY4OC0zNDM2M2JjN2M0YzAiOnsiY3JlYXRlIjo0MzIwMDAwMDAwMDAwMCwiZGVsZXRlIjo0MzIwMDAwMDAwMDAwMCwicmVhZCI6MzAwMDAwMDAwMDAwLCJ1cGRhdGUiOjg2NDAwMDAwMDAwMDAwfSwic2NoZW1hX3ZlcnNpb24iOiIwIn0="
        }
      ]
    },
    {
      "mode": "managed",
      "type": "azurerm_cdn_frontdoor_origin",
      "name": "res-8",
      "provider": "provider[\"registry.terraform.io/hashicorp/azurerm\"]",
      "instances": [
        {
          "schema_version": 0,
          "attributes": {
            "cdn_frontdoor_origin_group_id": "/subscriptions/ebeec867-0bac-448a-b3ba-197e572e0b4c/resourceGroups/Dev_ResourceGroup1/providers/Microsoft.Cdn/profiles/dev00fdProfile/originGroups/default-origin-group-723f3aac",
            "certificate_name_check_enabled": true,
            "enabled": true,
            "host_name": "dev00storageaccount.z20.web.core.windows.net",
            "http_port": 80,
            "https_port": 443,
            "id": "/subscriptions/ebeec867-0bac-448a-b3ba-197e572e0b4c/resourceGroups/Dev_ResourceGroup1/providers/Microsoft.Cdn/profiles/dev00fdProfile/originGroups/default-origin-group-723f3aac/origins/default-origin",
            "name": "default-origin",
            "origin_host_header": "dev00storageaccount.z20.web.core.windows.net",
            "priority": 1,
            "private_link": [],
            "timeouts": null,
            "weight": 1000
          },
          "sensitive_attributes": [],
          "identity_schema_version": 0,
          "private": "eyJlMmJmYjczMC1lY2FhLTExZTYtOGY4OC0zNDM2M2JjN2M0YzAiOnsiY3JlYXRlIjoxODAwMDAwMDAwMDAwLCJkZWxldGUiOjE4MDAwMDAwMDAwMDAsInJlYWQiOjMwMDAwMDAwMDAwMCwidXBkYXRlIjoxODAwMDAwMDAwMDAwfSwic2NoZW1hX3ZlcnNpb24iOiIwIn0="
        }
      ]
    },
    {
      "mode": "managed",
      "type": "azurerm_cdn_frontdoor_origin_group",
      "name": "res-7",
      "provider": "provider[\"registry.terraform.io/hashicorp/azurerm\"]",
      "instances": [
        {
          "schema_version": 0,
          "attributes": {
            "cdn_frontdoor_profile_id": "/subscriptions/ebeec867-0bac-448a-b3ba-197e572e0b4c/resourceGroups/Dev_ResourceGroup1/providers/Microsoft.Cdn/profiles/dev00fdProfile",
            "health_probe": [],
            "id": "/subscriptions/ebeec867-0bac-448a-b3ba-197e572e0b4c/resourceGroups/Dev_ResourceGroup1/providers/Microsoft.Cdn/profiles/dev00fdProfile/originGroups/default-origin-group-723f3aac",
            "load_balancing": [
              {
                "additional_latency_in_milliseconds": 50,
                "sample_size": 4,
                "successful_samples_required": 3
              }
            ],
            "name": "default-origin-group-723f3aac",
            "restore_traffic_time_to_healed_or_new_endpoint_in_minutes": 0,
            "session_affinity_enabled": false,
            "timeouts": null
          },
          "sensitive_attributes": [],
          "identity_schema_version": 0,
          "private": "eyJlMmJmYjczMC1lY2FhLTExZTYtOGY4OC0zNDM2M2JjN2M0YzAiOnsiY3JlYXRlIjoxODAwMDAwMDAwMDAwLCJkZWxldGUiOjE4MDAwMDAwMDAwMDAsInJlYWQiOjMwMDAwMDAwMDAwMCwidXBkYXRlIjoxODAwMDAwMDAwMDAwfSwic2NoZW1hX3ZlcnNpb24iOiIwIn0="
        }
      ]
    },
    {
      "mode": "managed",
      "type": "azurerm_cdn_frontdoor_profile",
      "name": "res-3",
      "provider": "provider[\"registry.terraform.io/hashicorp/azurerm\"]",
      "instances": [
        {
          "schema_version": 0,
          "attributes": {
            "id": "/subscriptions/ebeec867-0bac-448a-b3ba-197e572e0b4c/resourceGroups/Dev_ResourceGroup1/providers/Microsoft.Cdn/profiles/dev00fdProfile",
            "identity": [],
            "name": "dev00fdProfile",
            "resource_group_name": "Dev_ResourceGroup1",
            "resource_guid": "f063ed28-2a9e-460e-87a8-6bb6c8e624c9",
            "response_timeout_seconds": 60,
            "sku_name": "Standard_AzureFrontDoor",
            "tags": {},
            "timeouts": null
          },
          "sensitive_attributes": [],
          "identity_schema_version": 0,
          "private": "eyJlMmJmYjczMC1lY2FhLTExZTYtOGY4OC0zNDM2M2JjN2M0YzAiOnsiY3JlYXRlIjoxODAwMDAwMDAwMDAwLCJkZWxldGUiOjE4MDAwMDAwMDAwMDAsInJlYWQiOjMwMDAwMDAwMDAwMCwidXBkYXRlIjoxODAwMDAwMDAwMDAwfSwic2NoZW1hX3ZlcnNpb24iOiIwIn0="
        }
      ]
    },
    {
      "mode": "managed",
      "type": "azurerm_cdn_frontdoor_route",
      "name": "res-5",
      "provider": "provider[\"registry.terraform.io/hashicorp/azurerm\"]",
      "instances": [
        {
          "schema_version": 0,
          "attributes": {
            "cache": [],
            "cdn_frontdoor_custom_domain_ids": [
              "/subscriptions/ebeec867-0bac-448a-b3ba-197e572e0b4c/resourceGroups/Dev_ResourceGroup1/providers/Microsoft.Cdn/profiles/dev00fdProfile/customDomains/josephinthe-cloud-4945"
            ],
            "cdn_frontdoor_endpoint_id": "/subscriptions/ebeec867-0bac-448a-b3ba-197e572e0b4c/resourceGroups/Dev_ResourceGroup1/providers/Microsoft.Cdn/profiles/dev00fdProfile/afdEndpoints/dev00fdEndpoint",
            "cdn_frontdoor_origin_group_id": "/subscriptions/ebeec867-0bac-448a-b3ba-197e572e0b4c/resourceGroups/Dev_ResourceGroup1/providers/Microsoft.Cdn/profiles/dev00fdProfile/originGroups/default-origin-group-723f3aac",
            "cdn_frontdoor_origin_ids": null,
            "cdn_frontdoor_origin_path": "",
            "cdn_frontdoor_rule_set_ids": [],
            "enabled": true,
            "forwarding_protocol": "MatchRequest",
            "https_redirect_enabled": true,
            "id": "/subscriptions/ebeec867-0bac-448a-b3ba-197e572e0b4c/resourceGroups/Dev_ResourceGroup1/providers/Microsoft.Cdn/profiles/dev00fdProfile/afdEndpoints/dev00fdEndpoint/routes/default-route",
            "link_to_default_domain": true,
            "name": "default-route",
            "patterns_to_match": [
              "/*"
            ],
            "supported_protocols": [
              "Http",
              "Https"
            ],
            "timeouts": null
          },
          "sensitive_attributes": [],
          "identity_schema_version": 0,
          "private": "eyJlMmJmYjczMC1lY2FhLTExZTYtOGY4OC0zNDM2M2JjN2M0YzAiOnsiY3JlYXRlIjoxODAwMDAwMDAwMDAwLCJkZWxldGUiOjE4MDAwMDAwMDAwMDAsInJlYWQiOjMwMDAwMDAwMDAwMCwidXBkYXRlIjoxODAwMDAwMDAwMDAwfSwic2NoZW1hX3ZlcnNpb24iOiIwIn0="
        }
      ]
    },
    {
      "mode": "managed",
      "type": "azurerm_cdn_profile",
      "name": "res-16",
      "provider": "provider[\"registry.terraform.io/hashicorp/azurerm\"]",
      "instances": [
        {
          "schema_version": 1,
          "attributes": {
            "id": "/subscriptions/ebeec867-0bac-448a-b3ba-197e572e0b4c/resourceGroups/Dev_ResourceGroup1/providers/Microsoft.Cdn/profiles/dev00CDNProfile",
            "location": "global",
            "name": "dev00CDNProfile",
            "resource_group_name": "Dev_ResourceGroup1",
            "sku": "Standard_Microsoft",
            "tags": {},
            "timeouts": null
          },
          "sensitive_attributes": [],
          "identity_schema_version": 0,
          "private": "eyJlMmJmYjczMC1lY2FhLTExZTYtOGY4OC0zNDM2M2JjN2M0YzAiOnsiY3JlYXRlIjoxODAwMDAwMDAwMDAwLCJkZWxldGUiOjE4MDAwMDAwMDAwMDAsInJlYWQiOjMwMDAwMDAwMDAwMCwidXBkYXRlIjoxODAwMDAwMDAwMDAwfSwic2NoZW1hX3ZlcnNpb24iOiIxIn0="
        }
      ]
    },
    {
      "mode": "managed",
      "type": "azurerm_resource_group",
      "name": "res-0",
      "provider": "provider[\"registry.terraform.io/hashicorp/azurerm\"]",
      "instances": [
        {
          "schema_version": 0,
          "attributes": {
            "id": "/subscriptions/ebeec867-0bac-448a-b3ba-197e572e0b4c/resourceGroups/Dev_ResourceGroup1",
            "location": "eastus2",
            "managed_by": "",
            "name": "Dev_ResourceGroup1",
            "tags": {},
            "timeouts": null
          },
          "sensitive_attributes": [],
          "identity_schema_version": 0,
          "private": "eyJlMmJmYjczMC1lY2FhLTExZTYtOGY4OC0zNDM2M2JjN2M0YzAiOnsiY3JlYXRlIjo1NDAwMDAwMDAwMDAwLCJkZWxldGUiOjU0MDAwMDAwMDAwMDAsInJlYWQiOjMwMDAwMDAwMDAwMCwidXBkYXRlIjo1NDAwMDAwMDAwMDAwfSwic2NoZW1hX3ZlcnNpb24iOiIwIn0="
        }
      ]
    },
    {
      "mode": "managed",
      "type": "azurerm_storage_account",
      "name": "res-10",
      "provider": "provider[\"registry.terraform.io/hashicorp/azurerm\"]",
      "instances": [
        {
          "schema_version": 4,
          "attributes": {
            "access_tier": "Hot",
            "account_kind": "StorageV2",
            "account_replication_type": "LRS",
            "account_tier": "Standard",
            "allow_nested_items_to_be_public": true,
            "allowed_copy_scope": "",
            "azure_files_authentication": [],
            "blob_properties": [
              {
                "change_feed_enabled": false,
                "change_feed_retention_in_days": 0,
                "container_delete_retention_policy": [
                  {
                    "days": 7
                  }
                ],
                "cors_rule": [],
                "default_service_version": "",
                "delete_retention_policy": [
                  {
                    "days": 7,
                    "permanent_delete_enabled": false
                  }
                ],
                "last_access_time_enabled": false,
                "restore_policy": [],
                "versioning_enabled": false
              }
            ],
            "cross_tenant_replication_enabled": false,
            "custom_domain": [],
            "customer_managed_key": [],
            "default_to_oauth_authentication": false,
            "dns_endpoint_type": "Standard",
            "edge_zone": "",
            "https_traffic_only_enabled": true,
            "id": "/subscriptions/ebeec867-0bac-448a-b3ba-197e572e0b4c/resourceGroups/Dev_ResourceGroup1/providers/Microsoft.Storage/storageAccounts/dev00storageaccount",
            "identity": [],
            "immutability_policy": [],
            "infrastructure_encryption_enabled": false,
            "is_hns_enabled": false,
            "large_file_share_enabled": true,
            "local_user_enabled": true,
            "location": "eastus2",
            "min_tls_version": "TLS1_2",
            "name": "dev00storageaccount",
            "network_rules": [
              {
                "bypass": [
                  "AzureServices"
                ],
                "default_action": "Allow",
                "ip_rules": [
                  "67.48.4.44",
                  "68.206.248.42"
                ],
                "private_link_access": [],
                "virtual_network_subnet_ids": []
              }
            ],
            "nfsv3_enabled": false,
            "primary_access_key": "1xKWyZUMMda4QKj+2VrUcWpAV7rgpcFF6Ib86icbrePCqTMYbhri30E/Kf3vaeyxUy9mLrQBvg/5+AStvzb2fA==",
            "primary_blob_connection_string": "DefaultEndpointsProtocol=https;BlobEndpoint=https://dev00storageaccount.blob.core.windows.net/;AccountName=dev00storageaccount;AccountKey=1xKWyZUMMda4QKj+2VrUcWpAV7rgpcFF6Ib86icbrePCqTMYbhri30E/Kf3vaeyxUy9mLrQBvg/5+AStvzb2fA==",
            "primary_blob_endpoint": "https://dev00storageaccount.blob.core.windows.net/",
            "primary_blob_host": "dev00storageaccount.blob.core.windows.net",
            "primary_blob_internet_endpoint": "",
            "primary_blob_internet_host": "",
            "primary_blob_microsoft_endpoint": "",
            "primary_blob_microsoft_host": "",
            "primary_connection_string": "DefaultEndpointsProtocol=https;AccountName=dev00storageaccount;AccountKey=1xKWyZUMMda4QKj+2VrUcWpAV7rgpcFF6Ib86icbrePCqTMYbhri30E/Kf3vaeyxUy9mLrQBvg/5+AStvzb2fA==;EndpointSuffix=core.windows.net",
            "primary_dfs_endpoint": "https://dev00storageaccount.dfs.core.windows.net/",
            "primary_dfs_host": "dev00storageaccount.dfs.core.windows.net",
            "primary_dfs_internet_endpoint": "",
            "primary_dfs_internet_host": "",
            "primary_dfs_microsoft_endpoint": "",
            "primary_dfs_microsoft_host": "",
            "primary_file_endpoint": "https://dev00storageaccount.file.core.windows.net/",
            "primary_file_host": "dev00storageaccount.file.core.windows.net",
            "primary_file_internet_endpoint": "",
            "primary_file_internet_host": "",
            "primary_file_microsoft_endpoint": "",
            "primary_file_microsoft_host": "",
            "primary_location": "eastus2",
            "primary_queue_endpoint": "https://dev00storageaccount.queue.core.windows.net/",
            "primary_queue_host": "dev00storageaccount.queue.core.windows.net",
            "primary_queue_microsoft_endpoint": "",
            "primary_queue_microsoft_host": "",
            "primary_table_endpoint": "https://dev00storageaccount.table.core.windows.net/",
            "primary_table_host": "dev00storageaccount.table.core.windows.net",
            "primary_table_microsoft_endpoint": "",
            "primary_table_microsoft_host": "",
            "primary_web_endpoint": "https://dev00storageaccount.z20.web.core.windows.net/",
            "primary_web_host": "dev00storageaccount.z20.web.core.windows.net",
            "primary_web_internet_endpoint": "",
            "primary_web_internet_host": "",
            "primary_web_microsoft_endpoint": "",
            "primary_web_microsoft_host": "",
            "public_network_access_enabled": true,
            "queue_encryption_key_type": "Service",
            "queue_properties": [
              {
                "cors_rule": [],
                "hour_metrics": [
                  {
                    "enabled": false,
                    "include_apis": false,
                    "retention_policy_days": 0,
                    "version": "1.0"
                  }
                ],
                "logging": [
                  {
                    "delete": false,
                    "read": false,
                    "retention_policy_days": 0,
                    "version": "1.0",
                    "write": false
                  }
                ],
                "minute_metrics": [
                  {
                    "enabled": false,
                    "include_apis": false,
                    "retention_policy_days": 0,
                    "version": "1.0"
                  }
                ]
              }
            ],
            "resource_group_name": "Dev_ResourceGroup1",
            "routing": [],
            "sas_policy": [],
            "secondary_access_key": "91QAkdlvStE608BT+AEWGrviQf+adSXOzeADpPgtNO8LnOpR1jyJ9lIahEiW8reC98t7B2xThxSH+AStAUKPtQ==",
            "secondary_blob_connection_string": "",
            "secondary_blob_endpoint": "",
            "secondary_blob_host": "",
            "secondary_blob_internet_endpoint": "",
            "secondary_blob_internet_host": "",
            "secondary_blob_microsoft_endpoint": "",
            "secondary_blob_microsoft_host": "",
            "secondary_connection_string": "DefaultEndpointsProtocol=https;AccountName=dev00storageaccount;AccountKey=91QAkdlvStE608BT+AEWGrviQf+adSXOzeADpPgtNO8LnOpR1jyJ9lIahEiW8reC98t7B2xThxSH+AStAUKPtQ==;EndpointSuffix=core.windows.net",
            "secondary_dfs_endpoint": "",
            "secondary_dfs_host": "",
            "secondary_dfs_internet_endpoint": "",
            "secondary_dfs_internet_host": "",
            "secondary_dfs_microsoft_endpoint": "",
            "secondary_dfs_microsoft_host": "",
            "secondary_file_endpoint": "",
            "secondary_file_host": "",
            "secondary_file_internet_endpoint": "",
            "secondary_file_internet_host": "",
            "secondary_file_microsoft_endpoint": "",
            "secondary_file_microsoft_host": "",
            "secondary_location": "",
            "secondary_queue_endpoint": "",
            "secondary_queue_host": "",
            "secondary_queue_microsoft_endpoint": "",
            "secondary_queue_microsoft_host": "",
            "secondary_table_endpoint": "",
            "secondary_table_host": "",
            "secondary_table_microsoft_endpoint": "",
            "secondary_table_microsoft_host": "",
            "secondary_web_endpoint": "",
            "secondary_web_host": "",
            "secondary_web_internet_endpoint": "",
            "secondary_web_internet_host": "",
            "secondary_web_microsoft_endpoint": "",
            "secondary_web_microsoft_host": "",
            "sftp_enabled": false,
            "share_properties": [
              {
                "cors_rule": [],
                "retention_policy": [
                  {
                    "days": 7
                  }
                ],
                "smb": []
              }
            ],
            "shared_access_key_enabled": true,
            "static_website": [
              {
                "error_404_document": "index.html",
                "index_document": "index.html"
              }
            ],
            "table_encryption_key_type": "Service",
            "tags": {},
            "timeouts": null
          },
          "sensitive_attributes": [
            [
              {
                "type": "get_attr",
                "value": "primary_access_key"
              }
            ],
            [
              {
                "type": "get_attr",
                "value": "primary_blob_connection_string"
              }
            ],
            [
              {
                "type": "get_attr",
                "value": "primary_connection_string"
              }
            ],
            [
              {
                "type": "get_attr",
                "value": "secondary_access_key"
              }
            ],
            [
              {
                "type": "get_attr",
                "value": "secondary_blob_connection_string"
              }
            ],
            [
              {
                "type": "get_attr",
                "value": "secondary_connection_string"
              }
            ]
          ],
          "identity_schema_version": 0,
          "private": "eyJlMmJmYjczMC1lY2FhLTExZTYtOGY4OC0zNDM2M2JjN2M0YzAiOnsiY3JlYXRlIjozNjAwMDAwMDAwMDAwLCJkZWxldGUiOjM2MDAwMDAwMDAwMDAsInJlYWQiOjMwMDAwMDAwMDAwMCwidXBkYXRlIjozNjAwMDAwMDAwMDAwfSwic2NoZW1hX3ZlcnNpb24iOiI0In0="
        }
      ]
    },
    {
      "mode": "managed",
      "type": "azurerm_storage_account_queue_properties",
      "name": "res-14",
      "provider": "provider[\"registry.terraform.io/hashicorp/azurerm\"]",
      "instances": [
        {
          "schema_version": 0,
          "attributes": {
            "cors_rule": [],
            "hour_metrics": [
              {
                "include_apis": false,
                "retention_policy_days": 0,
                "version": "1.0"
              }
            ],
            "id": "/subscriptions/ebeec867-0bac-448a-b3ba-197e572e0b4c/resourceGroups/Dev_ResourceGroup1/providers/Microsoft.Storage/storageAccounts/dev00storageaccount",
            "logging": [
              {
                "delete": false,
                "read": false,
                "retention_policy_days": 0,
                "version": "1.0",
                "write": false
              }
            ],
            "minute_metrics": [
              {
                "include_apis": false,
                "retention_policy_days": 0,
                "version": "1.0"
              }
            ],
            "storage_account_id": "/subscriptions/ebeec867-0bac-448a-b3ba-197e572e0b4c/resourceGroups/Dev_ResourceGroup1/providers/Microsoft.Storage/storageAccounts/dev00storageaccount",
            "timeouts": null
          },
          "sensitive_attributes": [],
          "identity_schema_version": 0,
          "private": "eyJlMmJmYjczMC1lY2FhLTExZTYtOGY4OC0zNDM2M2JjN2M0YzAiOnsiY3JlYXRlIjoxODAwMDAwMDAwMDAwLCJkZWxldGUiOjE4MDAwMDAwMDAwMDAsInJlYWQiOjMwMDAwMDAwMDAwMCwidXBkYXRlIjoxODAwMDAwMDAwMDAwfSwic2NoZW1hX3ZlcnNpb24iOiIwIn0="
        }
      ]
    },
    {
      "mode": "managed",
      "type": "azurerm_storage_container",
      "name": "res-12",
      "provider": "provider[\"registry.terraform.io/hashicorp/azurerm\"]",
      "instances": [
        {
          "schema_version": 1,
          "attributes": {
            "container_access_type": "container",
            "default_encryption_scope": "$account-encryption-key",
            "encryption_scope_override_enabled": true,
            "has_immutability_policy": false,
            "has_legal_hold": false,
            "id": "/subscriptions/ebeec867-0bac-448a-b3ba-197e572e0b4c/resourceGroups/Dev_ResourceGroup1/providers/Microsoft.Storage/storageAccounts/dev00storageaccount/blobServices/default/containers/$web",
            "metadata": {},
            "name": "$web",
            "resource_manager_id": "/subscriptions/ebeec867-0bac-448a-b3ba-197e572e0b4c/resourceGroups/Dev_ResourceGroup1/providers/Microsoft.Storage/storageAccounts/dev00storageaccount/blobServices/default/containers/$web",
            "storage_account_id": "/subscriptions/ebeec867-0bac-448a-b3ba-197e572e0b4c/resourceGroups/Dev_ResourceGroup1/providers/Microsoft.Storage/storageAccounts/dev00storageaccount",
            "storage_account_name": "",
            "timeouts": null
          },
          "sensitive_attributes": [],
          "identity_schema_version": 0,
          "private": "eyJlMmJmYjczMC1lY2FhLTExZTYtOGY4OC0zNDM2M2JjN2M0YzAiOnsiY3JlYXRlIjoxODAwMDAwMDAwMDAwLCJkZWxldGUiOjE4MDAwMDAwMDAwMDAsInJlYWQiOjMwMDAwMDAwMDAwMCwidXBkYXRlIjoxODAwMDAwMDAwMDAwfSwic2NoZW1hX3ZlcnNpb24iOiIxIn0="
        }
      ]
    }
  ],
  "check_results": null
}
