{
  "version": 4,
  "terraform_version": "1.12.2",
  "serial": 119,
  "lineage": "e60451f3-91fd-819e-cb85-559afe127606",
  "outputs": {},
  "resources": [
    {
      "mode": "managed",
      "type": "azurerm_api_connection",
      "name": "res-731",
      "provider": "provider[\"registry.terraform.io/hashicorp/azurerm\"]",
      "instances": [
        {
          "schema_version": 0,
          "attributes": {
            "display_name": "slack",
            "id": "/subscriptions/ebeec867-0bac-448a-b3ba-197e572e0b4c/resourceGroups/Dev_API_ResourceGroup/providers/Microsoft.Web/connections/SlackConnection2",
            "managed_api_id": "/subscriptions/ebeec867-0bac-448a-b3ba-197e572e0b4c/providers/Microsoft.Web/locations/eastus2/managedApis/slack",
            "name": "SlackConnection2",
            "parameter_values": {},
            "resource_group_name": "Dev_API_ResourceGroup",
            "tags": {},
            "timeouts": null
          },
          "sensitive_attributes": [],
          "identity_schema_version": 0,
          "private": "eyJlMmJmYjczMC1lY2FhLTExZTYtOGY4OC0zNDM2M2JjN2M0YzAiOnsiY3JlYXRlIjoxODAwMDAwMDAwMDAwLCJkZWxldGUiOjE4MDAwMDAwMDAwMDAsInJlYWQiOjMwMDAwMDAwMDAwMCwidXBkYXRlIjoxODAwMDAwMDAwMDAwfSwic2NoZW1hX3ZlcnNpb24iOiIwIn0="
        }
      ]
    },
    {
      "mode": "managed",
      "type": "azurerm_api_connection",
      "name": "res-732",
      "provider": "provider[\"registry.terraform.io/hashicorp/azurerm\"]",
      "instances": [
        {
          "schema_version": 0,
          "attributes": {
            "display_name": "live.com#mjh185001@gmail.com",
            "id": "/subscriptions/ebeec867-0bac-448a-b3ba-197e572e0b4c/resourceGroups/Dev_API_ResourceGroup/providers/Microsoft.Web/connections/arm",
            "managed_api_id": "/subscriptions/ebeec867-0bac-448a-b3ba-197e572e0b4c/providers/Microsoft.Web/locations/eastus2/managedApis/arm",
            "name": "arm",
            "parameter_values": {
              "token:grantType": "code"
            },
            "resource_group_name": "Dev_API_ResourceGroup",
            "tags": {},
            "timeouts": null
          },
          "sensitive_attributes": [],
          "identity_schema_version": 0,
          "private": "eyJlMmJmYjczMC1lY2FhLTExZTYtOGY4OC0zNDM2M2JjN2M0YzAiOnsiY3JlYXRlIjoxODAwMDAwMDAwMDAwLCJkZWxldGUiOjE4MDAwMDAwMDAwMDAsInJlYWQiOjMwMDAwMDAwMDAwMCwidXBkYXRlIjoxODAwMDAwMDAwMDAwfSwic2NoZW1hX3ZlcnNpb24iOiIwIn0="
        }
      ]
    },
    {
      "mode": "managed",
      "type": "azurerm_api_management",
      "name": "res-1",
      "provider": "provider[\"registry.terraform.io/hashicorp/azurerm\"]",
      "instances": [
        {
          "schema_version": 0,
          "attributes": {
            "additional_location": [],
            "certificate": [],
            "client_certificate_enabled": false,
            "delegation": [
              {
                "subscriptions_enabled": false,
                "url": "",
                "user_registration_enabled": false,
                "validation_key": ""
              }
            ],
            "developer_portal_url": "https://dev00functionapp-apim.developer.azure-api.net",
            "gateway_disabled": false,
            "gateway_regional_url": "https://dev00functionapp-apim-eastus2-01.regional.azure-api.net",
            "gateway_url": "https://dev00functionapp-apim.azure-api.net",
            "hostname_configuration": [
              {
                "developer_portal": [],
                "management": [],
                "portal": [],
                "proxy": [
                  {
                    "certificate": "",
                    "certificate_password": "",
                    "certificate_source": "BuiltIn",
                    "certificate_status": "",
                    "default_ssl_binding": true,
                    "expiry": "",
                    "host_name": "dev00functionapp-apim.azure-api.net",
                    "key_vault_certificate_id": "",
                    "key_vault_id": "",
                    "negotiate_client_certificate": false,
                    "ssl_keyvault_identity_client_id": "",
                    "subject": "",
                    "thumbprint": ""
                  }
                ],
                "scm": []
              }
            ],
            "id": "/subscriptions/ebeec867-0bac-448a-b3ba-197e572e0b4c/resourceGroups/Dev_API_ResourceGroup/providers/Microsoft.ApiManagement/service/dev00functionapp-apim",
            "identity": [],
            "location": "eastus2",
            "management_api_url": "https://dev00functionapp-apim.management.azure-api.net",
            "min_api_version": "",
            "name": "dev00functionapp-apim",
            "notification_sender_email": "apimgmt-noreply@mail.windowsazure.com",
            "portal_url": "https://dev00functionapp-apim.portal.azure-api.net",
            "private_ip_addresses": [],
            "protocols": [
              {
                "enable_http2": false,
                "http2_enabled": false
              }
            ],
            "public_ip_address_id": "",
            "public_ip_addresses": [
              "135.222.185.223"
            ],
            "public_network_access_enabled": true,
            "publisher_email": "mjh18500@gmail.com",
            "publisher_name": "Josephinthe.cloud",
            "resource_group_name": "Dev_API_ResourceGroup",
            "scm_url": "https://dev00functionapp-apim.scm.azure-api.net",
            "security": [
              {
                "backend_ssl30_enabled": false,
                "backend_tls10_enabled": false,
                "backend_tls11_enabled": false,
                "enable_backend_ssl30": false,
                "enable_backend_tls10": false,
                "enable_backend_tls11": false,
                "enable_frontend_ssl30": false,
                "enable_frontend_tls10": false,
                "enable_frontend_tls11": false,
                "frontend_ssl30_enabled": false,
                "frontend_tls10_enabled": false,
                "frontend_tls11_enabled": false,
                "tls_ecdhe_ecdsa_with_aes128_cbc_sha_ciphers_enabled": false,
                "tls_ecdhe_ecdsa_with_aes256_cbc_sha_ciphers_enabled": false,
                "tls_ecdhe_rsa_with_aes128_cbc_sha_ciphers_enabled": false,
                "tls_ecdhe_rsa_with_aes256_cbc_sha_ciphers_enabled": false,
                "tls_rsa_with_aes128_cbc_sha256_ciphers_enabled": false,
                "tls_rsa_with_aes128_cbc_sha_ciphers_enabled": false,
                "tls_rsa_with_aes128_gcm_sha256_ciphers_enabled": false,
                "tls_rsa_with_aes256_cbc_sha256_ciphers_enabled": false,
                "tls_rsa_with_aes256_cbc_sha_ciphers_enabled": false,
                "tls_rsa_with_aes256_gcm_sha384_ciphers_enabled": false,
                "triple_des_ciphers_enabled": false
              }
            ],
            "sign_in": [
              {
                "enabled": false
              }
            ],
            "sign_up": [
              {
                "enabled": true,
                "terms_of_service": [
                  {
                    "consent_required": false,
                    "enabled": false,
                    "text": ""
                  }
                ]
              }
            ],
            "sku_name": "Developer_1",
            "tags": {},
            "tenant_access": [
              {
                "enabled": false,
                "primary_key": "JPTZuupd6Ii9Mwr713azw0U1e6l7miXZfaJHeX2HaHgl1bw8Pz7qSPXkoPfvkANHfiW37/1FkpAcowS8ncLZ7g==",
                "secondary_key": "HLOP8lPv5AlTL9/fb+yb9WwO+nDQiaaBiLbc2BSRDAhKjtEuw0j4+FCs3tHmVWm00NiETnPdNHPxXYko3pdDxQ==",
                "tenant_id": "/tenant/access"
              }
            ],
            "timeouts": null,
            "virtual_network_configuration": [],
            "virtual_network_type": "None",
            "zones": []
          },
          "sensitive_attributes": [
            [
              {
                "type": "get_attr",
                "value": "delegation"
              },
              {
                "type": "index",
                "value": {
                  "value": 0,
                  "type": "number"
                }
              },
              {
                "type": "get_attr",
                "value": "validation_key"
              }
            ],
            [
              {
                "type": "get_attr",
                "value": "hostname_configuration"
              },
              {
                "type": "index",
                "value": {
                  "value": 0,
                  "type": "number"
                }
              },
              {
                "type": "get_attr",
                "value": "proxy"
              },
              {
                "type": "index",
                "value": {
                  "value": 0,
                  "type": "number"
                }
              },
              {
                "type": "get_attr",
                "value": "certificate"
              }
            ],
            [
              {
                "type": "get_attr",
                "value": "hostname_configuration"
              },
              {
                "type": "index",
                "value": {
                  "value": 0,
                  "type": "number"
                }
              },
              {
                "type": "get_attr",
                "value": "proxy"
              },
              {
                "type": "index",
                "value": {
                  "value": 0,
                  "type": "number"
                }
              },
              {
                "type": "get_attr",
                "value": "certificate_password"
              }
            ],
            [
              {
                "type": "get_attr",
                "value": "tenant_access"
              },
              {
                "type": "index",
                "value": {
                  "value": 0,
                  "type": "number"
                }
              },
              {
                "type": "get_attr",
                "value": "primary_key"
              }
            ],
            [
              {
                "type": "get_attr",
                "value": "tenant_access"
              },
              {
                "type": "index",
                "value": {
                  "value": 0,
                  "type": "number"
                }
              },
              {
                "type": "get_attr",
                "value": "secondary_key"
              }
            ]
          ],
          "identity_schema_version": 0,
          "private": "eyJlMmJmYjczMC1lY2FhLTExZTYtOGY4OC0zNDM2M2JjN2M0YzAiOnsiY3JlYXRlIjoxMDgwMDAwMDAwMDAwMCwiZGVsZXRlIjoxMDgwMDAwMDAwMDAwMCwicmVhZCI6MzAwMDAwMDAwMDAwLCJ1cGRhdGUiOjEwODAwMDAwMDAwMDAwfSwic2NoZW1hX3ZlcnNpb24iOiIwIn0="
        }
      ]
    },
    {
      "mode": "managed",
      "type": "azurerm_api_management_api",
      "name": "res-2",
      "provider": "provider[\"registry.terraform.io/hashicorp/azurerm\"]",
      "instances": [
        {
          "schema_version": 1,
          "attributes": {
            "api_management_name": "dev00functionapp-apim",
            "api_type": "http",
            "contact": [],
            "description": "Import from \"dev00functionapp\" Function App",
            "display_name": "dev00functionapp",
            "id": "/subscriptions/ebeec867-0bac-448a-b3ba-197e572e0b4c/resourceGroups/Dev_API_ResourceGroup/providers/Microsoft.ApiManagement/service/dev00functionapp-apim/apis/dev00functionapp;rev=1",
            "import": [],
            "is_current": true,
            "is_online": false,
            "license": [],
            "name": "dev00functionapp",
            "oauth2_authorization": [],
            "openid_authentication": [],
            "path": "dev00functionapp",
            "protocols": [
              "https"
            ],
            "resource_group_name": "Dev_API_ResourceGroup",
            "revision": "1",
            "revision_description": "",
            "service_url": "",
            "source_api_id": null,
            "subscription_key_parameter_names": [
              {
                "header": "Ocp-Apim-Subscription-Key",
                "query": "subscription-key"
              }
            ],
            "subscription_required": true,
            "terms_of_service_url": "",
            "timeouts": null,
            "version": "",
            "version_description": "",
            "version_set_id": ""
          },
          "sensitive_attributes": [],
          "identity_schema_version": 0,
          "private": "eyJlMmJmYjczMC1lY2FhLTExZTYtOGY4OC0zNDM2M2JjN2M0YzAiOnsiY3JlYXRlIjoxODAwMDAwMDAwMDAwLCJkZWxldGUiOjE4MDAwMDAwMDAwMDAsInJlYWQiOjMwMDAwMDAwMDAwMCwidXBkYXRlIjoxODAwMDAwMDAwMDAwfSwic2NoZW1hX3ZlcnNpb24iOiIxIn0="
        }
      ]
    },
    {
      "mode": "managed",
      "type": "azurerm_api_management_api",
      "name": "res-6",
      "provider": "provider[\"registry.terraform.io/hashicorp/azurerm\"]",
      "instances": [
        {
          "schema_version": 1,
          "attributes": {
            "api_management_name": "dev00functionapp-apim",
            "api_type": "http",
            "contact": [],
            "description": "",
            "display_name": "Echo API",
            "id": "/subscriptions/ebeec867-0bac-448a-b3ba-197e572e0b4c/resourceGroups/Dev_API_ResourceGroup/providers/Microsoft.ApiManagement/service/dev00functionapp-apim/apis/echo-api;rev=1",
            "import": [],
            "is_current": true,
            "is_online": false,
            "license": [],
            "name": "echo-api",
            "oauth2_authorization": [],
            "openid_authentication": [],
            "path": "echo",
            "protocols": [
              "https"
            ],
            "resource_group_name": "Dev_API_ResourceGroup",
            "revision": "1",
            "revision_description": "",
            "service_url": "https://echo.playground.azure-api.net/api",
            "source_api_id": null,
            "subscription_key_parameter_names": [
              {
                "header": "Ocp-Apim-Subscription-Key",
                "query": "subscription-key"
              }
            ],
            "subscription_required": true,
            "terms_of_service_url": "",
            "timeouts": null,
            "version": "",
            "version_description": "",
            "version_set_id": ""
          },
          "sensitive_attributes": [],
          "identity_schema_version": 0,
          "private": "eyJlMmJmYjczMC1lY2FhLTExZTYtOGY4OC0zNDM2M2JjN2M0YzAiOnsiY3JlYXRlIjoxODAwMDAwMDAwMDAwLCJkZWxldGUiOjE4MDAwMDAwMDAwMDAsInJlYWQiOjMwMDAwMDAwMDAwMCwidXBkYXRlIjoxODAwMDAwMDAwMDAwfSwic2NoZW1hX3ZlcnNpb24iOiIxIn0="
        }
      ]
    },
    {
      "mode": "managed",
      "type": "azurerm_api_management_api_operation",
      "name": "res-10",
      "provider": "provider[\"registry.terraform.io/hashicorp/azurerm\"]",
      "instances": [
        {
          "schema_version": 0,
          "attributes": {
            "api_management_name": "dev00functionapp-apim",
            "api_name": "echo-api",
            "description": "A demonstration of a DELETE call which traditionally deletes the resource. It is based on the same \"echo\" backend as in all other operations so nothing is actually deleted.",
            "display_name": "Remove resource",
            "id": "/subscriptions/ebeec867-0bac-448a-b3ba-197e572e0b4c/resourceGroups/Dev_API_ResourceGroup/providers/Microsoft.ApiManagement/service/dev00functionapp-apim/apis/echo-api/operations/remove-resource",
            "method": "DELETE",
            "operation_id": "remove-resource",
            "request": [
              {
                "description": "",
                "header": [],
                "query_parameter": [],
                "representation": []
              }
            ],
            "resource_group_name": "Dev_API_ResourceGroup",
            "response": [
              {
                "description": "",
                "header": [],
                "representation": [],
                "status_code": 200
              }
            ],
            "template_parameter": [],
            "timeouts": null,
            "url_template": "/resource"
          },
          "sensitive_attributes": [],
          "identity_schema_version": 0,
          "private": "eyJlMmJmYjczMC1lY2FhLTExZTYtOGY4OC0zNDM2M2JjN2M0YzAiOnsiY3JlYXRlIjoxODAwMDAwMDAwMDAwLCJkZWxldGUiOjE4MDAwMDAwMDAwMDAsInJlYWQiOjMwMDAwMDAwMDAwMCwidXBkYXRlIjoxODAwMDAwMDAwMDAwfSwic2NoZW1hX3ZlcnNpb24iOiIwIn0="
        }
      ]
    },
    {
      "mode": "managed",
      "type": "azurerm_api_management_api_operation",
      "name": "res-11",
      "provider": "provider[\"registry.terraform.io/hashicorp/azurerm\"]",
      "instances": [
        {
          "schema_version": 0,
          "attributes": {
            "api_management_name": "dev00functionapp-apim",
            "api_name": "echo-api",
            "description": "The HEAD operation returns only headers. In this demonstration a policy is used to set additional headers when the response is returned and to enable JSONP.",
            "display_name": "Retrieve header only",
            "id": "/subscriptions/ebeec867-0bac-448a-b3ba-197e572e0b4c/resourceGroups/Dev_API_ResourceGroup/providers/Microsoft.ApiManagement/service/dev00functionapp-apim/apis/echo-api/operations/retrieve-header-only",
            "method": "HEAD",
            "operation_id": "retrieve-header-only",
            "request": [
              {
                "description": "",
                "header": [],
                "query_parameter": [],
                "representation": []
              }
            ],
            "resource_group_name": "Dev_API_ResourceGroup",
            "response": [
              {
                "description": "",
                "header": [],
                "representation": [],
                "status_code": 200
              }
            ],
            "template_parameter": [],
            "timeouts": null,
            "url_template": "/resource"
          },
          "sensitive_attributes": [],
          "identity_schema_version": 0,
          "private": "eyJlMmJmYjczMC1lY2FhLTExZTYtOGY4OC0zNDM2M2JjN2M0YzAiOnsiY3JlYXRlIjoxODAwMDAwMDAwMDAwLCJkZWxldGUiOjE4MDAwMDAwMDAwMDAsInJlYWQiOjMwMDAwMDAwMDAwMCwidXBkYXRlIjoxODAwMDAwMDAwMDAwfSwic2NoZW1hX3ZlcnNpb24iOiIwIn0="
        }
      ]
    },
    {
      "mode": "managed",
      "type": "azurerm_api_management_api_operation",
      "name": "res-13",
      "provider": "provider[\"registry.terraform.io/hashicorp/azurerm\"]",
      "instances": [
        {
          "schema_version": 0,
          "attributes": {
            "api_management_name": "dev00functionapp-apim",
            "api_name": "echo-api",
            "description": "A demonstration of a GET call on a sample resource. It is handled by an \"echo\" backend which returns a response equal to the request (the supplied headers and body are being returned as received).",
            "display_name": "Retrieve resource",
            "id": "/subscriptions/ebeec867-0bac-448a-b3ba-197e572e0b4c/resourceGroups/Dev_API_ResourceGroup/providers/Microsoft.ApiManagement/service/dev00functionapp-apim/apis/echo-api/operations/retrieve-resource",
            "method": "GET",
            "operation_id": "retrieve-resource",
            "request": [
              {
                "description": "",
                "header": [],
                "query_parameter": [
                  {
                    "default_value": "sample",
                    "description": "A sample parameter that is required and has a default value of \"sample\".",
                    "example": [],
                    "name": "param1",
                    "required": true,
                    "schema_id": "",
                    "type": "string",
                    "type_name": "",
                    "values": [
                      "sample"
                    ]
                  },
                  {
                    "default_value": "",
                    "description": "Another sample parameter, set to not required.",
                    "example": [],
                    "name": "param2",
                    "required": false,
                    "schema_id": "",
                    "type": "number",
                    "type_name": "",
                    "values": []
                  }
                ],
                "representation": []
              }
            ],
            "resource_group_name": "Dev_API_ResourceGroup",
            "response": [
              {
                "description": "Returned in all cases.",
                "header": [],
                "representation": [],
                "status_code": 200
              }
            ],
            "template_parameter": [],
            "timeouts": null,
            "url_template": "/resource"
          },
          "sensitive_attributes": [],
          "identity_schema_version": 0,
          "private": "eyJlMmJmYjczMC1lY2FhLTExZTYtOGY4OC0zNDM2M2JjN2M0YzAiOnsiY3JlYXRlIjoxODAwMDAwMDAwMDAwLCJkZWxldGUiOjE4MDAwMDAwMDAwMDAsInJlYWQiOjMwMDAwMDAwMDAwMCwidXBkYXRlIjoxODAwMDAwMDAwMDAwfSwic2NoZW1hX3ZlcnNpb24iOiIwIn0="
        }
      ]
    },
    {
      "mode": "managed",
      "type": "azurerm_api_management_api_operation",
      "name": "res-14",
      "provider": "provider[\"registry.terraform.io/hashicorp/azurerm\"]",
      "instances": [
        {
          "schema_version": 0,
          "attributes": {
            "api_management_name": "dev00functionapp-apim",
            "api_name": "echo-api",
            "description": "A demonstration of a GET call with caching enabled on the same \"echo\" backend as above. Cache TTL is set to 1 hour. When you make the first request the headers you supplied will be cached. Subsequent calls will return the same headers as the first time even if you change them in your request.",
            "display_name": "Retrieve resource (cached)",
            "id": "/subscriptions/ebeec867-0bac-448a-b3ba-197e572e0b4c/resourceGroups/Dev_API_ResourceGroup/providers/Microsoft.ApiManagement/service/dev00functionapp-apim/apis/echo-api/operations/retrieve-resource-cached",
            "method": "GET",
            "operation_id": "retrieve-resource-cached",
            "request": [
              {
                "description": "",
                "header": [],
                "query_parameter": [
                  {
                    "default_value": "sample",
                    "description": "A sample parameter that is required and has a default value of \"sample\".",
                    "example": [],
                    "name": "param1",
                    "required": true,
                    "schema_id": "",
                    "type": "string",
                    "type_name": "",
                    "values": [
                      "sample"
                    ]
                  },
                  {
                    "default_value": "",
                    "description": "Another sample parameter, set to not required.",
                    "example": [],
                    "name": "param2",
                    "required": false,
                    "schema_id": "",
                    "type": "string",
                    "type_name": "",
                    "values": []
                  }
                ],
                "representation": []
              }
            ],
            "resource_group_name": "Dev_API_ResourceGroup",
            "response": [
              {
                "description": "",
                "header": [],
                "representation": [],
                "status_code": 200
              }
            ],
            "template_parameter": [],
            "timeouts": null,
            "url_template": "/resource-cached"
          },
          "sensitive_attributes": [],
          "identity_schema_version": 0,
          "private": "eyJlMmJmYjczMC1lY2FhLTExZTYtOGY4OC0zNDM2M2JjN2M0YzAiOnsiY3JlYXRlIjoxODAwMDAwMDAwMDAwLCJkZWxldGUiOjE4MDAwMDAwMDAwMDAsInJlYWQiOjMwMDAwMDAwMDAwMCwidXBkYXRlIjoxODAwMDAwMDAwMDAwfSwic2NoZW1hX3ZlcnNpb24iOiIwIn0="
        }
      ]
    },
    {
      "mode": "managed",
      "type": "azurerm_api_management_api_operation",
      "name": "res-3",
      "provider": "provider[\"registry.terraform.io/hashicorp/azurerm\"]",
      "instances": [
        {
          "schema_version": 0,
          "attributes": {
            "api_management_name": "dev00functionapp-apim",
            "api_name": "dev00functionapp",
            "description": "",
            "display_name": "http_trigger",
            "id": "/subscriptions/ebeec867-0bac-448a-b3ba-197e572e0b4c/resourceGroups/Dev_API_ResourceGroup/providers/Microsoft.ApiManagement/service/dev00functionapp-apim/apis/dev00functionapp/operations/http-trigger",
            "method": "POST",
            "operation_id": "http-trigger",
            "request": [
              {
                "description": "",
                "header": [],
                "query_parameter": [],
                "representation": []
              }
            ],
            "resource_group_name": "Dev_API_ResourceGroup",
            "response": [],
            "template_parameter": [],
            "timeouts": null,
            "url_template": "/http_trigger"
          },
          "sensitive_attributes": [],
          "identity_schema_version": 0,
          "private": "eyJlMmJmYjczMC1lY2FhLTExZTYtOGY4OC0zNDM2M2JjN2M0YzAiOnsiY3JlYXRlIjoxODAwMDAwMDAwMDAwLCJkZWxldGUiOjE4MDAwMDAwMDAwMDAsInJlYWQiOjMwMDAwMDAwMDAwMCwidXBkYXRlIjoxODAwMDAwMDAwMDAwfSwic2NoZW1hX3ZlcnNpb24iOiIwIn0="
        }
      ]
    },
    {
      "mode": "managed",
      "type": "azurerm_api_management_api_operation",
      "name": "res-7",
      "provider": "provider[\"registry.terraform.io/hashicorp/azurerm\"]",
      "instances": [
        {
          "schema_version": 0,
          "attributes": {
            "api_management_name": "dev00functionapp-apim",
            "api_name": "echo-api",
            "description": "A demonstration of a POST call based on the echo backend above. The request body is expected to contain JSON-formatted data (see example below). A policy is used to automatically transform any request sent in JSON directly to XML. In a real-world scenario this could be used to enable modern clients to speak to a legacy backend.",
            "display_name": "Create resource",
            "id": "/subscriptions/ebeec867-0bac-448a-b3ba-197e572e0b4c/resourceGroups/Dev_API_ResourceGroup/providers/Microsoft.ApiManagement/service/dev00functionapp-apim/apis/echo-api/operations/create-resource",
            "method": "POST",
            "operation_id": "create-resource",
            "request": [
              {
                "description": "",
                "header": [],
                "query_parameter": [],
                "representation": [
                  {
                    "content_type": "application/json",
                    "example": [
                      {
                        "description": "",
                        "external_value": "",
                        "name": "default",
                        "summary": "",
                        "value": "{\r\n\t\"vehicleType\": \"train\",\r\n\t\"maxSpeed\": 125,\r\n\t\"avgSpeed\": 90,\r\n\t\"speedUnit\": \"mph\"\r\n}"
                      }
                    ],
                    "form_parameter": [],
                    "schema_id": "",
                    "type_name": ""
                  }
                ]
              }
            ],
            "resource_group_name": "Dev_API_ResourceGroup",
            "response": [
              {
                "description": "",
                "header": [],
                "representation": [],
                "status_code": 200
              }
            ],
            "template_parameter": [],
            "timeouts": null,
            "url_template": "/resource"
          },
          "sensitive_attributes": [],
          "identity_schema_version": 0,
          "private": "eyJlMmJmYjczMC1lY2FhLTExZTYtOGY4OC0zNDM2M2JjN2M0YzAiOnsiY3JlYXRlIjoxODAwMDAwMDAwMDAwLCJkZWxldGUiOjE4MDAwMDAwMDAwMDAsInJlYWQiOjMwMDAwMDAwMDAwMCwidXBkYXRlIjoxODAwMDAwMDAwMDAwfSwic2NoZW1hX3ZlcnNpb24iOiIwIn0="
        }
      ]
    },
    {
      "mode": "managed",
      "type": "azurerm_api_management_api_operation",
      "name": "res-9",
      "provider": "provider[\"registry.terraform.io/hashicorp/azurerm\"]",
      "instances": [
        {
          "schema_version": 0,
          "attributes": {
            "api_management_name": "dev00functionapp-apim",
            "api_name": "echo-api",
            "description": "A demonstration of a PUT call handled by the same \"echo\" backend as above. You can now specify a request body in addition to headers and it will be returned as well.",
            "display_name": "Modify Resource",
            "id": "/subscriptions/ebeec867-0bac-448a-b3ba-197e572e0b4c/resourceGroups/Dev_API_ResourceGroup/providers/Microsoft.ApiManagement/service/dev00functionapp-apim/apis/echo-api/operations/modify-resource",
            "method": "PUT",
            "operation_id": "modify-resource",
            "request": [
              {
                "description": "",
                "header": [],
                "query_parameter": [],
                "representation": []
              }
            ],
            "resource_group_name": "Dev_API_ResourceGroup",
            "response": [
              {
                "description": "",
                "header": [],
                "representation": [],
                "status_code": 200
              }
            ],
            "template_parameter": [],
            "timeouts": null,
            "url_template": "/resource"
          },
          "sensitive_attributes": [],
          "identity_schema_version": 0,
          "private": "eyJlMmJmYjczMC1lY2FhLTExZTYtOGY4OC0zNDM2M2JjN2M0YzAiOnsiY3JlYXRlIjoxODAwMDAwMDAwMDAwLCJkZWxldGUiOjE4MDAwMDAwMDAwMDAsInJlYWQiOjMwMDAwMDAwMDAwMCwidXBkYXRlIjoxODAwMDAwMDAwMDAwfSwic2NoZW1hX3ZlcnNpb24iOiIwIn0="
        }
      ]
    },
    {
      "mode": "managed",
      "type": "azurerm_api_management_api_operation_policy",
      "name": "res-12",
      "provider": "provider[\"registry.terraform.io/hashicorp/azurerm\"]",
      "instances": [
        {
          "schema_version": 2,
          "attributes": {
            "api_management_name": "dev00functionapp-apim",
            "api_name": "echo-api",
            "id": "/subscriptions/ebeec867-0bac-448a-b3ba-197e572e0b4c/resourceGroups/Dev_API_ResourceGroup/providers/Microsoft.ApiManagement/service/dev00functionapp-apim/apis/echo-api/operations/retrieve-header-only",
            "operation_id": "retrieve-header-only",
            "resource_group_name": "Dev_API_ResourceGroup",
            "timeouts": null,
            "xml_content": "\u003cpolicies\u003e\r\n\t\u003cinbound\u003e\r\n\t\t\u003cbase /\u003e\r\n\t\u003c/inbound\u003e\r\n\t\u003cbackend\u003e\r\n\t\t\u003cbase /\u003e\r\n\t\u003c/backend\u003e\r\n\t\u003coutbound\u003e\r\n\t\t\u003cbase /\u003e\r\n\t\t\u003cset-header name=\"X-My-Sample\" exists-action=\"override\"\u003e\r\n\t\t\t\u003cvalue\u003eThis is a sample\u003c/value\u003e\r\n\t\t\t\u003c!-- for multiple headers with the same name add additional value elements --\u003e\r\n\t\t\u003c/set-header\u003e\r\n\t\t\u003cjsonp callback-parameter-name=\"ProcessResponse\" /\u003e\r\n\t\u003c/outbound\u003e\r\n\u003c/policies\u003e",
            "xml_link": null
          },
          "sensitive_attributes": [],
          "identity_schema_version": 0,
          "private": "eyJlMmJmYjczMC1lY2FhLTExZTYtOGY4OC0zNDM2M2JjN2M0YzAiOnsiY3JlYXRlIjoxODAwMDAwMDAwMDAwLCJkZWxldGUiOjE4MDAwMDAwMDAwMDAsInJlYWQiOjMwMDAwMDAwMDAwMCwidXBkYXRlIjoxODAwMDAwMDAwMDAwfSwic2NoZW1hX3ZlcnNpb24iOiIyIn0="
        }
      ]
    },
    {
      "mode": "managed",
      "type": "azurerm_api_management_api_operation_policy",
      "name": "res-15",
      "provider": "provider[\"registry.terraform.io/hashicorp/azurerm\"]",
      "instances": [
        {
          "schema_version": 2,
          "attributes": {
            "api_management_name": "dev00functionapp-apim",
            "api_name": "echo-api",
            "id": "/subscriptions/ebeec867-0bac-448a-b3ba-197e572e0b4c/resourceGroups/Dev_API_ResourceGroup/providers/Microsoft.ApiManagement/service/dev00functionapp-apim/apis/echo-api/operations/retrieve-resource-cached",
            "operation_id": "retrieve-resource-cached",
            "resource_group_name": "Dev_API_ResourceGroup",
            "timeouts": null,
            "xml_content": "\u003cpolicies\u003e\r\n\t\u003cinbound\u003e\r\n\t\t\u003cbase /\u003e\r\n\t\t\u003ccache-lookup vary-by-developer=\"false\" vary-by-developer-groups=\"false\"\u003e\r\n\t\t\t\u003cvary-by-header\u003eAccept\u003c/vary-by-header\u003e\r\n\t\t\t\u003cvary-by-header\u003eAccept-Charset\u003c/vary-by-header\u003e\r\n\t\t\u003c/cache-lookup\u003e\r\n\t\t\u003crewrite-uri template=\"/resource\" /\u003e\r\n\t\u003c/inbound\u003e\r\n\t\u003cbackend\u003e\r\n\t\t\u003cbase /\u003e\r\n\t\u003c/backend\u003e\r\n\t\u003coutbound\u003e\r\n\t\t\u003cbase /\u003e\r\n\t\t\u003ccache-store duration=\"3600\" /\u003e\r\n\t\u003c/outbound\u003e\r\n\u003c/policies\u003e",
            "xml_link": null
          },
          "sensitive_attributes": [],
          "identity_schema_version": 0,
          "private": "eyJlMmJmYjczMC1lY2FhLTExZTYtOGY4OC0zNDM2M2JjN2M0YzAiOnsiY3JlYXRlIjoxODAwMDAwMDAwMDAwLCJkZWxldGUiOjE4MDAwMDAwMDAwMDAsInJlYWQiOjMwMDAwMDAwMDAwMCwidXBkYXRlIjoxODAwMDAwMDAwMDAwfSwic2NoZW1hX3ZlcnNpb24iOiIyIn0="
        }
      ]
    },
    {
      "mode": "managed",
      "type": "azurerm_api_management_api_operation_policy",
      "name": "res-4",
      "provider": "provider[\"registry.terraform.io/hashicorp/azurerm\"]",
      "instances": [
        {
          "schema_version": 2,
          "attributes": {
            "api_management_name": "dev00functionapp-apim",
            "api_name": "dev00functionapp",
            "id": "/subscriptions/ebeec867-0bac-448a-b3ba-197e572e0b4c/resourceGroups/Dev_API_ResourceGroup/providers/Microsoft.ApiManagement/service/dev00functionapp-apim/apis/dev00functionapp/operations/http-trigger",
            "operation_id": "http-trigger",
            "resource_group_name": "Dev_API_ResourceGroup",
            "timeouts": null,
            "xml_content": "\u003cpolicies\u003e\r\n\t\u003cinbound\u003e\r\n\t\t\u003cbase /\u003e\r\n\t\t\u003cset-backend-service id=\"apim-generated-policy\" backend-id=\"dev00functionapp\" /\u003e\r\n\t\t\u003ccors\u003e\r\n\t\t\t\u003callowed-origins\u003e\r\n\t\t\t\t\u003corigin\u003ehttps://www.josephinthe.cloud\u003c/origin\u003e\r\n\t\t\t\t\u003corigin\u003ehttps://josephinthe.cloud\u003c/origin\u003e\r\n\t\t\t\t\u003corigin\u003ehttp://localhost:5173/\u003c/origin\u003e\r\n\t\t\t\u003c/allowed-origins\u003e\r\n\t\t\t\u003callowed-methods\u003e\r\n\t\t\t\t\u003cmethod\u003ePOST\u003c/method\u003e\r\n\t\t\t\u003c/allowed-methods\u003e\r\n\t\t\t\u003callowed-headers\u003e\r\n\t\t\t\t\u003cheader\u003e*\u003c/header\u003e\r\n\t\t\t\u003c/allowed-headers\u003e\r\n\t\t\u003c/cors\u003e\r\n\t\u003c/inbound\u003e\r\n\t\u003cbackend\u003e\r\n\t\t\u003cbase /\u003e\r\n\t\u003c/backend\u003e\r\n\t\u003coutbound\u003e\r\n\t\t\u003cbase /\u003e\r\n\t\u003c/outbound\u003e\r\n\t\u003con-error\u003e\r\n\t\t\u003cbase /\u003e\r\n\t\u003c/on-error\u003e\r\n\u003c/policies\u003e",
            "xml_link": null
          },
          "sensitive_attributes": [],
          "identity_schema_version": 0,
          "private": "eyJlMmJmYjczMC1lY2FhLTExZTYtOGY4OC0zNDM2M2JjN2M0YzAiOnsiY3JlYXRlIjoxODAwMDAwMDAwMDAwLCJkZWxldGUiOjE4MDAwMDAwMDAwMDAsInJlYWQiOjMwMDAwMDAwMDAwMCwidXBkYXRlIjoxODAwMDAwMDAwMDAwfSwic2NoZW1hX3ZlcnNpb24iOiIyIn0="
        }
      ]
    },
    {
      "mode": "managed",
      "type": "azurerm_api_management_api_operation_policy",
      "name": "res-8",
      "provider": "provider[\"registry.terraform.io/hashicorp/azurerm\"]",
      "instances": [
        {
          "schema_version": 2,
          "attributes": {
            "api_management_name": "dev00functionapp-apim",
            "api_name": "echo-api",
            "id": "/subscriptions/ebeec867-0bac-448a-b3ba-197e572e0b4c/resourceGroups/Dev_API_ResourceGroup/providers/Microsoft.ApiManagement/service/dev00functionapp-apim/apis/echo-api/operations/create-resource",
            "operation_id": "create-resource",
            "resource_group_name": "Dev_API_ResourceGroup",
            "timeouts": null,
            "xml_content": "\u003cpolicies\u003e\r\n\t\u003cinbound\u003e\r\n\t\t\u003cbase /\u003e\r\n\t\t\u003cjson-to-xml apply=\"always\" consider-accept-header=\"false\" /\u003e\r\n\t\u003c/inbound\u003e\r\n\t\u003cbackend\u003e\r\n\t\t\u003cbase /\u003e\r\n\t\u003c/backend\u003e\r\n\t\u003coutbound\u003e\r\n\t\t\u003cbase /\u003e\r\n\t\u003c/outbound\u003e\r\n\u003c/policies\u003e",
            "xml_link": null
          },
          "sensitive_attributes": [],
          "identity_schema_version": 0,
          "private": "eyJlMmJmYjczMC1lY2FhLTExZTYtOGY4OC0zNDM2M2JjN2M0YzAiOnsiY3JlYXRlIjoxODAwMDAwMDAwMDAwLCJkZWxldGUiOjE4MDAwMDAwMDAwMDAsInJlYWQiOjMwMDAwMDAwMDAwMCwidXBkYXRlIjoxODAwMDAwMDAwMDAwfSwic2NoZW1hX3ZlcnNpb24iOiIyIn0="
        }
      ]
    },
    {
      "mode": "managed",
      "type": "azurerm_api_management_backend",
      "name": "res-17",
      "provider": "provider[\"registry.terraform.io/hashicorp/azurerm\"]",
      "instances": [
        {
          "schema_version": 0,
          "attributes": {
            "api_management_name": "dev00functionapp-apim",
            "credentials": [
              {
                "authorization": [],
                "certificate": [],
                "header": {
                  "x-functions-key": "{{dev00functionapp-key}}"
                },
                "query": {}
              }
            ],
            "description": "dev00functionapp",
            "id": "/subscriptions/ebeec867-0bac-448a-b3ba-197e572e0b4c/resourceGroups/Dev_API_ResourceGroup/providers/Microsoft.ApiManagement/service/dev00functionapp-apim/backends/dev00functionapp",
            "name": "dev00functionapp",
            "protocol": "http",
            "proxy": [],
            "resource_group_name": "Dev_API_ResourceGroup",
            "resource_id": "https://management.azure.com/subscriptions/ebeec867-0bac-448a-b3ba-197e572e0b4c/resourceGroups/Dev_API_ResourceGroup/providers/Microsoft.Web/sites/dev00functionapp",
            "service_fabric_cluster": [],
            "timeouts": null,
            "title": "",
            "tls": [],
            "url": "https://dev00functionapp.azurewebsites.net/api"
          },
          "sensitive_attributes": [],
          "identity_schema_version": 0,
          "private": "eyJlMmJmYjczMC1lY2FhLTExZTYtOGY4OC0zNDM2M2JjN2M0YzAiOnsiY3JlYXRlIjoxODAwMDAwMDAwMDAwLCJkZWxldGUiOjE4MDAwMDAwMDAwMDAsInJlYWQiOjMwMDAwMDAwMDAwMCwidXBkYXRlIjoxODAwMDAwMDAwMDAwfSwic2NoZW1hX3ZlcnNpb24iOiIwIn0="
        }
      ]
    },
    {
      "mode": "managed",
      "type": "azurerm_api_management_email_template",
      "name": "res-62",
      "provider": "provider[\"registry.terraform.io/hashicorp/azurerm\"]",
      "instances": [
        {
          "schema_version": 0,
          "attributes": {
            "api_management_name": "dev00functionapp-apim",
            "body": "\u003c!DOCTYPE html \u003e\r\n\u003chtml\u003e\r\n  \u003chead /\u003e\r\n  \u003cbody\u003e\r\n    \u003cp style=\"font-size:12pt;font-family:'Segoe UI'\"\u003eDear $DevFirstName $DevLastName,\u003c/p\u003e\r\n    \u003cp style=\"font-size:12pt;font-family:'Segoe UI'\"\u003e\r\n          On behalf of $OrganizationName and our customers we thank you for giving us a try. Your $OrganizationName API account is now closed.\r\n        \u003c/p\u003e\r\n    \u003cp style=\"font-size:12pt;font-family:'Segoe UI'\"\u003eThank you,\u003c/p\u003e\r\n    \u003cp style=\"font-size:12pt;font-family:'Segoe UI'\"\u003eYour $OrganizationName Team\u003c/p\u003e\r\n    \u003ca href=\"$DevPortalUrl\"\u003e$DevPortalUrl\u003c/a\u003e\r\n    \u003cp /\u003e\r\n  \u003c/body\u003e\r\n\u003c/html\u003e",
            "description": "Developers receive this farewell email after they close their account.",
            "id": "/subscriptions/ebeec867-0bac-448a-b3ba-197e572e0b4c/resourceGroups/Dev_API_ResourceGroup/providers/Microsoft.ApiManagement/service/dev00functionapp-apim/templates/AccountClosedDeveloper",
            "resource_group_name": "Dev_API_ResourceGroup",
            "subject": "Thank you for using the $OrganizationName API!",
            "template_name": "AccountClosedDeveloper",
            "timeouts": null,
            "title": "Developer farewell letter"
          },
          "sensitive_attributes": [],
          "identity_schema_version": 0,
          "private": "eyJlMmJmYjczMC1lY2FhLTExZTYtOGY4OC0zNDM2M2JjN2M0YzAiOnsiY3JlYXRlIjoxODAwMDAwMDAwMDAwLCJkZWxldGUiOjE4MDAwMDAwMDAwMDAsInJlYWQiOjMwMDAwMDAwMDAwMCwidXBkYXRlIjoxODAwMDAwMDAwMDAwfSwic2NoZW1hX3ZlcnNpb24iOiIwIn0="
        }
      ]
    },
    {
      "mode": "managed",
      "type": "azurerm_api_management_email_template",
      "name": "res-63",
      "provider": "provider[\"registry.terraform.io/hashicorp/azurerm\"]",
      "instances": [
        {
          "schema_version": 0,
          "attributes": {
            "api_management_name": "dev00functionapp-apim",
            "body": "\u003c!DOCTYPE html \u003e\r\n\u003chtml\u003e\r\n  \u003chead /\u003e\r\n  \u003cbody\u003e\r\n    \u003cp style=\"font-size:12pt;font-family:'Segoe UI'\"\u003eDear $DevFirstName $DevLastName,\u003c/p\u003e\r\n    \u003cp style=\"font-size:12pt;font-family:'Segoe UI'\"\u003e\r\n          We are happy to let you know that your request to publish the $AppName application in the application gallery has been approved. Your application has been published and can be viewed \u003ca href=\"http://$DevPortalUrl/Applications/Details/$AppId\"\u003ehere\u003c/a\u003e.\r\n        \u003c/p\u003e\r\n    \u003cp style=\"font-size:12pt;font-family:'Segoe UI'\"\u003eBest,\u003c/p\u003e\r\n    \u003cp style=\"font-size:12pt;font-family:'Segoe UI'\"\u003eThe $OrganizationName API Team\u003c/p\u003e\r\n  \u003c/body\u003e\r\n\u003c/html\u003e",
            "description": "Developers who submitted their application for publication in the application gallery on the developer portal receive this email after their submission is approved.",
            "id": "/subscriptions/ebeec867-0bac-448a-b3ba-197e572e0b4c/resourceGroups/Dev_API_ResourceGroup/providers/Microsoft.ApiManagement/service/dev00functionapp-apim/templates/ApplicationApprovedNotificationMessage",
            "resource_group_name": "Dev_API_ResourceGroup",
            "subject": "Your application $AppName is published in the application gallery",
            "template_name": "ApplicationApprovedNotificationMessage",
            "timeouts": null,
            "title": "Application gallery submission approved (deprecated)"
          },
          "sensitive_attributes": [],
          "identity_schema_version": 0,
          "private": "eyJlMmJmYjczMC1lY2FhLTExZTYtOGY4OC0zNDM2M2JjN2M0YzAiOnsiY3JlYXRlIjoxODAwMDAwMDAwMDAwLCJkZWxldGUiOjE4MDAwMDAwMDAwMDAsInJlYWQiOjMwMDAwMDAwMDAwMCwidXBkYXRlIjoxODAwMDAwMDAwMDAwfSwic2NoZW1hX3ZlcnNpb24iOiIwIn0="
        }
      ]
    },
    {
      "mode": "managed",
      "type": "azurerm_api_management_email_template",
      "name": "res-64",
      "provider": "provider[\"registry.terraform.io/hashicorp/azurerm\"]",
      "instances": [
        {
          "schema_version": 0,
          "attributes": {
            "api_management_name": "dev00functionapp-apim",
            "body": "\u003c!DOCTYPE html \u003e\r\n\u003chtml\u003e\r\n  \u003chead\u003e\r\n    \u003cmeta charset=\"UTF-8\" /\u003e\r\n    \u003ctitle\u003eLetter\u003c/title\u003e\r\n  \u003c/head\u003e\r\n  \u003cbody\u003e\r\n    \u003ctable width=\"100%\"\u003e\r\n      \u003ctr\u003e\r\n        \u003ctd\u003e\r\n          \u003cp style=\"font-size:12pt;font-family:'Segoe UI'\"\u003eDear $DevFirstName $DevLastName,\u003c/p\u003e\r\n          \u003cp style=\"font-size:12pt;font-family:'Segoe UI'\"\u003e\u003c/p\u003e\r\n          \u003cp style=\"font-size:12pt;font-family:'Segoe UI'\"\u003eThank you for joining the $OrganizationName API program! We host a growing number of cool APIs and strive to provide an awesome experience for API developers.\u003c/p\u003e\r\n          \u003cp style=\"font-size:12pt;font-family:'Segoe UI'\"\u003eFirst order of business is to activate your account and get you going. To that end, please click on the following link:\u003c/p\u003e\r\n          \u003cp style=\"font-size:12pt;font-family:'Segoe UI'\"\u003e\r\n            \u003ca id=\"confirmUrl\" href=\"$ConfirmUrl\" style=\"text-decoration:none\"\u003e\r\n              \u003cstrong\u003e$ConfirmUrl\u003c/strong\u003e\r\n            \u003c/a\u003e\r\n          \u003c/p\u003e\r\n          \u003cp style=\"font-size:12pt;font-family:'Segoe UI'\"\u003eIf clicking the link does not work, please copy-and-paste or re-type it into your browser's address bar and hit \"Enter\".\u003c/p\u003e\r\n          \u003cp style=\"font-size:12pt;font-family:'Segoe UI'\"\u003eThank you,\u003c/p\u003e\r\n          \u003cp style=\"font-size:12pt;font-family:'Segoe UI'\"\u003e$OrganizationName API Team\u003c/p\u003e\r\n          \u003cp style=\"font-size:12pt;font-family:'Segoe UI'\"\u003e\r\n            \u003ca href=\"$DevPortalUrl\"\u003e$DevPortalUrl\u003c/a\u003e\r\n          \u003c/p\u003e\r\n        \u003c/td\u003e\r\n      \u003c/tr\u003e\r\n    \u003c/table\u003e\r\n  \u003c/body\u003e\r\n\u003c/html\u003e",
            "description": "Developers receive this email to confirm their e-mail address after they sign up for a new account.",
            "id": "/subscriptions/ebeec867-0bac-448a-b3ba-197e572e0b4c/resourceGroups/Dev_API_ResourceGroup/providers/Microsoft.ApiManagement/service/dev00functionapp-apim/templates/ConfirmSignUpIdentityDefault",
            "resource_group_name": "Dev_API_ResourceGroup",
            "subject": "Please confirm your new $OrganizationName API account",
            "template_name": "ConfirmSignUpIdentityDefault",
            "timeouts": null,
            "title": "New developer account confirmation"
          },
          "sensitive_attributes": [],
          "identity_schema_version": 0,
          "private": "eyJlMmJmYjczMC1lY2FhLTExZTYtOGY4OC0zNDM2M2JjN2M0YzAiOnsiY3JlYXRlIjoxODAwMDAwMDAwMDAwLCJkZWxldGUiOjE4MDAwMDAwMDAwMDAsInJlYWQiOjMwMDAwMDAwMDAwMCwidXBkYXRlIjoxODAwMDAwMDAwMDAwfSwic2NoZW1hX3ZlcnNpb24iOiIwIn0="
        }
      ]
    },
    {
      "mode": "managed",
      "type": "azurerm_api_management_email_template",
      "name": "res-65",
      "provider": "provider[\"registry.terraform.io/hashicorp/azurerm\"]",
      "instances": [
        {
          "schema_version": 0,
          "attributes": {
            "api_management_name": "dev00functionapp-apim",
            "body": "\u003c!DOCTYPE html \u003e\r\n\u003chtml\u003e\r\n  \u003chead\u003e\r\n    \u003cmeta charset=\"UTF-8\" /\u003e\r\n    \u003ctitle\u003eLetter\u003c/title\u003e\r\n  \u003c/head\u003e\r\n  \u003cbody\u003e\r\n    \u003ctable width=\"100%\"\u003e\r\n      \u003ctr\u003e\r\n        \u003ctd\u003e\r\n          \u003cp style=\"font-size:12pt;font-family:'Segoe UI'\"\u003eDear $DevFirstName $DevLastName,\u003c/p\u003e\r\n          \u003cp style=\"font-size:12pt;font-family:'Segoe UI'\"\u003e\u003c/p\u003e\r\n          \u003cp style=\"font-size:12pt;font-family:'Segoe UI'\"\u003eYou are receiving this email because you made a change to the email address on your $OrganizationName API account.\u003c/p\u003e\r\n          \u003cp style=\"font-size:12pt;font-family:'Segoe UI'\"\u003ePlease click on the following link to confirm the change:\u003c/p\u003e\r\n          \u003cp style=\"font-size:12pt;font-family:'Segoe UI'\"\u003e\r\n            \u003ca id=\"confirmUrl\" href=\"$ConfirmUrl\" style=\"text-decoration:none\"\u003e\r\n              \u003cstrong\u003e$ConfirmUrl\u003c/strong\u003e\r\n            \u003c/a\u003e\r\n          \u003c/p\u003e\r\n          \u003cp style=\"font-size:12pt;font-family:'Segoe UI'\"\u003eIf clicking the link does not work, please copy-and-paste or re-type it into your browser's address bar and hit \"Enter\".\u003c/p\u003e\r\n          \u003cp style=\"font-size:12pt;font-family:'Segoe UI'\"\u003eThank you,\u003c/p\u003e\r\n          \u003cp style=\"font-size:12pt;font-family:'Segoe UI'\"\u003e$OrganizationName API Team\u003c/p\u003e\r\n          \u003cp style=\"font-size:12pt;font-family:'Segoe UI'\"\u003e\r\n            \u003ca href=\"$DevPortalUrl\"\u003e$DevPortalUrl\u003c/a\u003e\r\n          \u003c/p\u003e\r\n        \u003c/td\u003e\r\n      \u003c/tr\u003e\r\n    \u003c/table\u003e\r\n  \u003c/body\u003e\r\n\u003c/html\u003e",
            "description": "Developers receive this email to confirm a new e-mail address after they change their existing one associated with their account.",
            "id": "/subscriptions/ebeec867-0bac-448a-b3ba-197e572e0b4c/resourceGroups/Dev_API_ResourceGroup/providers/Microsoft.ApiManagement/service/dev00functionapp-apim/templates/EmailChangeIdentityDefault",
            "resource_group_name": "Dev_API_ResourceGroup",
            "subject": "Please confirm the new email associated with your $OrganizationName API account",
            "template_name": "EmailChangeIdentityDefault",
            "timeouts": null,
            "title": "Email change confirmation"
          },
          "sensitive_attributes": [],
          "identity_schema_version": 0,
          "private": "eyJlMmJmYjczMC1lY2FhLTExZTYtOGY4OC0zNDM2M2JjN2M0YzAiOnsiY3JlYXRlIjoxODAwMDAwMDAwMDAwLCJkZWxldGUiOjE4MDAwMDAwMDAwMDAsInJlYWQiOjMwMDAwMDAwMDAwMCwidXBkYXRlIjoxODAwMDAwMDAwMDAwfSwic2NoZW1hX3ZlcnNpb24iOiIwIn0="
        }
      ]
    },
    {
      "mode": "managed",
      "type": "azurerm_api_management_email_template",
      "name": "res-66",
      "provider": "provider[\"registry.terraform.io/hashicorp/azurerm\"]",
      "instances": [
        {
          "schema_version": 0,
          "attributes": {
            "api_management_name": "dev00functionapp-apim",
            "body": "\u003c!DOCTYPE html \u003e\r\n\u003chtml\u003e\r\n  \u003chead /\u003e\r\n  \u003cbody\u003e\r\n    \u003cp style=\"font-size:12pt;font-family:'Segoe UI'\"\u003eDear $DevFirstName $DevLastName,\u003c/p\u003e\r\n    \u003cp style=\"font-size:12pt;font-family:'Segoe UI'\"\u003e\r\n          Your account has been created. Please follow the link below to visit the $OrganizationName developer portal and claim it:\r\n        \u003c/p\u003e\r\n    \u003cp style=\"font-size:12pt;font-family:'Segoe UI'\"\u003e\r\n      \u003ca href=\"$ConfirmUrl\"\u003e$ConfirmUrl\u003c/a\u003e\r\n    \u003c/p\u003e\r\n    \u003cp style=\"font-size:12pt;font-family:'Segoe UI'\"\u003eBest,\u003c/p\u003e\r\n    \u003cp style=\"font-size:12pt;font-family:'Segoe UI'\"\u003eThe $OrganizationName API Team\u003c/p\u003e\r\n  \u003c/body\u003e\r\n\u003c/html\u003e",
            "description": "An e-mail invitation to create an account, sent on request by API publishers.",
            "id": "/subscriptions/ebeec867-0bac-448a-b3ba-197e572e0b4c/resourceGroups/Dev_API_ResourceGroup/providers/Microsoft.ApiManagement/service/dev00functionapp-apim/templates/InviteUserNotificationMessage",
            "resource_group_name": "Dev_API_ResourceGroup",
            "subject": "You are invited to join the $OrganizationName developer network",
            "template_name": "InviteUserNotificationMessage",
            "timeouts": null,
            "title": "Invite user"
          },
          "sensitive_attributes": [],
          "identity_schema_version": 0,
          "private": "eyJlMmJmYjczMC1lY2FhLTExZTYtOGY4OC0zNDM2M2JjN2M0YzAiOnsiY3JlYXRlIjoxODAwMDAwMDAwMDAwLCJkZWxldGUiOjE4MDAwMDAwMDAwMDAsInJlYWQiOjMwMDAwMDAwMDAwMCwidXBkYXRlIjoxODAwMDAwMDAwMDAwfSwic2NoZW1hX3ZlcnNpb24iOiIwIn0="
        }
      ]
    },
    {
      "mode": "managed",
      "type": "azurerm_api_management_email_template",
      "name": "res-67",
      "provider": "provider[\"registry.terraform.io/hashicorp/azurerm\"]",
      "instances": [
        {
          "schema_version": 0,
          "attributes": {
            "api_management_name": "dev00functionapp-apim",
            "body": "\u003c!DOCTYPE html \u003e\r\n\u003chtml\u003e\r\n  \u003chead /\u003e\r\n  \u003cbody\u003e\r\n    \u003cp style=\"font-size:12pt;font-family:'Segoe UI'\"\u003eDear $DevFirstName $DevLastName,\u003c/p\u003e\r\n    \u003cp style=\"font-size:12pt;font-family:'Segoe UI'\"\u003eThis is a brief note to let you know that $CommenterFirstName $CommenterLastName made the following comment on the issue $IssueName you created:\u003c/p\u003e\r\n    \u003cp style=\"font-size:12pt;font-family:'Segoe UI'\"\u003e$CommentText\u003c/p\u003e\r\n    \u003cp style=\"font-size:12pt;font-family:'Segoe UI'\"\u003e\r\n          To view the issue on the developer portal click \u003ca href=\"http://$DevPortalUrl/issues/$IssueId\"\u003ehere\u003c/a\u003e.\r\n        \u003c/p\u003e\r\n    \u003cp style=\"font-size:12pt;font-family:'Segoe UI'\"\u003eBest,\u003c/p\u003e\r\n    \u003cp style=\"font-size:12pt;font-family:'Segoe UI'\"\u003eThe $OrganizationName API Team\u003c/p\u003e\r\n  \u003c/body\u003e\r\n\u003c/html\u003e",
            "description": "Developers receive this email when someone comments on the issue they created on the Issues page of the developer portal.",
            "id": "/subscriptions/ebeec867-0bac-448a-b3ba-197e572e0b4c/resourceGroups/Dev_API_ResourceGroup/providers/Microsoft.ApiManagement/service/dev00functionapp-apim/templates/NewCommentNotificationMessage",
            "resource_group_name": "Dev_API_ResourceGroup",
            "subject": "$IssueName issue has a new comment",
            "template_name": "NewCommentNotificationMessage",
            "timeouts": null,
            "title": "New comment added to an issue (deprecated)"
          },
          "sensitive_attributes": [],
          "identity_schema_version": 0,
          "private": "eyJlMmJmYjczMC1lY2FhLTExZTYtOGY4OC0zNDM2M2JjN2M0YzAiOnsiY3JlYXRlIjoxODAwMDAwMDAwMDAwLCJkZWxldGUiOjE4MDAwMDAwMDAwMDAsInJlYWQiOjMwMDAwMDAwMDAwMCwidXBkYXRlIjoxODAwMDAwMDAwMDAwfSwic2NoZW1hX3ZlcnNpb24iOiIwIn0="
        }
      ]
    },
    {
      "mode": "managed",
      "type": "azurerm_api_management_email_template",
      "name": "res-68",
      "provider": "provider[\"registry.terraform.io/hashicorp/azurerm\"]",
      "instances": [
        {
          "schema_version": 0,
          "attributes": {
            "api_management_name": "dev00functionapp-apim",
            "body": "\u003c!DOCTYPE html \u003e\r\n\u003chtml\u003e\r\n  \u003chead\u003e\r\n    \u003cmeta charset=\"UTF-8\" /\u003e\r\n    \u003ctitle\u003eLetter\u003c/title\u003e\r\n  \u003c/head\u003e\r\n  \u003cbody\u003e\r\n    \u003ch1 style=\"color:#000505;font-size:18pt;font-family:'Segoe UI'\"\u003e\r\n          Welcome to \u003cspan style=\"color:#003363\"\u003e$OrganizationName API!\u003c/span\u003e\u003c/h1\u003e\r\n    \u003cp style=\"font-size:12pt;font-family:'Segoe UI'\"\u003eDear $DevFirstName $DevLastName,\u003c/p\u003e\r\n    \u003cp style=\"font-size:12pt;font-family:'Segoe UI'\"\u003eYour $OrganizationName API program registration is completed and we are thrilled to have you as a customer. Here are a few important bits of information for your reference:\u003c/p\u003e\r\n    \u003ctable width=\"100%\" style=\"margin:20px 0\"\u003e\r\n      \u003ctr\u003e\r\n            #if ($IdentityProvider == \"Basic\")\r\n            \u003ctd width=\"50%\" style=\"height:40px;vertical-align:top;font-family:'Segoe UI';font-size:12pt\"\u003e\r\n              Please use the following \u003cstrong\u003eusername\u003c/strong\u003e when signing into any of the ${OrganizationName}-hosted developer portals:\r\n            \u003c/td\u003e\u003ctd style=\"vertical-align:top;font-family:'Segoe UI';font-size:12pt\"\u003e\u003cstrong\u003e$DevUsername\u003c/strong\u003e\u003c/td\u003e\r\n            #else\r\n            \u003ctd width=\"50%\" style=\"height:40px;vertical-align:top;font-family:'Segoe UI';font-size:12pt\"\u003e\r\n              Please use the following \u003cstrong\u003e$IdentityProvider account\u003c/strong\u003e when signing into any of the ${OrganizationName}-hosted developer portals:\r\n            \u003c/td\u003e\u003ctd style=\"vertical-align:top;font-family:'Segoe UI';font-size:12pt\"\u003e\u003cstrong\u003e$DevUsername\u003c/strong\u003e\u003c/td\u003e            \r\n            #end\r\n          \u003c/tr\u003e\r\n      \u003ctr\u003e\r\n        \u003ctd style=\"height:40px;vertical-align:top;font-family:'Segoe UI';font-size:12pt\"\u003e\r\n              We will direct all communications to the following \u003cstrong\u003eemail address\u003c/strong\u003e:\r\n            \u003c/td\u003e\r\n        \u003ctd style=\"vertical-align:top;font-family:'Segoe UI';font-size:12pt\"\u003e\r\n          \u003ca href=\"mailto:$DevEmail\" style=\"text-decoration:none\"\u003e\r\n            \u003cstrong\u003e$DevEmail\u003c/strong\u003e\r\n          \u003c/a\u003e\r\n        \u003c/td\u003e\r\n      \u003c/tr\u003e\r\n    \u003c/table\u003e\r\n    \u003cp style=\"font-size:12pt;font-family:'Segoe UI'\"\u003eBest of luck in your API pursuits!\u003c/p\u003e\r\n    \u003cp style=\"font-size:12pt;font-family:'Segoe UI'\"\u003e$OrganizationName API Team\u003c/p\u003e\r\n    \u003cp style=\"font-size:12pt;font-family:'Segoe UI'\"\u003e\r\n      \u003ca href=\"http://$DevPortalUrl\"\u003e$DevPortalUrl\u003c/a\u003e\r\n    \u003c/p\u003e\r\n  \u003c/body\u003e\r\n\u003c/html\u003e",
            "description": "Developers receive this “welcome” email after they confirm their new account.",
            "id": "/subscriptions/ebeec867-0bac-448a-b3ba-197e572e0b4c/resourceGroups/Dev_API_ResourceGroup/providers/Microsoft.ApiManagement/service/dev00functionapp-apim/templates/NewDeveloperNotificationMessage",
            "resource_group_name": "Dev_API_ResourceGroup",
            "subject": "Welcome to the $OrganizationName API!",
            "template_name": "NewDeveloperNotificationMessage",
            "timeouts": null,
            "title": "Developer welcome letter"
          },
          "sensitive_attributes": [],
          "identity_schema_version": 0,
          "private": "eyJlMmJmYjczMC1lY2FhLTExZTYtOGY4OC0zNDM2M2JjN2M0YzAiOnsiY3JlYXRlIjoxODAwMDAwMDAwMDAwLCJkZWxldGUiOjE4MDAwMDAwMDAwMDAsInJlYWQiOjMwMDAwMDAwMDAwMCwidXBkYXRlIjoxODAwMDAwMDAwMDAwfSwic2NoZW1hX3ZlcnNpb24iOiIwIn0="
        }
      ]
    },
    {
      "mode": "managed",
      "type": "azurerm_api_management_email_template",
      "name": "res-69",
      "provider": "provider[\"registry.terraform.io/hashicorp/azurerm\"]",
      "instances": [
        {
          "schema_version": 0,
          "attributes": {
            "api_management_name": "dev00functionapp-apim",
            "body": "\u003c!DOCTYPE html \u003e\r\n\u003chtml\u003e\r\n  \u003chead /\u003e\r\n  \u003cbody\u003e\r\n    \u003cp style=\"font-size:12pt;font-family:'Segoe UI'\"\u003eDear $DevFirstName $DevLastName,\u003c/p\u003e\r\n    \u003cp style=\"font-size:12pt;font-family:'Segoe UI'\"\u003eThank you for contacting us. Our API team will review your issue and get back to you soon.\u003c/p\u003e\r\n    \u003cp style=\"font-size:12pt;font-family:'Segoe UI'\"\u003e\r\n          Click this \u003ca href=\"http://$DevPortalUrl/issues/$IssueId\"\u003elink\u003c/a\u003e to view or edit your request.\r\n        \u003c/p\u003e\r\n    \u003cp style=\"font-size:12pt;font-family:'Segoe UI'\"\u003eBest,\u003c/p\u003e\r\n    \u003cp style=\"font-size:12pt;font-family:'Segoe UI'\"\u003eThe $OrganizationName API Team\u003c/p\u003e\r\n  \u003c/body\u003e\r\n\u003c/html\u003e",
            "description": "This email is sent to developers after they create a new topic on the Issues page of the developer portal.",
            "id": "/subscriptions/ebeec867-0bac-448a-b3ba-197e572e0b4c/resourceGroups/Dev_API_ResourceGroup/providers/Microsoft.ApiManagement/service/dev00functionapp-apim/templates/NewIssueNotificationMessage",
            "resource_group_name": "Dev_API_ResourceGroup",
            "subject": "Your request $IssueName was received",
            "template_name": "NewIssueNotificationMessage",
            "timeouts": null,
            "title": "New issue received (deprecated)"
          },
          "sensitive_attributes": [],
          "identity_schema_version": 0,
          "private": "eyJlMmJmYjczMC1lY2FhLTExZTYtOGY4OC0zNDM2M2JjN2M0YzAiOnsiY3JlYXRlIjoxODAwMDAwMDAwMDAwLCJkZWxldGUiOjE4MDAwMDAwMDAwMDAsInJlYWQiOjMwMDAwMDAwMDAwMCwidXBkYXRlIjoxODAwMDAwMDAwMDAwfSwic2NoZW1hX3ZlcnNpb24iOiIwIn0="
        }
      ]
    },
    {
      "mode": "managed",
      "type": "azurerm_api_management_email_template",
      "name": "res-70",
      "provider": "provider[\"registry.terraform.io/hashicorp/azurerm\"]",
      "instances": [
        {
          "schema_version": 0,
          "attributes": {
            "api_management_name": "dev00functionapp-apim",
            "body": "\u003c!DOCTYPE html \u003e\r\n\u003chtml\u003e\r\n  \u003chead /\u003e\r\n  \u003cbody\u003e\r\n    \u003ctable width=\"100%\"\u003e\r\n      \u003ctr\u003e\r\n        \u003ctd\u003e\r\n          \u003cp style=\"font-size:12pt;font-family:'Segoe UI'\"\u003eDear $DevFirstName $DevLastName,\u003c/p\u003e\r\n          \u003cp style=\"font-size:12pt;font-family:'Segoe UI'\"\u003e\u003c/p\u003e\r\n          \u003cp style=\"font-size:12pt;font-family:'Segoe UI'\"\u003eThe password of your $OrganizationName API account has been reset, per your request.\u003c/p\u003e\r\n          \u003cp style=\"font-size:12pt;font-family:'Segoe UI'\"\u003e\r\n                Your new password is: \u003cstrong\u003e$DevPassword\u003c/strong\u003e\u003c/p\u003e\r\n          \u003cp style=\"font-size:12pt;font-family:'Segoe UI'\"\u003ePlease make sure to change it next time you sign in.\u003c/p\u003e\r\n          \u003cp style=\"font-size:12pt;font-family:'Segoe UI'\"\u003eThank you,\u003c/p\u003e\r\n          \u003cp style=\"font-size:12pt;font-family:'Segoe UI'\"\u003e$OrganizationName API Team\u003c/p\u003e\r\n          \u003cp style=\"font-size:12pt;font-family:'Segoe UI'\"\u003e\r\n            \u003ca href=\"$DevPortalUrl\"\u003e$DevPortalUrl\u003c/a\u003e\r\n          \u003c/p\u003e\r\n        \u003c/td\u003e\r\n      \u003c/tr\u003e\r\n    \u003c/table\u003e\r\n  \u003c/body\u003e\r\n\u003c/html\u003e",
            "description": "Developers receive this email when the publisher resets their password.",
            "id": "/subscriptions/ebeec867-0bac-448a-b3ba-197e572e0b4c/resourceGroups/Dev_API_ResourceGroup/providers/Microsoft.ApiManagement/service/dev00functionapp-apim/templates/PasswordResetByAdminNotificationMessage",
            "resource_group_name": "Dev_API_ResourceGroup",
            "subject": "Your password was reset",
            "template_name": "PasswordResetByAdminNotificationMessage",
            "timeouts": null,
            "title": "Password reset by publisher notification (Password reset by admin)"
          },
          "sensitive_attributes": [],
          "identity_schema_version": 0,
          "private": "eyJlMmJmYjczMC1lY2FhLTExZTYtOGY4OC0zNDM2M2JjN2M0YzAiOnsiY3JlYXRlIjoxODAwMDAwMDAwMDAwLCJkZWxldGUiOjE4MDAwMDAwMDAwMDAsInJlYWQiOjMwMDAwMDAwMDAwMCwidXBkYXRlIjoxODAwMDAwMDAwMDAwfSwic2NoZW1hX3ZlcnNpb24iOiIwIn0="
        }
      ]
    },
    {
      "mode": "managed",
      "type": "azurerm_api_management_email_template",
      "name": "res-71",
      "provider": "provider[\"registry.terraform.io/hashicorp/azurerm\"]",
      "instances": [
        {
          "schema_version": 0,
          "attributes": {
            "api_management_name": "dev00functionapp-apim",
            "body": "\u003c!DOCTYPE html \u003e\r\n\u003chtml\u003e\r\n  \u003chead\u003e\r\n    \u003cmeta charset=\"UTF-8\" /\u003e\r\n    \u003ctitle\u003eLetter\u003c/title\u003e\r\n  \u003c/head\u003e\r\n  \u003cbody\u003e\r\n    \u003ctable width=\"100%\"\u003e\r\n      \u003ctr\u003e\r\n        \u003ctd\u003e\r\n          \u003cp style=\"font-size:12pt;font-family:'Segoe UI'\"\u003eDear $DevFirstName $DevLastName,\u003c/p\u003e\r\n          \u003cp style=\"font-size:12pt;font-family:'Segoe UI'\"\u003e\u003c/p\u003e\r\n          \u003cp style=\"font-size:12pt;font-family:'Segoe UI'\"\u003eYou are receiving this email because you requested to change the password on your $OrganizationName API account.\u003c/p\u003e\r\n          \u003cp style=\"font-size:12pt;font-family:'Segoe UI'\"\u003ePlease click on the link below and follow instructions to create your new password:\u003c/p\u003e\r\n          \u003cp style=\"font-size:12pt;font-family:'Segoe UI'\"\u003e\r\n            \u003ca id=\"resetUrl\" href=\"$ConfirmUrl\" style=\"text-decoration:none\"\u003e\r\n              \u003cstrong\u003e$ConfirmUrl\u003c/strong\u003e\r\n            \u003c/a\u003e\r\n          \u003c/p\u003e\r\n          \u003cp style=\"font-size:12pt;font-family:'Segoe UI'\"\u003eIf clicking the link does not work, please copy-and-paste or re-type it into your browser's address bar and hit \"Enter\".\u003c/p\u003e\r\n          \u003cp style=\"font-size:12pt;font-family:'Segoe UI'\"\u003eThank you,\u003c/p\u003e\r\n          \u003cp style=\"font-size:12pt;font-family:'Segoe UI'\"\u003e$OrganizationName API Team\u003c/p\u003e\r\n          \u003cp style=\"font-size:12pt;font-family:'Segoe UI'\"\u003e\r\n            \u003ca href=\"$DevPortalUrl\"\u003e$DevPortalUrl\u003c/a\u003e\r\n          \u003c/p\u003e\r\n        \u003c/td\u003e\r\n      \u003c/tr\u003e\r\n    \u003c/table\u003e\r\n  \u003c/body\u003e\r\n\u003c/html\u003e",
            "description": "Developers receive this email when they request a password change of their account. The purpose of the email is to verify that the account owner made the request and to provide a one-time perishable URL for changing the password.",
            "id": "/subscriptions/ebeec867-0bac-448a-b3ba-197e572e0b4c/resourceGroups/Dev_API_ResourceGroup/providers/Microsoft.ApiManagement/service/dev00functionapp-apim/templates/PasswordResetIdentityDefault",
            "resource_group_name": "Dev_API_ResourceGroup",
            "subject": "Your password change request",
            "template_name": "PasswordResetIdentityDefault",
            "timeouts": null,
            "title": "Password change confirmation"
          },
          "sensitive_attributes": [],
          "identity_schema_version": 0,
          "private": "eyJlMmJmYjczMC1lY2FhLTExZTYtOGY4OC0zNDM2M2JjN2M0YzAiOnsiY3JlYXRlIjoxODAwMDAwMDAwMDAwLCJkZWxldGUiOjE4MDAwMDAwMDAwMDAsInJlYWQiOjMwMDAwMDAwMDAwMCwidXBkYXRlIjoxODAwMDAwMDAwMDAwfSwic2NoZW1hX3ZlcnNpb24iOiIwIn0="
        }
      ]
    },
    {
      "mode": "managed",
      "type": "azurerm_api_management_email_template",
      "name": "res-72",
      "provider": "provider[\"registry.terraform.io/hashicorp/azurerm\"]",
      "instances": [
        {
          "schema_version": 0,
          "attributes": {
            "api_management_name": "dev00functionapp-apim",
            "body": "\u003c!DOCTYPE html \u003e\r\n\u003chtml\u003e\r\n  \u003chead /\u003e\r\n  \u003cbody\u003e\r\n    \u003cp style=\"font-size:12pt;font-family:'Segoe UI'\"\u003eGreetings $DevFirstName $DevLastName!\u003c/p\u003e\r\n    \u003cp style=\"font-size:12pt;font-family:'Segoe UI'\"\u003e\r\n          Thank you for subscribing to the \u003ca href=\"http://$DevPortalUrl/products/$ProdId\"\u003e\u003cstrong\u003e$ProdName\u003c/strong\u003e\u003c/a\u003e and welcome to the $OrganizationName developer community. We are delighted to have you as part of the team and are looking forward to the amazing applications you will build using our API!\r\n        \u003c/p\u003e\r\n    \u003cp style=\"font-size:12pt;font-family:'Segoe UI'\"\u003eBelow are a few subscription details for your reference:\u003c/p\u003e\r\n    \u003cp style=\"font-size:12pt;font-family:'Segoe UI'\"\u003e\r\n      \u003cul\u003e\r\n            #if ($SubStartDate != \"\")\r\n            \u003cli style=\"font-size:12pt;font-family:'Segoe UI'\"\u003eStart date: $SubStartDate\u003c/li\u003e\r\n            #end\r\n            \r\n            #if ($SubTerm != \"\")\r\n            \u003cli style=\"font-size:12pt;font-family:'Segoe UI'\"\u003eSubscription term: $SubTerm\u003c/li\u003e\r\n            #end\r\n          \u003c/ul\u003e\r\n    \u003c/p\u003e\r\n    \u003cp style=\"font-size:12pt;font-family:'Segoe UI'\"\u003e\r\n            Visit the developer \u003ca href=\"http://$DevPortalUrl/developer\"\u003eprofile area\u003c/a\u003e to manage your subscription and subscription keys\r\n        \u003c/p\u003e\r\n    \u003cp style=\"font-size:12pt;font-family:'Segoe UI'\"\u003eA couple of pointers to help get you started:\u003c/p\u003e\r\n    \u003cp style=\"font-size:12pt;font-family:'Segoe UI'\"\u003e\r\n      \u003cstrong\u003e\r\n        \u003ca href=\"http://$DevPortalUrl/docs/services?product=$ProdId\"\u003eLearn about the API\u003c/a\u003e\r\n      \u003c/strong\u003e\r\n    \u003c/p\u003e\r\n    \u003cp style=\"font-size:12pt;font-family:'Segoe UI'\"\u003eThe API documentation provides all information necessary to make a request and to process a response. Code samples are provided per API operation in a variety of languages. Moreover, an interactive console allows making API calls directly from the developer portal without writing any code.\u003c/p\u003e\r\n    \u003cp style=\"font-size:12pt;font-family:'Segoe UI'\"\u003e\r\n      \u003cstrong\u003e\r\n        \u003ca href=\"http://$DevPortalUrl/applications\"\u003eFeature your app in the app gallery\u003c/a\u003e\r\n      \u003c/strong\u003e\r\n    \u003c/p\u003e\r\n    \u003cp style=\"font-size:12pt;font-family:'Segoe UI'\"\u003eYou can publish your application on our gallery for increased visibility to potential new users.\u003c/p\u003e\r\n    \u003cp style=\"font-size:12pt;font-family:'Segoe UI'\"\u003e\r\n      \u003cstrong\u003e\r\n        \u003ca href=\"http://$DevPortalUrl/issues\"\u003eStay in touch\u003c/a\u003e\r\n      \u003c/strong\u003e\r\n    \u003c/p\u003e\r\n    \u003cp style=\"font-size:12pt;font-family:'Segoe UI'\"\u003e\r\n          If you have an issue, a question, a suggestion, a request, or if you just want to tell us something, go to the \u003ca href=\"http://$DevPortalUrl/issues\"\u003eIssues\u003c/a\u003e page on the developer portal and create a new topic.\r\n        \u003c/p\u003e\r\n    \u003cp style=\"font-size:12pt;font-family:'Segoe UI'\"\u003eHappy hacking,\u003c/p\u003e\r\n    \u003cp style=\"font-size:12pt;font-family:'Segoe UI'\"\u003eThe $OrganizationName API Team\u003c/p\u003e\r\n    \u003ca style=\"font-size:12pt;font-family:'Segoe UI'\" href=\"http://$DevPortalUrl\"\u003e$DevPortalUrl\u003c/a\u003e\r\n  \u003c/body\u003e\r\n\u003c/html\u003e",
            "description": "Developers receive this acknowledgement email after subscribing to a product.",
            "id": "/subscriptions/ebeec867-0bac-448a-b3ba-197e572e0b4c/resourceGroups/Dev_API_ResourceGroup/providers/Microsoft.ApiManagement/service/dev00functionapp-apim/templates/PurchaseDeveloperNotificationMessage",
            "resource_group_name": "Dev_API_ResourceGroup",
            "subject": "Your subscription to the $ProdName",
            "template_name": "PurchaseDeveloperNotificationMessage",
            "timeouts": null,
            "title": "New subscription activated"
          },
          "sensitive_attributes": [],
          "identity_schema_version": 0,
          "private": "eyJlMmJmYjczMC1lY2FhLTExZTYtOGY4OC0zNDM2M2JjN2M0YzAiOnsiY3JlYXRlIjoxODAwMDAwMDAwMDAwLCJkZWxldGUiOjE4MDAwMDAwMDAwMDAsInJlYWQiOjMwMDAwMDAwMDAwMCwidXBkYXRlIjoxODAwMDAwMDAwMDAwfSwic2NoZW1hX3ZlcnNpb24iOiIwIn0="
        }
      ]
    },
    {
      "mode": "managed",
      "type": "azurerm_api_management_email_template",
      "name": "res-73",
      "provider": "provider[\"registry.terraform.io/hashicorp/azurerm\"]",
      "instances": [
        {
          "schema_version": 0,
          "attributes": {
            "api_management_name": "dev00functionapp-apim",
            "body": "\u003c!DOCTYPE html \u003e\r\n\u003chtml\u003e\r\n  \u003chead\u003e\r\n    \u003cstyle\u003e\r\n          body {font-size:12pt; font-family:\"Segoe UI\",\"Segoe WP\",\"Tahoma\",\"Arial\",\"sans-serif\";}\r\n          .alert { color: red; }\r\n          .child1 { padding-left: 20px; }\r\n          .child2 { padding-left: 40px; }\r\n          .number { text-align: right; }\r\n          .text { text-align: left; }\r\n          th, td { padding: 4px 10px; min-width: 100px; }\r\n          th { background-color: #DDDDDD;}\r\n        \u003c/style\u003e\r\n  \u003c/head\u003e\r\n  \u003cbody\u003e\r\n    \u003cp\u003eGreetings $DevFirstName $DevLastName!\u003c/p\u003e\r\n    \u003cp\u003e\r\n          You are approaching the quota limit on you subscription to the \u003cstrong\u003e$ProdName\u003c/strong\u003e product (primary key $SubPrimaryKey).\r\n          #if ($QuotaResetDate != \"\")\r\n          This quota will be renewed on $QuotaResetDate.\r\n          #else\r\n          This quota will not be renewed.\r\n          #end\r\n        \u003c/p\u003e\r\n    \u003cp\u003eBelow are details on quota usage for the subscription:\u003c/p\u003e\r\n    \u003cp\u003e\r\n      \u003ctable\u003e\r\n        \u003cthead\u003e\r\n          \u003cth class=\"text\"\u003eQuota Scope\u003c/th\u003e\r\n          \u003cth class=\"number\"\u003eCalls\u003c/th\u003e\r\n          \u003cth class=\"number\"\u003eCall Quota\u003c/th\u003e\r\n          \u003cth class=\"number\"\u003eBandwidth\u003c/th\u003e\r\n          \u003cth class=\"number\"\u003eBandwidth Quota\u003c/th\u003e\r\n        \u003c/thead\u003e\r\n        \u003ctbody\u003e\r\n          \u003ctr\u003e\r\n            \u003ctd class=\"text\"\u003eSubscription\u003c/td\u003e\r\n            \u003ctd class=\"number\"\u003e\r\n                  #if ($CallsAlert == true)\r\n                  \u003cspan class=\"alert\"\u003e$Calls\u003c/span\u003e\r\n                  #else\r\n                  $Calls\r\n                  #end\r\n                \u003c/td\u003e\r\n            \u003ctd class=\"number\"\u003e$CallQuota\u003c/td\u003e\r\n            \u003ctd class=\"number\"\u003e\r\n                  #if ($BandwidthAlert == true)\r\n                  \u003cspan class=\"alert\"\u003e$Bandwidth\u003c/span\u003e\r\n                  #else\r\n                  $Bandwidth\r\n                  #end\r\n                \u003c/td\u003e\r\n            \u003ctd class=\"number\"\u003e$BandwidthQuota\u003c/td\u003e\r\n          \u003c/tr\u003e\r\n              #foreach ($api in $Apis)\r\n              \u003ctr\u003e\u003ctd class=\"child1 text\"\u003eAPI: $api.Name\u003c/td\u003e\u003ctd class=\"number\"\u003e\r\n                  #if ($api.CallsAlert == true)\r\n                  \u003cspan class=\"alert\"\u003e$api.Calls\u003c/span\u003e\r\n                  #else\r\n                  $api.Calls\r\n                  #end\r\n                \u003c/td\u003e\u003ctd class=\"number\"\u003e$api.CallQuota\u003c/td\u003e\u003ctd class=\"number\"\u003e\r\n                  #if ($api.BandwidthAlert == true)\r\n                  \u003cspan class=\"alert\"\u003e$api.Bandwidth\u003c/span\u003e\r\n                  #else\r\n                  $api.Bandwidth\r\n                  #end\r\n                \u003c/td\u003e\u003ctd class=\"number\"\u003e$api.BandwidthQuota\u003c/td\u003e\u003c/tr\u003e\r\n              #foreach ($operation in $api.Operations)\r\n              \u003ctr\u003e\u003ctd class=\"child2 text\"\u003eOperation: $operation.Name\u003c/td\u003e\u003ctd class=\"number\"\u003e\r\n                  #if ($operation.CallsAlert == true)\r\n                  \u003cspan class=\"alert\"\u003e$operation.Calls\u003c/span\u003e\r\n                  #else\r\n                  $operation.Calls\r\n                  #end\r\n                \u003c/td\u003e\u003ctd class=\"number\"\u003e$operation.CallQuota\u003c/td\u003e\u003ctd class=\"number\"\u003e\r\n                  #if ($operation.BandwidthAlert == true)\r\n                  \u003cspan class=\"alert\"\u003e$operation.Bandwidth\u003c/span\u003e\r\n                  #else\r\n                  $operation.Bandwidth\r\n                  #end\r\n                \u003c/td\u003e\u003ctd class=\"number\"\u003e$operation.BandwidthQuota\u003c/td\u003e\u003c/tr\u003e\r\n              #end\r\n              #end\r\n            \u003c/tbody\u003e\r\n      \u003c/table\u003e\r\n    \u003c/p\u003e\r\n    \u003cp\u003eThank you,\u003c/p\u003e\r\n    \u003cp\u003e$OrganizationName API Team\u003c/p\u003e\r\n    \u003ca href=\"$DevPortalUrl\"\u003e$DevPortalUrl\u003c/a\u003e\r\n    \u003cp /\u003e\r\n  \u003c/body\u003e\r\n\u003c/html\u003e",
            "description": "Developers receive this email to alert them when they are approaching a quota limit.",
            "id": "/subscriptions/ebeec867-0bac-448a-b3ba-197e572e0b4c/resourceGroups/Dev_API_ResourceGroup/providers/Microsoft.ApiManagement/service/dev00functionapp-apim/templates/QuotaLimitApproachingDeveloperNotificationMessage",
            "resource_group_name": "Dev_API_ResourceGroup",
            "subject": "You are approaching an API quota limit",
            "template_name": "QuotaLimitApproachingDeveloperNotificationMessage",
            "timeouts": null,
            "title": "Developer quota limit approaching notification"
          },
          "sensitive_attributes": [],
          "identity_schema_version": 0,
          "private": "eyJlMmJmYjczMC1lY2FhLTExZTYtOGY4OC0zNDM2M2JjN2M0YzAiOnsiY3JlYXRlIjoxODAwMDAwMDAwMDAwLCJkZWxldGUiOjE4MDAwMDAwMDAwMDAsInJlYWQiOjMwMDAwMDAwMDAwMCwidXBkYXRlIjoxODAwMDAwMDAwMDAwfSwic2NoZW1hX3ZlcnNpb24iOiIwIn0="
        }
      ]
    },
    {
      "mode": "managed",
      "type": "azurerm_api_management_email_template",
      "name": "res-74",
      "provider": "provider[\"registry.terraform.io/hashicorp/azurerm\"]",
      "instances": [
        {
          "schema_version": 0,
          "attributes": {
            "api_management_name": "dev00functionapp-apim",
            "body": "\u003c!DOCTYPE html \u003e\r\n\u003chtml\u003e\r\n  \u003chead /\u003e\r\n  \u003cbody\u003e\r\n    \u003cp style=\"font-size:12pt;font-family:'Segoe UI'\"\u003eDear $DevFirstName $DevLastName,\u003c/p\u003e\r\n    \u003cp style=\"font-size:12pt;font-family:'Segoe UI'\"\u003e\r\n          We would like to inform you that we reviewed your subscription request for the \u003cstrong\u003e$ProdName\u003c/strong\u003e.\r\n        \u003c/p\u003e\r\n        #if ($SubDeclineReason == \"\")\r\n        \u003cp style=\"font-size:12pt;font-family:'Segoe UI'\"\u003eRegretfully, we were unable to approve it, as subscriptions are temporarily suspended at this time.\u003c/p\u003e\r\n        #else\r\n        \u003cp style=\"font-size:12pt;font-family:'Segoe UI'\"\u003e\r\n          Regretfully, we were unable to approve it at this time for the following reason:\r\n          \u003cdiv style=\"margin-left: 1.5em;\"\u003e $SubDeclineReason \u003c/div\u003e\u003c/p\u003e\r\n        #end\r\n        \u003cp style=\"font-size:12pt;font-family:'Segoe UI'\"\u003e We truly appreciate your interest. \u003c/p\u003e\u003cp style=\"font-size:12pt;font-family:'Segoe UI'\"\u003eAll the best,\u003c/p\u003e\u003cp style=\"font-size:12pt;font-family:'Segoe UI'\"\u003eThe $OrganizationName API Team\u003c/p\u003e\u003ca style=\"font-size:12pt;font-family:'Segoe UI'\" href=\"http://$DevPortalUrl\"\u003e$DevPortalUrl\u003c/a\u003e\u003c/body\u003e\r\n\u003c/html\u003e",
            "description": "This email is sent to developers when their subscription requests for products requiring publisher approval is declined.",
            "id": "/subscriptions/ebeec867-0bac-448a-b3ba-197e572e0b4c/resourceGroups/Dev_API_ResourceGroup/providers/Microsoft.ApiManagement/service/dev00functionapp-apim/templates/RejectDeveloperNotificationMessage",
            "resource_group_name": "Dev_API_ResourceGroup",
            "subject": "Your subscription request for the $ProdName",
            "template_name": "RejectDeveloperNotificationMessage",
            "timeouts": null,
            "title": "Subscription request declined"
          },
          "sensitive_attributes": [],
          "identity_schema_version": 0,
          "private": "eyJlMmJmYjczMC1lY2FhLTExZTYtOGY4OC0zNDM2M2JjN2M0YzAiOnsiY3JlYXRlIjoxODAwMDAwMDAwMDAwLCJkZWxldGUiOjE4MDAwMDAwMDAwMDAsInJlYWQiOjMwMDAwMDAwMDAwMCwidXBkYXRlIjoxODAwMDAwMDAwMDAwfSwic2NoZW1hX3ZlcnNpb24iOiIwIn0="
        }
      ]
    },
    {
      "mode": "managed",
      "type": "azurerm_api_management_email_template",
      "name": "res-75",
      "provider": "provider[\"registry.terraform.io/hashicorp/azurerm\"]",
      "instances": [
        {
          "schema_version": 0,
          "attributes": {
            "api_management_name": "dev00functionapp-apim",
            "body": "\u003c!DOCTYPE html \u003e\r\n\u003chtml\u003e\r\n  \u003chead /\u003e\r\n  \u003cbody\u003e\r\n    \u003cp style=\"font-size:12pt;font-family:'Segoe UI'\"\u003eDear $DevFirstName $DevLastName,\u003c/p\u003e\r\n    \u003cp style=\"font-size:12pt;font-family:'Segoe UI'\"\u003e\r\n          Thank you for your interest in our \u003cstrong\u003e$ProdName\u003c/strong\u003e API product!\r\n        \u003c/p\u003e\r\n    \u003cp style=\"font-size:12pt;font-family:'Segoe UI'\"\u003e\r\n          We were delighted to receive your subscription request. We will promptly review it and get back to you at \u003cstrong\u003e$DevEmail\u003c/strong\u003e.\r\n        \u003c/p\u003e\r\n    \u003cp style=\"font-size:12pt;font-family:'Segoe UI'\"\u003eThank you,\u003c/p\u003e\r\n    \u003cp style=\"font-size:12pt;font-family:'Segoe UI'\"\u003eThe $OrganizationName API Team\u003c/p\u003e\r\n    \u003ca style=\"font-size:12pt;font-family:'Segoe UI'\" href=\"http://$DevPortalUrl\"\u003e$DevPortalUrl\u003c/a\u003e\r\n  \u003c/body\u003e\r\n\u003c/html\u003e",
            "description": "This email is sent to developers to acknowledge receipt of their subscription requests for products requiring publisher approval.",
            "id": "/subscriptions/ebeec867-0bac-448a-b3ba-197e572e0b4c/resourceGroups/Dev_API_ResourceGroup/providers/Microsoft.ApiManagement/service/dev00functionapp-apim/templates/RequestDeveloperNotificationMessage",
            "resource_group_name": "Dev_API_ResourceGroup",
            "subject": "Your subscription request for the $ProdName",
            "template_name": "RequestDeveloperNotificationMessage",
            "timeouts": null,
            "title": "Subscription request received"
          },
          "sensitive_attributes": [],
          "identity_schema_version": 0,
          "private": "eyJlMmJmYjczMC1lY2FhLTExZTYtOGY4OC0zNDM2M2JjN2M0YzAiOnsiY3JlYXRlIjoxODAwMDAwMDAwMDAwLCJkZWxldGUiOjE4MDAwMDAwMDAwMDAsInJlYWQiOjMwMDAwMDAwMDAwMCwidXBkYXRlIjoxODAwMDAwMDAwMDAwfSwic2NoZW1hX3ZlcnNpb24iOiIwIn0="
        }
      ]
    },
    {
      "mode": "managed",
      "type": "azurerm_api_management_group",
      "name": "res-18",
      "provider": "provider[\"registry.terraform.io/hashicorp/azurerm\"]",
      "instances": [
        {
          "schema_version": 0,
          "attributes": {
            "api_management_name": "dev00functionapp-apim",
            "description": "Administrators is a built-in group containing the admin email account provided at the time of service creation. Its membership is managed by the system.",
            "display_name": "Administrators",
            "external_id": "",
            "id": "/subscriptions/ebeec867-0bac-448a-b3ba-197e572e0b4c/resourceGroups/Dev_API_ResourceGroup/providers/Microsoft.ApiManagement/service/dev00functionapp-apim/groups/administrators",
            "name": "administrators",
            "resource_group_name": "Dev_API_ResourceGroup",
            "timeouts": null,
            "type": "system"
          },
          "sensitive_attributes": [],
          "identity_schema_version": 0,
          "private": "eyJlMmJmYjczMC1lY2FhLTExZTYtOGY4OC0zNDM2M2JjN2M0YzAiOnsiY3JlYXRlIjoxODAwMDAwMDAwMDAwLCJkZWxldGUiOjE4MDAwMDAwMDAwMDAsInJlYWQiOjMwMDAwMDAwMDAwMCwidXBkYXRlIjoxODAwMDAwMDAwMDAwfSwic2NoZW1hX3ZlcnNpb24iOiIwIn0="
        }
      ]
    },
    {
      "mode": "managed",
      "type": "azurerm_api_management_group",
      "name": "res-20",
      "provider": "provider[\"registry.terraform.io/hashicorp/azurerm\"]",
      "instances": [
        {
          "schema_version": 0,
          "attributes": {
            "api_management_name": "dev00functionapp-apim",
            "description": "Developers is a built-in group. Its membership is managed by the system. Signed-in users fall into this group.",
            "display_name": "Developers",
            "external_id": "",
            "id": "/subscriptions/ebeec867-0bac-448a-b3ba-197e572e0b4c/resourceGroups/Dev_API_ResourceGroup/providers/Microsoft.ApiManagement/service/dev00functionapp-apim/groups/developers",
            "name": "developers",
            "resource_group_name": "Dev_API_ResourceGroup",
            "timeouts": null,
            "type": "system"
          },
          "sensitive_attributes": [],
          "identity_schema_version": 0,
          "private": "eyJlMmJmYjczMC1lY2FhLTExZTYtOGY4OC0zNDM2M2JjN2M0YzAiOnsiY3JlYXRlIjoxODAwMDAwMDAwMDAwLCJkZWxldGUiOjE4MDAwMDAwMDAwMDAsInJlYWQiOjMwMDAwMDAwMDAwMCwidXBkYXRlIjoxODAwMDAwMDAwMDAwfSwic2NoZW1hX3ZlcnNpb24iOiIwIn0="
        }
      ]
    },
    {
      "mode": "managed",
      "type": "azurerm_api_management_group",
      "name": "res-22",
      "provider": "provider[\"registry.terraform.io/hashicorp/azurerm\"]",
      "instances": [
        {
          "schema_version": 0,
          "attributes": {
            "api_management_name": "dev00functionapp-apim",
            "description": "Guests is a built-in group. Its membership is managed by the system. Unauthenticated users visiting the developer portal fall into this group.",
            "display_name": "Guests",
            "external_id": "",
            "id": "/subscriptions/ebeec867-0bac-448a-b3ba-197e572e0b4c/resourceGroups/Dev_API_ResourceGroup/providers/Microsoft.ApiManagement/service/dev00functionapp-apim/groups/guests",
            "name": "guests",
            "resource_group_name": "Dev_API_ResourceGroup",
            "timeouts": null,
            "type": "system"
          },
          "sensitive_attributes": [],
          "identity_schema_version": 0,
          "private": "eyJlMmJmYjczMC1lY2FhLTExZTYtOGY4OC0zNDM2M2JjN2M0YzAiOnsiY3JlYXRlIjoxODAwMDAwMDAwMDAwLCJkZWxldGUiOjE4MDAwMDAwMDAwMDAsInJlYWQiOjMwMDAwMDAwMDAwMCwidXBkYXRlIjoxODAwMDAwMDAwMDAwfSwic2NoZW1hX3ZlcnNpb24iOiIwIn0="
        }
      ]
    },
    {
      "mode": "managed",
      "type": "azurerm_api_management_group_user",
      "name": "res-19",
      "provider": "provider[\"registry.terraform.io/hashicorp/azurerm\"]",
      "instances": [
        {
          "schema_version": 0,
          "attributes": {
            "api_management_name": "dev00functionapp-apim",
            "group_name": "administrators",
            "id": "/subscriptions/ebeec867-0bac-448a-b3ba-197e572e0b4c/resourceGroups/Dev_API_ResourceGroup/providers/Microsoft.ApiManagement/service/dev00functionapp-apim/groups/administrators/users/1",
            "resource_group_name": "Dev_API_ResourceGroup",
            "timeouts": null,
            "user_id": "1"
          },
          "sensitive_attributes": [],
          "identity_schema_version": 0,
          "private": "eyJlMmJmYjczMC1lY2FhLTExZTYtOGY4OC0zNDM2M2JjN2M0YzAiOnsiY3JlYXRlIjoxODAwMDAwMDAwMDAwLCJkZWxldGUiOjE4MDAwMDAwMDAwMDAsInJlYWQiOjMwMDAwMDAwMDAwMH0sInNjaGVtYV92ZXJzaW9uIjoiMCJ9"
        }
      ]
    },
    {
      "mode": "managed",
      "type": "azurerm_api_management_group_user",
      "name": "res-21",
      "provider": "provider[\"registry.terraform.io/hashicorp/azurerm\"]",
      "instances": [
        {
          "schema_version": 0,
          "attributes": {
            "api_management_name": "dev00functionapp-apim",
            "group_name": "developers",
            "id": "/subscriptions/ebeec867-0bac-448a-b3ba-197e572e0b4c/resourceGroups/Dev_API_ResourceGroup/providers/Microsoft.ApiManagement/service/dev00functionapp-apim/groups/developers/users/1",
            "resource_group_name": "Dev_API_ResourceGroup",
            "timeouts": null,
            "user_id": "1"
          },
          "sensitive_attributes": [],
          "identity_schema_version": 0,
          "private": "eyJlMmJmYjczMC1lY2FhLTExZTYtOGY4OC0zNDM2M2JjN2M0YzAiOnsiY3JlYXRlIjoxODAwMDAwMDAwMDAwLCJkZWxldGUiOjE4MDAwMDAwMDAwMDAsInJlYWQiOjMwMDAwMDAwMDAwMH0sInNjaGVtYV92ZXJzaW9uIjoiMCJ9"
        }
      ]
    },
    {
      "mode": "managed",
      "type": "azurerm_api_management_named_value",
      "name": "res-23",
      "provider": "provider[\"registry.terraform.io/hashicorp/azurerm\"]",
      "instances": [
        {
          "schema_version": 0,
          "attributes": {
            "api_management_name": "dev00functionapp-apim",
            "display_name": "dev00functionapp-key",
            "id": "/subscriptions/ebeec867-0bac-448a-b3ba-197e572e0b4c/resourceGroups/Dev_API_ResourceGroup/providers/Microsoft.ApiManagement/service/dev00functionapp-apim/namedValues/dev00functionapp-key",
            "name": "dev00functionapp-key",
            "resource_group_name": "Dev_API_ResourceGroup",
            "secret": true,
            "tags": [
              "key",
              "function",
              "auto"
            ],
            "timeouts": null,
            "value": null,
            "value_from_key_vault": []
          },
          "sensitive_attributes": [
            [
              {
                "type": "get_attr",
                "value": "value"
              }
            ]
          ],
          "identity_schema_version": 0,
          "private": "eyJlMmJmYjczMC1lY2FhLTExZTYtOGY4OC0zNDM2M2JjN2M0YzAiOnsiY3JlYXRlIjoxODAwMDAwMDAwMDAwLCJkZWxldGUiOjE4MDAwMDAwMDAwMDAsInJlYWQiOjMwMDAwMDAwMDAwMCwidXBkYXRlIjoxODAwMDAwMDAwMDAwfSwic2NoZW1hX3ZlcnNpb24iOiIwIn0="
        }
      ]
    },
    {
      "mode": "managed",
      "type": "azurerm_api_management_policy",
      "name": "res-31",
      "provider": "provider[\"registry.terraform.io/hashicorp/azurerm\"]",
      "instances": [
        {
          "schema_version": 3,
          "attributes": {
            "api_management_id": "/subscriptions/ebeec867-0bac-448a-b3ba-197e572e0b4c/resourceGroups/Dev_API_ResourceGroup/providers/Microsoft.ApiManagement/service/dev00functionapp-apim",
            "id": "/subscriptions/ebeec867-0bac-448a-b3ba-197e572e0b4c/resourceGroups/Dev_API_ResourceGroup/providers/Microsoft.ApiManagement/service/dev00functionapp-apim",
            "timeouts": null,
            "xml_content": "\u003c!--\r\n    IMPORTANT:\r\n    - Policy elements can appear only within the \u003cinbound\u003e, \u003coutbound\u003e, \u003cbackend\u003e section elements.\r\n    - Only the \u003cforward-request\u003e policy element can appear within the \u003cbackend\u003e section element.\r\n    - To apply a policy to the incoming request (before it is forwarded to the backend service), place a corresponding policy element within the \u003cinbound\u003e section element.\r\n    - To apply a policy to the outgoing response (before it is sent back to the caller), place a corresponding policy element within the \u003coutbound\u003e section element.\r\n    - To add a policy position the cursor at the desired insertion point and click on the round button associated with the policy.\r\n    - To remove a policy, delete the corresponding policy statement from the policy document.\r\n    - Policies are applied in the order of their appearance, from the top down.\r\n--\u003e\r\n\u003cpolicies\u003e\r\n\t\u003cinbound /\u003e\r\n\t\u003cbackend\u003e\r\n\t\t\u003cforward-request /\u003e\r\n\t\u003c/backend\u003e\r\n\t\u003coutbound /\u003e\r\n\u003c/policies\u003e",
            "xml_link": null
          },
          "sensitive_attributes": [],
          "identity_schema_version": 0,
          "private": "eyJlMmJmYjczMC1lY2FhLTExZTYtOGY4OC0zNDM2M2JjN2M0YzAiOnsiY3JlYXRlIjoxODAwMDAwMDAwMDAwLCJkZWxldGUiOjE4MDAwMDAwMDAwMDAsInJlYWQiOjMwMDAwMDAwMDAwMCwidXBkYXRlIjoxODAwMDAwMDAwMDAwfSwic2NoZW1hX3ZlcnNpb24iOiIzIn0="
        }
      ]
    },
    {
      "mode": "managed",
      "type": "azurerm_api_management_product",
      "name": "res-36",
      "provider": "provider[\"registry.terraform.io/hashicorp/azurerm\"]",
      "instances": [
        {
          "schema_version": 0,
          "attributes": {
            "api_management_name": "dev00functionapp-apim",
            "approval_required": false,
            "description": "Subscribers will be able to run 5 calls/minute up to a maximum of 100 calls/week.",
            "display_name": "Starter",
            "id": "/subscriptions/ebeec867-0bac-448a-b3ba-197e572e0b4c/resourceGroups/Dev_API_ResourceGroup/providers/Microsoft.ApiManagement/service/dev00functionapp-apim/products/starter",
            "product_id": "starter",
            "published": true,
            "resource_group_name": "Dev_API_ResourceGroup",
            "subscription_required": true,
            "subscriptions_limit": 1,
            "terms": "",
            "timeouts": null
          },
          "sensitive_attributes": [],
          "identity_schema_version": 0,
          "private": "eyJlMmJmYjczMC1lY2FhLTExZTYtOGY4OC0zNDM2M2JjN2M0YzAiOnsiY3JlYXRlIjoxODAwMDAwMDAwMDAwLCJkZWxldGUiOjE4MDAwMDAwMDAwMDAsInJlYWQiOjMwMDAwMDAwMDAwMCwidXBkYXRlIjoxODAwMDAwMDAwMDAwfSwic2NoZW1hX3ZlcnNpb24iOiIwIn0="
        }
      ]
    },
    {
      "mode": "managed",
      "type": "azurerm_api_management_product",
      "name": "res-47",
      "provider": "provider[\"registry.terraform.io/hashicorp/azurerm\"]",
      "instances": [
        {
          "schema_version": 0,
          "attributes": {
            "api_management_name": "dev00functionapp-apim",
            "approval_required": true,
            "description": "Subscribers have completely unlimited access to the API. Administrator approval is required.",
            "display_name": "Unlimited",
            "id": "/subscriptions/ebeec867-0bac-448a-b3ba-197e572e0b4c/resourceGroups/Dev_API_ResourceGroup/providers/Microsoft.ApiManagement/service/dev00functionapp-apim/products/unlimited",
            "product_id": "unlimited",
            "published": true,
            "resource_group_name": "Dev_API_ResourceGroup",
            "subscription_required": true,
            "subscriptions_limit": 1,
            "terms": "",
            "timeouts": null
          },
          "sensitive_attributes": [],
          "identity_schema_version": 0,
          "private": "eyJlMmJmYjczMC1lY2FhLTExZTYtOGY4OC0zNDM2M2JjN2M0YzAiOnsiY3JlYXRlIjoxODAwMDAwMDAwMDAwLCJkZWxldGUiOjE4MDAwMDAwMDAwMDAsInJlYWQiOjMwMDAwMDAwMDAwMCwidXBkYXRlIjoxODAwMDAwMDAwMDAwfSwic2NoZW1hX3ZlcnNpb24iOiIwIn0="
        }
      ]
    },
    {
      "mode": "managed",
      "type": "azurerm_api_management_product_api",
      "name": "res-38",
      "provider": "provider[\"registry.terraform.io/hashicorp/azurerm\"]",
      "instances": [
        {
          "schema_version": 0,
          "attributes": {
            "api_management_name": "dev00functionapp-apim",
            "api_name": "echo-api",
            "id": "/subscriptions/ebeec867-0bac-448a-b3ba-197e572e0b4c/resourceGroups/Dev_API_ResourceGroup/providers/Microsoft.ApiManagement/service/dev00functionapp-apim/products/starter/apis/echo-api",
            "product_id": "starter",
            "resource_group_name": "Dev_API_ResourceGroup",
            "timeouts": null
          },
          "sensitive_attributes": [],
          "identity_schema_version": 0,
          "private": "eyJlMmJmYjczMC1lY2FhLTExZTYtOGY4OC0zNDM2M2JjN2M0YzAiOnsiY3JlYXRlIjoxODAwMDAwMDAwMDAwLCJkZWxldGUiOjE4MDAwMDAwMDAwMDAsInJlYWQiOjMwMDAwMDAwMDAwMH0sInNjaGVtYV92ZXJzaW9uIjoiMCJ9"
        }
      ]
    },
    {
      "mode": "managed",
      "type": "azurerm_api_management_product_api",
      "name": "res-49",
      "provider": "provider[\"registry.terraform.io/hashicorp/azurerm\"]",
      "instances": [
        {
          "schema_version": 0,
          "attributes": {
            "api_management_name": "dev00functionapp-apim",
            "api_name": "echo-api",
            "id": "/subscriptions/ebeec867-0bac-448a-b3ba-197e572e0b4c/resourceGroups/Dev_API_ResourceGroup/providers/Microsoft.ApiManagement/service/dev00functionapp-apim/products/unlimited/apis/echo-api",
            "product_id": "unlimited",
            "resource_group_name": "Dev_API_ResourceGroup",
            "timeouts": null
          },
          "sensitive_attributes": [],
          "identity_schema_version": 0,
          "private": "eyJlMmJmYjczMC1lY2FhLTExZTYtOGY4OC0zNDM2M2JjN2M0YzAiOnsiY3JlYXRlIjoxODAwMDAwMDAwMDAwLCJkZWxldGUiOjE4MDAwMDAwMDAwMDAsInJlYWQiOjMwMDAwMDAwMDAwMH0sInNjaGVtYV92ZXJzaW9uIjoiMCJ9"
        }
      ]
    },
    {
      "mode": "managed",
      "type": "azurerm_api_management_product_group",
      "name": "res-42",
      "provider": "provider[\"registry.terraform.io/hashicorp/azurerm\"]",
      "instances": [
        {
          "schema_version": 0,
          "attributes": {
            "api_management_name": "dev00functionapp-apim",
            "group_name": "administrators",
            "id": "/subscriptions/ebeec867-0bac-448a-b3ba-197e572e0b4c/resourceGroups/Dev_API_ResourceGroup/providers/Microsoft.ApiManagement/service/dev00functionapp-apim/products/starter/groups/administrators",
            "product_id": "starter",
            "resource_group_name": "Dev_API_ResourceGroup",
            "timeouts": null
          },
          "sensitive_attributes": [],
          "identity_schema_version": 0,
          "private": "eyJlMmJmYjczMC1lY2FhLTExZTYtOGY4OC0zNDM2M2JjN2M0YzAiOnsiY3JlYXRlIjoxODAwMDAwMDAwMDAwLCJkZWxldGUiOjE4MDAwMDAwMDAwMDAsInJlYWQiOjMwMDAwMDAwMDAwMH0sInNjaGVtYV92ZXJzaW9uIjoiMCJ9"
        }
      ]
    },
    {
      "mode": "managed",
      "type": "azurerm_api_management_product_group",
      "name": "res-43",
      "provider": "provider[\"registry.terraform.io/hashicorp/azurerm\"]",
      "instances": [
        {
          "schema_version": 0,
          "attributes": {
            "api_management_name": "dev00functionapp-apim",
            "group_name": "developers",
            "id": "/subscriptions/ebeec867-0bac-448a-b3ba-197e572e0b4c/resourceGroups/Dev_API_ResourceGroup/providers/Microsoft.ApiManagement/service/dev00functionapp-apim/products/starter/groups/developers",
            "product_id": "starter",
            "resource_group_name": "Dev_API_ResourceGroup",
            "timeouts": null
          },
          "sensitive_attributes": [],
          "identity_schema_version": 0,
          "private": "eyJlMmJmYjczMC1lY2FhLTExZTYtOGY4OC0zNDM2M2JjN2M0YzAiOnsiY3JlYXRlIjoxODAwMDAwMDAwMDAwLCJkZWxldGUiOjE4MDAwMDAwMDAwMDAsInJlYWQiOjMwMDAwMDAwMDAwMH0sInNjaGVtYV92ZXJzaW9uIjoiMCJ9"
        }
      ]
    },
    {
      "mode": "managed",
      "type": "azurerm_api_management_product_group",
      "name": "res-44",
      "provider": "provider[\"registry.terraform.io/hashicorp/azurerm\"]",
      "instances": [
        {
          "schema_version": 0,
          "attributes": {
            "api_management_name": "dev00functionapp-apim",
            "group_name": "guests",
            "id": "/subscriptions/ebeec867-0bac-448a-b3ba-197e572e0b4c/resourceGroups/Dev_API_ResourceGroup/providers/Microsoft.ApiManagement/service/dev00functionapp-apim/products/starter/groups/guests",
            "product_id": "starter",
            "resource_group_name": "Dev_API_ResourceGroup",
            "timeouts": null
          },
          "sensitive_attributes": [],
          "identity_schema_version": 0,
          "private": "eyJlMmJmYjczMC1lY2FhLTExZTYtOGY4OC0zNDM2M2JjN2M0YzAiOnsiY3JlYXRlIjoxODAwMDAwMDAwMDAwLCJkZWxldGUiOjE4MDAwMDAwMDAwMDAsInJlYWQiOjMwMDAwMDAwMDAwMH0sInNjaGVtYV92ZXJzaW9uIjoiMCJ9"
        }
      ]
    },
    {
      "mode": "managed",
      "type": "azurerm_api_management_product_group",
      "name": "res-53",
      "provider": "provider[\"registry.terraform.io/hashicorp/azurerm\"]",
      "instances": [
        {
          "schema_version": 0,
          "attributes": {
            "api_management_name": "dev00functionapp-apim",
            "group_name": "administrators",
            "id": "/subscriptions/ebeec867-0bac-448a-b3ba-197e572e0b4c/resourceGroups/Dev_API_ResourceGroup/providers/Microsoft.ApiManagement/service/dev00functionapp-apim/products/unlimited/groups/administrators",
            "product_id": "unlimited",
            "resource_group_name": "Dev_API_ResourceGroup",
            "timeouts": null
          },
          "sensitive_attributes": [],
          "identity_schema_version": 0,
          "private": "eyJlMmJmYjczMC1lY2FhLTExZTYtOGY4OC0zNDM2M2JjN2M0YzAiOnsiY3JlYXRlIjoxODAwMDAwMDAwMDAwLCJkZWxldGUiOjE4MDAwMDAwMDAwMDAsInJlYWQiOjMwMDAwMDAwMDAwMH0sInNjaGVtYV92ZXJzaW9uIjoiMCJ9"
        }
      ]
    },
    {
      "mode": "managed",
      "type": "azurerm_api_management_product_group",
      "name": "res-54",
      "provider": "provider[\"registry.terraform.io/hashicorp/azurerm\"]",
      "instances": [
        {
          "schema_version": 0,
          "attributes": {
            "api_management_name": "dev00functionapp-apim",
            "group_name": "developers",
            "id": "/subscriptions/ebeec867-0bac-448a-b3ba-197e572e0b4c/resourceGroups/Dev_API_ResourceGroup/providers/Microsoft.ApiManagement/service/dev00functionapp-apim/products/unlimited/groups/developers",
            "product_id": "unlimited",
            "resource_group_name": "Dev_API_ResourceGroup",
            "timeouts": null
          },
          "sensitive_attributes": [],
          "identity_schema_version": 0,
          "private": "eyJlMmJmYjczMC1lY2FhLTExZTYtOGY4OC0zNDM2M2JjN2M0YzAiOnsiY3JlYXRlIjoxODAwMDAwMDAwMDAwLCJkZWxldGUiOjE4MDAwMDAwMDAwMDAsInJlYWQiOjMwMDAwMDAwMDAwMH0sInNjaGVtYV92ZXJzaW9uIjoiMCJ9"
        }
      ]
    },
    {
      "mode": "managed",
      "type": "azurerm_api_management_product_group",
      "name": "res-55",
      "provider": "provider[\"registry.terraform.io/hashicorp/azurerm\"]",
      "instances": [
        {
          "schema_version": 0,
          "attributes": {
            "api_management_name": "dev00functionapp-apim",
            "group_name": "guests",
            "id": "/subscriptions/ebeec867-0bac-448a-b3ba-197e572e0b4c/resourceGroups/Dev_API_ResourceGroup/providers/Microsoft.ApiManagement/service/dev00functionapp-apim/products/unlimited/groups/guests",
            "product_id": "unlimited",
            "resource_group_name": "Dev_API_ResourceGroup",
            "timeouts": null
          },
          "sensitive_attributes": [],
          "identity_schema_version": 0,
          "private": "eyJlMmJmYjczMC1lY2FhLTExZTYtOGY4OC0zNDM2M2JjN2M0YzAiOnsiY3JlYXRlIjoxODAwMDAwMDAwMDAwLCJkZWxldGUiOjE4MDAwMDAwMDAwMDAsInJlYWQiOjMwMDAwMDAwMDAwMH0sInNjaGVtYV92ZXJzaW9uIjoiMCJ9"
        }
      ]
    },
    {
      "mode": "managed",
      "type": "azurerm_api_management_product_policy",
      "name": "res-45",
      "provider": "provider[\"registry.terraform.io/hashicorp/azurerm\"]",
      "instances": [
        {
          "schema_version": 2,
          "attributes": {
            "api_management_name": "dev00functionapp-apim",
            "id": "/subscriptions/ebeec867-0bac-448a-b3ba-197e572e0b4c/resourceGroups/Dev_API_ResourceGroup/providers/Microsoft.ApiManagement/service/dev00functionapp-apim/products/starter",
            "product_id": "starter",
            "resource_group_name": "Dev_API_ResourceGroup",
            "timeouts": null,
            "xml_content": "\u003c!--\r\n            IMPORTANT:\r\n            - Policy elements can appear only within the \u003cinbound\u003e, \u003coutbound\u003e, \u003cbackend\u003e section elements.\r\n            - Only the \u003cforward-request\u003e policy element can appear within the \u003cbackend\u003e section element.\r\n            - To apply a policy to the incoming request (before it is forwarded to the backend service), place a corresponding policy element within the \u003cinbound\u003e section element.\r\n            - To apply a policy to the outgoing response (before it is sent back to the caller), place a corresponding policy element within the \u003coutbound\u003e section element.\r\n            - To add a policy position the cursor at the desired insertion point and click on the round button associated with the policy.\r\n            - To remove a policy, delete the corresponding policy statement from the policy document.\r\n            - Position the \u003cbase\u003e element within a section element to inherit all policies from the corresponding section element in the enclosing scope.\r\n            - Remove the \u003cbase\u003e element to prevent inheriting policies from the corresponding section element in the enclosing scope.\r\n            - Policies are applied in the order of their appearance, from the top down.\r\n        --\u003e\r\n\u003cpolicies\u003e\r\n\t\u003cinbound\u003e\r\n\t\t\u003crate-limit calls=\"5\" renewal-period=\"60\" /\u003e\r\n\t\t\u003cquota calls=\"100\" renewal-period=\"604800\" /\u003e\r\n\t\t\u003cbase /\u003e\r\n\t\u003c/inbound\u003e\r\n\t\u003cbackend\u003e\r\n\t\t\u003cbase /\u003e\r\n\t\u003c/backend\u003e\r\n\t\u003coutbound\u003e\r\n\t\t\u003cbase /\u003e\r\n\t\u003c/outbound\u003e\r\n\u003c/policies\u003e",
            "xml_link": null
          },
          "sensitive_attributes": [],
          "identity_schema_version": 0,
          "private": "eyJlMmJmYjczMC1lY2FhLTExZTYtOGY4OC0zNDM2M2JjN2M0YzAiOnsiY3JlYXRlIjoxODAwMDAwMDAwMDAwLCJkZWxldGUiOjE4MDAwMDAwMDAwMDAsInJlYWQiOjMwMDAwMDAwMDAwMCwidXBkYXRlIjoxODAwMDAwMDAwMDAwfSwic2NoZW1hX3ZlcnNpb24iOiIyIn0="
        }
      ]
    },
    {
      "mode": "managed",
      "type": "azurerm_api_management_subscription",
      "name": "res-58",
      "provider": "provider[\"registry.terraform.io/hashicorp/azurerm\"]",
      "instances": [
        {
          "schema_version": 0,
          "attributes": {
            "allow_tracing": false,
            "api_id": "",
            "api_management_name": "dev00functionapp-apim",
            "display_name": "",
            "id": "/subscriptions/ebeec867-0bac-448a-b3ba-197e572e0b4c/resourceGroups/Dev_API_ResourceGroup/providers/Microsoft.ApiManagement/service/dev00functionapp-apim/subscriptions/6864aa0c0becef0048070001",
            "primary_key": "ea1190c8bb72466082eff2cba58257e0",
            "product_id": "/subscriptions/ebeec867-0bac-448a-b3ba-197e572e0b4c/resourceGroups/Dev_API_ResourceGroup/providers/Microsoft.ApiManagement/service/dev00functionapp-apim/products/starter",
            "resource_group_name": "Dev_API_ResourceGroup",
            "secondary_key": "ebe16e5ad42240e49b296127bf1e2fa5",
            "state": "active",
            "subscription_id": "6864aa0c0becef0048070001",
            "timeouts": null,
            "user_id": "/subscriptions/ebeec867-0bac-448a-b3ba-197e572e0b4c/resourceGroups/Dev_API_ResourceGroup/providers/Microsoft.ApiManagement/service/dev00functionapp-apim/users/1"
          },
          "sensitive_attributes": [
            [
              {
                "type": "get_attr",
                "value": "primary_key"
              }
            ],
            [
              {
                "type": "get_attr",
                "value": "secondary_key"
              }
            ]
          ],
          "identity_schema_version": 0,
          "private": "eyJlMmJmYjczMC1lY2FhLTExZTYtOGY4OC0zNDM2M2JjN2M0YzAiOnsiY3JlYXRlIjoxODAwMDAwMDAwMDAwLCJkZWxldGUiOjE4MDAwMDAwMDAwMDAsInJlYWQiOjMwMDAwMDAwMDAwMCwidXBkYXRlIjoxODAwMDAwMDAwMDAwfSwic2NoZW1hX3ZlcnNpb24iOiIwIn0="
        }
      ]
    },
    {
      "mode": "managed",
      "type": "azurerm_api_management_subscription",
      "name": "res-59",
      "provider": "provider[\"registry.terraform.io/hashicorp/azurerm\"]",
      "instances": [
        {
          "schema_version": 0,
          "attributes": {
            "allow_tracing": false,
            "api_id": "",
            "api_management_name": "dev00functionapp-apim",
            "display_name": "",
            "id": "/subscriptions/ebeec867-0bac-448a-b3ba-197e572e0b4c/resourceGroups/Dev_API_ResourceGroup/providers/Microsoft.ApiManagement/service/dev00functionapp-apim/subscriptions/6864aa0c0becef0048070002",
            "primary_key": "38a327e982ef475aa491debc98fa1160",
            "product_id": "/subscriptions/ebeec867-0bac-448a-b3ba-197e572e0b4c/resourceGroups/Dev_API_ResourceGroup/providers/Microsoft.ApiManagement/service/dev00functionapp-apim/products/unlimited",
            "resource_group_name": "Dev_API_ResourceGroup",
            "secondary_key": "0f203e75236748ac9a5823f89bdca135",
            "state": "active",
            "subscription_id": "6864aa0c0becef0048070002",
            "timeouts": null,
            "user_id": "/subscriptions/ebeec867-0bac-448a-b3ba-197e572e0b4c/resourceGroups/Dev_API_ResourceGroup/providers/Microsoft.ApiManagement/service/dev00functionapp-apim/users/1"
          },
          "sensitive_attributes": [
            [
              {
                "type": "get_attr",
                "value": "primary_key"
              }
            ],
            [
              {
                "type": "get_attr",
                "value": "secondary_key"
              }
            ]
          ],
          "identity_schema_version": 0,
          "private": "eyJlMmJmYjczMC1lY2FhLTExZTYtOGY4OC0zNDM2M2JjN2M0YzAiOnsiY3JlYXRlIjoxODAwMDAwMDAwMDAwLCJkZWxldGUiOjE4MDAwMDAwMDAwMDAsInJlYWQiOjMwMDAwMDAwMDAwMCwidXBkYXRlIjoxODAwMDAwMDAwMDAwfSwic2NoZW1hX3ZlcnNpb24iOiIwIn0="
        }
      ]
    },
    {
      "mode": "managed",
      "type": "azurerm_api_management_subscription",
      "name": "res-61",
      "provider": "provider[\"registry.terraform.io/hashicorp/azurerm\"]",
      "instances": [
        {
          "schema_version": 0,
          "attributes": {
            "allow_tracing": false,
            "api_id": "/subscriptions/ebeec867-0bac-448a-b3ba-197e572e0b4c/resourceGroups/Dev_API_ResourceGroup/providers/Microsoft.ApiManagement/service/dev00functionapp-apim/apis/dev00functionapp",
            "api_management_name": "dev00functionapp-apim",
            "display_name": "public",
            "id": "/subscriptions/ebeec867-0bac-448a-b3ba-197e572e0b4c/resourceGroups/Dev_API_ResourceGroup/providers/Microsoft.ApiManagement/service/dev00functionapp-apim/subscriptions/public",
            "primary_key": "3a4c6d96b4a2413f982ac0c56f59f09b",
            "product_id": "",
            "resource_group_name": "Dev_API_ResourceGroup",
            "secondary_key": "4b305fc681e44319b44084ade027973e",
            "state": "active",
            "subscription_id": "public",
            "timeouts": null,
            "user_id": "/subscriptions/ebeec867-0bac-448a-b3ba-197e572e0b4c/resourceGroups/Dev_API_ResourceGroup/providers/Microsoft.ApiManagement/service/dev00functionapp-apim/users/1"
          },
          "sensitive_attributes": [
            [
              {
                "type": "get_attr",
                "value": "primary_key"
              }
            ],
            [
              {
                "type": "get_attr",
                "value": "secondary_key"
              }
            ]
          ],
          "identity_schema_version": 0,
          "private": "eyJlMmJmYjczMC1lY2FhLTExZTYtOGY4OC0zNDM2M2JjN2M0YzAiOnsiY3JlYXRlIjoxODAwMDAwMDAwMDAwLCJkZWxldGUiOjE4MDAwMDAwMDAwMDAsInJlYWQiOjMwMDAwMDAwMDAwMCwidXBkYXRlIjoxODAwMDAwMDAwMDAwfSwic2NoZW1hX3ZlcnNpb24iOiIwIn0="
        }
      ]
    },
    {
      "mode": "managed",
      "type": "azurerm_api_management_user",
      "name": "res-76",
      "provider": "provider[\"registry.terraform.io/hashicorp/azurerm\"]",
      "instances": [
        {
          "schema_version": 0,
          "attributes": {
            "api_management_name": "dev00functionapp-apim",
            "confirmation": null,
            "email": "mjh18500@gmail.com",
            "first_name": "Administrator",
            "id": "/subscriptions/ebeec867-0bac-448a-b3ba-197e572e0b4c/resourceGroups/Dev_API_ResourceGroup/providers/Microsoft.ApiManagement/service/dev00functionapp-apim/users/1",
            "last_name": "",
            "note": "",
            "password": null,
            "resource_group_name": "Dev_API_ResourceGroup",
            "state": "active",
            "timeouts": null,
            "user_id": "1"
          },
          "sensitive_attributes": [
            [
              {
                "type": "get_attr",
                "value": "password"
              }
            ]
          ],
          "identity_schema_version": 0,
          "private": "eyJlMmJmYjczMC1lY2FhLTExZTYtOGY4OC0zNDM2M2JjN2M0YzAiOnsiY3JlYXRlIjoyNzAwMDAwMDAwMDAwLCJkZWxldGUiOjI3MDAwMDAwMDAwMDAsInJlYWQiOjMwMDAwMDAwMDAwMCwidXBkYXRlIjoyNzAwMDAwMDAwMDAwfSwic2NoZW1hX3ZlcnNpb24iOiIwIn0="
        }
      ]
    },
    {
      "mode": "managed",
      "type": "azurerm_app_service_custom_hostname_binding",
      "name": "res-739",
      "provider": "provider[\"registry.terraform.io/hashicorp/azurerm\"]",
      "instances": [
        {
          "schema_version": 0,
          "attributes": {
            "app_service_name": "dev00functionapp",
            "hostname": "dev00functionapp.azurewebsites.net",
            "id": "/subscriptions/ebeec867-0bac-448a-b3ba-197e572e0b4c/resourceGroups/Dev_API_ResourceGroup/providers/Microsoft.Web/sites/dev00functionapp/hostNameBindings/dev00functionapp.azurewebsites.net",
            "resource_group_name": "Dev_API_ResourceGroup",
            "ssl_state": "",
            "thumbprint": "",
            "timeouts": null,
            "virtual_ip": ""
          },
          "sensitive_attributes": [],
          "identity_schema_version": 0,
          "private": "eyJlMmJmYjczMC1lY2FhLTExZTYtOGY4OC0zNDM2M2JjN2M0YzAiOnsiY3JlYXRlIjoxODAwMDAwMDAwMDAwLCJkZWxldGUiOjE4MDAwMDAwMDAwMDAsInJlYWQiOjMwMDAwMDAwMDAwMH0sInNjaGVtYV92ZXJzaW9uIjoiMCJ9"
        }
      ]
    },
    {
      "mode": "managed",
      "type": "azurerm_application_insights",
      "name": "res-742",
      "provider": "provider[\"registry.terraform.io/hashicorp/azurerm\"]",
      "instances": [
        {
          "schema_version": 2,
          "attributes": {
            "app_id": "33c8c1c9-5770-4431-a17f-075e50fccda5",
            "application_type": "web",
            "connection_string": "InstrumentationKey=e6f7625f-0744-479a-b46f-3c22fd1a3922;IngestionEndpoint=https://eastus2-3.in.applicationinsights.azure.com/;LiveEndpoint=https://eastus2.livediagnostics.monitor.azure.com/;ApplicationId=33c8c1c9-5770-4431-a17f-075e50fccda5",
            "daily_data_cap_in_gb": 100,
            "daily_data_cap_notifications_disabled": false,
            "disable_ip_masking": false,
            "force_customer_storage_for_profiler": false,
            "id": "/subscriptions/ebeec867-0bac-448a-b3ba-197e572e0b4c/resourceGroups/Dev_API_ResourceGroup/providers/Microsoft.Insights/components/dev00functionappinsights",
            "instrumentation_key": "e6f7625f-0744-479a-b46f-3c22fd1a3922",
            "internet_ingestion_enabled": true,
            "internet_query_enabled": true,
            "local_authentication_disabled": false,
            "location": "eastus2",
            "name": "dev00functionappinsights",
            "resource_group_name": "Dev_API_ResourceGroup",
            "retention_in_days": 90,
            "sampling_percentage": 0,
            "tags": {},
            "timeouts": null,
            "workspace_id": "/subscriptions/ebeec867-0bac-448a-b3ba-197e572e0b4c/resourceGroups/Dev_API_ResourceGroup/providers/Microsoft.OperationalInsights/workspaces/DefaultWorkspace-ebeec867-0bac-448a-b3ba-197e572e0b4c-EUS2"
          },
          "sensitive_attributes": [
            [
              {
                "type": "get_attr",
                "value": "connection_string"
              }
            ],
            [
              {
                "type": "get_attr",
                "value": "instrumentation_key"
              }
            ]
          ],
          "identity_schema_version": 0,
          "private": "eyJlMmJmYjczMC1lY2FhLTExZTYtOGY4OC0zNDM2M2JjN2M0YzAiOnsiY3JlYXRlIjozNjAwMDAwMDAwMDAwLCJkZWxldGUiOjE4MDAwMDAwMDAwMDAsInJlYWQiOjMwMDAwMDAwMDAwMCwidXBkYXRlIjoxODAwMDAwMDAwMDAwfSwic2NoZW1hX3ZlcnNpb24iOiIyIn0="
        }
      ]
    },
    {
      "mode": "managed",
      "type": "azurerm_cosmosdb_account",
      "name": "res-77",
      "provider": "provider[\"registry.terraform.io/hashicorp/azurerm\"]",
      "instances": [
        {
          "schema_version": 1,
          "attributes": {
            "access_key_metadata_writes_enabled": true,
            "analytical_storage": [
              {
                "schema_type": "WellDefined"
              }
            ],
            "analytical_storage_enabled": false,
            "automatic_failover_enabled": true,
            "backup": [
              {
                "interval_in_minutes": 0,
                "retention_in_hours": 0,
                "storage_redundancy": "",
                "tier": "Continuous7Days",
                "type": "Continuous"
              }
            ],
            "burst_capacity_enabled": false,
            "capabilities": [
              {
                "name": "EnableServerless"
              },
              {
                "name": "EnableTable"
              }
            ],
            "capacity": [
              {
                "total_throughput_limit": 4000
              }
            ],
            "consistency_policy": [
              {
                "consistency_level": "BoundedStaleness",
                "max_interval_in_seconds": 86400,
                "max_staleness_prefix": 1000000
              }
            ],
            "cors_rule": [],
            "create_mode": "Default",
            "default_identity_type": "FirstPartyIdentity",
            "endpoint": "https://dev00cosmosdb.documents.azure.com:443/",
            "free_tier_enabled": false,
            "geo_location": [
              {
                "failover_priority": 0,
                "id": "dev00cosmosdb-eastus2",
                "location": "eastus2",
                "zone_redundant": false
              }
            ],
            "id": "/subscriptions/ebeec867-0bac-448a-b3ba-197e572e0b4c/resourceGroups/Dev_API_ResourceGroup/providers/Microsoft.DocumentDB/databaseAccounts/dev00cosmosdb",
            "identity": [
              {
                "identity_ids": [],
                "principal_id": "7c73f9fc-a10b-4c17-a6f2-b7ff58242e4c",
                "tenant_id": "1a15211d-d88d-42da-b978-a653f8604b47",
                "type": "SystemAssigned"
              }
            ],
            "ip_range_filter": [],
            "is_virtual_network_filter_enabled": false,
            "key_vault_key_id": null,
            "kind": "GlobalDocumentDB",
            "local_authentication_disabled": false,
            "location": "eastus2",
            "managed_hsm_key_id": null,
            "minimal_tls_version": "Tls12",
            "mongo_server_version": null,
            "multiple_write_locations_enabled": false,
            "name": "dev00cosmosdb",
            "network_acl_bypass_for_azure_services": false,
            "network_acl_bypass_ids": [],
            "offer_type": "Standard",
            "partition_merge_enabled": false,
            "primary_key": "gG6W680mVCN4TSYA9Oo8uAKWR3TKGKKFaOLry4x7zzUrwAq5801GsNfnVBA8cNkB9gQs1x8tXROcACDbeAoOfg==",
            "primary_mongodb_connection_string": null,
            "primary_readonly_key": "R4nYR8s3mQh2pOYBPOhwKEjD2jNzZ8mjVHyFVVQ6kGIf1IvmhHdCUxUDDns5fnJzH20iMeqXFtKgACDbCu5qiQ==",
            "primary_readonly_mongodb_connection_string": null,
            "primary_readonly_sql_connection_string": "AccountEndpoint=https://dev00cosmosdb.documents.azure.com:443/;AccountKey=R4nYR8s3mQh2pOYBPOhwKEjD2jNzZ8mjVHyFVVQ6kGIf1IvmhHdCUxUDDns5fnJzH20iMeqXFtKgACDbCu5qiQ==;",
            "primary_sql_connection_string": "AccountEndpoint=https://dev00cosmosdb.documents.azure.com:443/;AccountKey=gG6W680mVCN4TSYA9Oo8uAKWR3TKGKKFaOLry4x7zzUrwAq5801GsNfnVBA8cNkB9gQs1x8tXROcACDbeAoOfg==;",
            "public_network_access_enabled": true,
            "read_endpoints": [
              "https://dev00cosmosdb-eastus2.documents.azure.com:443/"
            ],
            "resource_group_name": "Dev_API_ResourceGroup",
            "restore": [],
            "secondary_key": "e5IKUniIoINOQKThTrKelDDGmSWEHN7jXpGa3A2RTOUoMNu40R5kFgYzBfz8Gem27EMjck8IUsGGACDbm6Lfng==",
            "secondary_mongodb_connection_string": null,
            "secondary_readonly_key": "g4JWJirOzdLUDOKJTxHkapuXuJya9cJxjx2aXZfVttu6EszI9v8tKv264h7SIDYvFDAxUyER3tC2ACDbHzLLQA==",
            "secondary_readonly_mongodb_connection_string": null,
            "secondary_readonly_sql_connection_string": "AccountEndpoint=https://dev00cosmosdb.documents.azure.com:443/;AccountKey=g4JWJirOzdLUDOKJTxHkapuXuJya9cJxjx2aXZfVttu6EszI9v8tKv264h7SIDYvFDAxUyER3tC2ACDbHzLLQA==;",
            "secondary_sql_connection_string": "AccountEndpoint=https://dev00cosmosdb.documents.azure.com:443/;AccountKey=e5IKUniIoINOQKThTrKelDDGmSWEHN7jXpGa3A2RTOUoMNu40R5kFgYzBfz8Gem27EMjck8IUsGGACDbm6Lfng==;",
            "tags": {
              "defaultExperience": "Azure Table",
              "hidden-cosmos-mmspecial": "",
              "hidden-workload-type": "Learning"
            },
            "timeouts": null,
            "virtual_network_rule": [],
            "write_endpoints": [
              "https://dev00cosmosdb-eastus2.documents.azure.com:443/"
            ]
          },
          "sensitive_attributes": [
            [
              {
                "type": "get_attr",
                "value": "primary_key"
              }
            ],
            [
              {
                "type": "get_attr",
                "value": "primary_mongodb_connection_string"
              }
            ],
            [
              {
                "type": "get_attr",
                "value": "primary_readonly_key"
              }
            ],
            [
              {
                "type": "get_attr",
                "value": "primary_readonly_mongodb_connection_string"
              }
            ],
            [
              {
                "type": "get_attr",
                "value": "primary_readonly_sql_connection_string"
              }
            ],
            [
              {
                "type": "get_attr",
                "value": "primary_sql_connection_string"
              }
            ],
            [
              {
                "type": "get_attr",
                "value": "secondary_key"
              }
            ],
            [
              {
                "type": "get_attr",
                "value": "secondary_mongodb_connection_string"
              }
            ],
            [
              {
                "type": "get_attr",
                "value": "secondary_readonly_key"
              }
            ],
            [
              {
                "type": "get_attr",
                "value": "secondary_readonly_mongodb_connection_string"
              }
            ],
            [
              {
                "type": "get_attr",
                "value": "secondary_readonly_sql_connection_string"
              }
            ],
            [
              {
                "type": "get_attr",
                "value": "secondary_sql_connection_string"
              }
            ]
          ],
          "identity_schema_version": 0,
          "private": "eyJlMmJmYjczMC1lY2FhLTExZTYtOGY4OC0zNDM2M2JjN2M0YzAiOnsiY3JlYXRlIjoxMDgwMDAwMDAwMDAwMCwiZGVsZXRlIjoxMDgwMDAwMDAwMDAwMCwicmVhZCI6MzAwMDAwMDAwMDAwLCJ1cGRhdGUiOjEwODAwMDAwMDAwMDAwfSwic2NoZW1hX3ZlcnNpb24iOiIxIn0="
        }
      ]
    },
    {
      "mode": "managed",
      "type": "azurerm_cosmosdb_sql_role_assignment",
      "name": "res-79",
      "provider": "provider[\"registry.terraform.io/hashicorp/azurerm\"]",
      "instances": [
        {
          "schema_version": 0,
          "attributes": {
            "account_name": "dev00cosmosdb",
            "id": "/subscriptions/ebeec867-0bac-448a-b3ba-197e572e0b4c/resourceGroups/Dev_API_ResourceGroup/providers/Microsoft.DocumentDB/databaseAccounts/dev00cosmosdb/sqlRoleAssignments/5999ea8d-3027-4bf7-9ebd-3946b687a539",
            "name": "5999ea8d-3027-4bf7-9ebd-3946b687a539",
            "principal_id": "e9bcdf18-cd9d-4805-ad21-594dad348e61",
            "resource_group_name": "Dev_API_ResourceGroup",
            "role_definition_id": "/subscriptions/ebeec867-0bac-448a-b3ba-197e572e0b4c/resourceGroups/Dev_API_ResourceGroup/providers/Microsoft.DocumentDB/databaseAccounts/dev00cosmosdb/sqlRoleDefinitions/00000000-0000-0000-0000-000000000002",
            "scope": "/subscriptions/ebeec867-0bac-448a-b3ba-197e572e0b4c/resourceGroups/Dev_API_ResourceGroup/providers/Microsoft.DocumentDB/databaseAccounts/dev00cosmosdb",
            "timeouts": null
          },
          "sensitive_attributes": [],
          "identity_schema_version": 0,
          "private": "eyJlMmJmYjczMC1lY2FhLTExZTYtOGY4OC0zNDM2M2JjN2M0YzAiOnsiY3JlYXRlIjoxODAwMDAwMDAwMDAwLCJkZWxldGUiOjE4MDAwMDAwMDAwMDAsInJlYWQiOjMwMDAwMDAwMDAwMCwidXBkYXRlIjoxODAwMDAwMDAwMDAwfSwic2NoZW1hX3ZlcnNpb24iOiIwIn0="
        }
      ]
    },
    {
      "mode": "managed",
      "type": "azurerm_cosmosdb_sql_role_assignment",
      "name": "res-80",
      "provider": "provider[\"registry.terraform.io/hashicorp/azurerm\"]",
      "instances": [
        {
          "schema_version": 0,
          "attributes": {
            "account_name": "dev00cosmosdb",
            "id": "/subscriptions/ebeec867-0bac-448a-b3ba-197e572e0b4c/resourceGroups/Dev_API_ResourceGroup/providers/Microsoft.DocumentDB/databaseAccounts/dev00cosmosdb/sqlRoleAssignments/d7b2bc17-3e73-44ee-aa3d-9ae59f8b8c30",
            "name": "d7b2bc17-3e73-44ee-aa3d-9ae59f8b8c30",
            "principal_id": "e9bcdf18-cd9d-4805-ad21-594dad348e61",
            "resource_group_name": "Dev_API_ResourceGroup",
            "role_definition_id": "/subscriptions/ebeec867-0bac-448a-b3ba-197e572e0b4c/resourceGroups/Dev_API_ResourceGroup/providers/Microsoft.DocumentDB/databaseAccounts/dev00cosmosdb/sqlRoleDefinitions/00000000-0000-0000-0000-000000000001",
            "scope": "/subscriptions/ebeec867-0bac-448a-b3ba-197e572e0b4c/resourceGroups/Dev_API_ResourceGroup/providers/Microsoft.DocumentDB/databaseAccounts/dev00cosmosdb",
            "timeouts": null
          },
          "sensitive_attributes": [],
          "identity_schema_version": 0,
          "private": "eyJlMmJmYjczMC1lY2FhLTExZTYtOGY4OC0zNDM2M2JjN2M0YzAiOnsiY3JlYXRlIjoxODAwMDAwMDAwMDAwLCJkZWxldGUiOjE4MDAwMDAwMDAwMDAsInJlYWQiOjMwMDAwMDAwMDAwMCwidXBkYXRlIjoxODAwMDAwMDAwMDAwfSwic2NoZW1hX3ZlcnNpb24iOiIwIn0="
        }
      ]
    },
    {
      "mode": "managed",
      "type": "azurerm_cosmosdb_sql_role_definition",
      "name": "res-81",
      "provider": "provider[\"registry.terraform.io/hashicorp/azurerm\"]",
      "instances": [
        {
          "schema_version": 0,
          "attributes": {
            "account_name": "dev00cosmosdb",
            "assignable_scopes": [
              "/subscriptions/ebeec867-0bac-448a-b3ba-197e572e0b4c/resourceGroups/Dev_API_ResourceGroup/providers/Microsoft.DocumentDB/databaseAccounts/dev00cosmosdb"
            ],
            "id": "/subscriptions/ebeec867-0bac-448a-b3ba-197e572e0b4c/resourceGroups/Dev_API_ResourceGroup/providers/Microsoft.DocumentDB/databaseAccounts/dev00cosmosdb/sqlRoleDefinitions/00000000-0000-0000-0000-000000000001",
            "name": "Cosmos DB Built-in Data Reader",
            "permissions": [
              {
                "data_actions": [
                  "Microsoft.DocumentDB/databaseAccounts/readMetadata",
                  "Microsoft.DocumentDB/databaseAccounts/sqlDatabases/containers/executeQuery",
                  "Microsoft.DocumentDB/databaseAccounts/sqlDatabases/containers/items/read",
                  "Microsoft.DocumentDB/databaseAccounts/sqlDatabases/containers/readChangeFeed"
                ]
              }
            ],
            "resource_group_name": "Dev_API_ResourceGroup",
            "role_definition_id": "00000000-0000-0000-0000-000000000001",
            "timeouts": null,
            "type": "BuiltInRole"
          },
          "sensitive_attributes": [],
          "identity_schema_version": 0,
          "private": "eyJlMmJmYjczMC1lY2FhLTExZTYtOGY4OC0zNDM2M2JjN2M0YzAiOnsiY3JlYXRlIjoxODAwMDAwMDAwMDAwLCJkZWxldGUiOjE4MDAwMDAwMDAwMDAsInJlYWQiOjMwMDAwMDAwMDAwMCwidXBkYXRlIjoxODAwMDAwMDAwMDAwfSwic2NoZW1hX3ZlcnNpb24iOiIwIn0="
        }
      ]
    },
    {
      "mode": "managed",
      "type": "azurerm_cosmosdb_sql_role_definition",
      "name": "res-82",
      "provider": "provider[\"registry.terraform.io/hashicorp/azurerm\"]",
      "instances": [
        {
          "schema_version": 0,
          "attributes": {
            "account_name": "dev00cosmosdb",
            "assignable_scopes": [
              "/subscriptions/ebeec867-0bac-448a-b3ba-197e572e0b4c/resourceGroups/Dev_API_ResourceGroup/providers/Microsoft.DocumentDB/databaseAccounts/dev00cosmosdb"
            ],
            "id": "/subscriptions/ebeec867-0bac-448a-b3ba-197e572e0b4c/resourceGroups/Dev_API_ResourceGroup/providers/Microsoft.DocumentDB/databaseAccounts/dev00cosmosdb/sqlRoleDefinitions/00000000-0000-0000-0000-000000000002",
            "name": "Cosmos DB Built-in Data Contributor",
            "permissions": [
              {
                "data_actions": [
                  "Microsoft.DocumentDB/databaseAccounts/readMetadata",
                  "Microsoft.DocumentDB/databaseAccounts/sqlDatabases/containers/*",
                  "Microsoft.DocumentDB/databaseAccounts/sqlDatabases/containers/items/*"
                ]
              }
            ],
            "resource_group_name": "Dev_API_ResourceGroup",
            "role_definition_id": "00000000-0000-0000-0000-000000000002",
            "timeouts": null,
            "type": "BuiltInRole"
          },
          "sensitive_attributes": [],
          "identity_schema_version": 0,
          "private": "eyJlMmJmYjczMC1lY2FhLTExZTYtOGY4OC0zNDM2M2JjN2M0YzAiOnsiY3JlYXRlIjoxODAwMDAwMDAwMDAwLCJkZWxldGUiOjE4MDAwMDAwMDAwMDAsInJlYWQiOjMwMDAwMDAwMDAwMCwidXBkYXRlIjoxODAwMDAwMDAwMDAwfSwic2NoZW1hX3ZlcnNpb24iOiIwIn0="
        }
      ]
    },
    {
      "mode": "managed",
      "type": "azurerm_cosmosdb_table",
      "name": "res-78",
      "provider": "provider[\"registry.terraform.io/hashicorp/azurerm\"]",
      "instances": [
        {
          "schema_version": 1,
          "attributes": {
            "account_name": "dev00cosmosdb",
            "autoscale_settings": [],
            "id": "/subscriptions/ebeec867-0bac-448a-b3ba-197e572e0b4c/resourceGroups/Dev_API_ResourceGroup/providers/Microsoft.DocumentDB/databaseAccounts/dev00cosmosdb/tables/dev00cosmosdbtable",
            "name": "dev00cosmosdbtable",
            "resource_group_name": "Dev_API_ResourceGroup",
            "throughput": null,
            "timeouts": null
          },
          "sensitive_attributes": [],
          "identity_schema_version": 0,
          "private": "eyJlMmJmYjczMC1lY2FhLTExZTYtOGY4OC0zNDM2M2JjN2M0YzAiOnsiY3JlYXRlIjoxODAwMDAwMDAwMDAwLCJkZWxldGUiOjE4MDAwMDAwMDAwMDAsInJlYWQiOjMwMDAwMDAwMDAwMCwidXBkYXRlIjoxODAwMDAwMDAwMDAwfSwic2NoZW1hX3ZlcnNpb24iOiIxIn0="
        }
      ]
    },
    {
      "mode": "managed",
      "type": "azurerm_function_app_function",
      "name": "res-738",
      "provider": "provider[\"registry.terraform.io/hashicorp/azurerm\"]",
      "instances": [
        {
          "schema_version": 0,
          "attributes": {
            "config_json": "{\"bindings\":[{\"authLevel\":\"ANONYMOUS\",\"direction\":\"IN\",\"name\":\"req\",\"route\":\"http_trigger\",\"type\":\"httpTrigger\"},{\"direction\":\"OUT\",\"name\":\"$return\",\"type\":\"http\"}],\"entryPoint\":\"http_trigger\",\"functionDirectory\":\"/home/site/wwwroot\",\"language\":\"python\",\"name\":\"http_trigger\",\"scriptFile\":\"function_app.py\"}",
            "config_url": "",
            "enabled": true,
            "file": [],
            "function_app_id": "/subscriptions/ebeec867-0bac-448a-b3ba-197e572e0b4c/resourceGroups/Dev_API_ResourceGroup/providers/Microsoft.Web/sites/dev00functionapp",
            "id": "/subscriptions/ebeec867-0bac-448a-b3ba-197e572e0b4c/resourceGroups/Dev_API_ResourceGroup/providers/Microsoft.Web/sites/dev00functionapp/functions/http_trigger",
            "invocation_url": "https://dev00functionapp.azurewebsites.net/api/http_trigger",
            "language": "",
            "name": "http_trigger",
            "script_root_path_url": "",
            "script_url": "https://dev00functionapp.azurewebsites.net/admin/vfs/home/site/wwwroot/function_app.py",
            "secrets_file_url": "",
            "test_data": "",
            "test_data_url": "https://dev00functionapp.azurewebsites.net/admin/vfs/tmp/FunctionsData/http_trigger.dat",
            "timeouts": null,
            "url": "https://dev00functionapp.azurewebsites.net/admin/functions/http_trigger"
          },
          "sensitive_attributes": [],
          "identity_schema_version": 0,
          "private": "eyJlMmJmYjczMC1lY2FhLTExZTYtOGY4OC0zNDM2M2JjN2M0YzAiOnsiY3JlYXRlIjoxODAwMDAwMDAwMDAwLCJkZWxldGUiOjMwMDAwMDAwMDAwMCwicmVhZCI6MzAwMDAwMDAwMDAwLCJ1cGRhdGUiOjE4MDAwMDAwMDAwMDB9LCJzY2hlbWFfdmVyc2lvbiI6IjAifQ=="
        }
      ]
    },
    {
      "mode": "managed",
      "type": "azurerm_log_analytics_saved_search",
      "name": "res-100",
      "provider": "provider[\"registry.terraform.io/hashicorp/azurerm\"]",
      "instances": [
        {
          "schema_version": 1,
          "attributes": {
            "category": "Log Management",
            "display_name": "Average HTTP Request time by Client IP Address",
            "function_alias": "",
            "function_parameters": [],
            "id": "/subscriptions/ebeec867-0bac-448a-b3ba-197e572e0b4c/resourceGroups/Dev_API_ResourceGroup/providers/Microsoft.OperationalInsights/workspaces/DefaultWorkspace-ebeec867-0bac-448a-b3ba-197e572e0b4c-EUS2/savedSearches/LogManagement(DefaultWorkspace-ebeec867-0bac-448a-b3ba-197e572e0b4c-EUS2)_LogManagement|AverageHTTPRequestTimeByClientIPAddress",
            "log_analytics_workspace_id": "/subscriptions/ebeec867-0bac-448a-b3ba-197e572e0b4c/resourceGroups/Dev_API_ResourceGroup/providers/Microsoft.OperationalInsights/workspaces/DefaultWorkspace-ebeec867-0bac-448a-b3ba-197e572e0b4c-EUS2",
            "name": "LogManagement(DefaultWorkspace-ebeec867-0bac-448a-b3ba-197e572e0b4c-EUS2)_LogManagement|AverageHTTPRequestTimeByClientIPAddress",
            "query": "search * | extend Type = $table | where Type == W3CIISLog | summarize AggregatedValue = avg(TimeTaken) by cIP\r\n// Oql: Type=W3CIISLog | Measure Avg(TimeTaken) by cIP // Args: {OQ: True; WorkspaceId: 00000000-0000-0000-0000-000000000000} // Settings: {PEF: True; SortI: True; SortF: True} // Version: 0.1.122",
            "tags": {},
            "timeouts": null
          },
          "sensitive_attributes": [],
          "identity_schema_version": 0,
          "private": "eyJlMmJmYjczMC1lY2FhLTExZTYtOGY4OC0zNDM2M2JjN2M0YzAiOnsiY3JlYXRlIjoxODAwMDAwMDAwMDAwLCJkZWxldGUiOjE4MDAwMDAwMDAwMDAsInJlYWQiOjMwMDAwMDAwMDAwMH0sInNjaGVtYV92ZXJzaW9uIjoiMSJ9"
        }
      ]
    },
    {
      "mode": "managed",
      "type": "azurerm_log_analytics_saved_search",
      "name": "res-101",
      "provider": "provider[\"registry.terraform.io/hashicorp/azurerm\"]",
      "instances": [
        {
          "schema_version": 1,
          "attributes": {
            "category": "Log Management",
            "display_name": "Average HTTP Request time by HTTP Method",
            "function_alias": "",
            "function_parameters": [],
            "id": "/subscriptions/ebeec867-0bac-448a-b3ba-197e572e0b4c/resourceGroups/Dev_API_ResourceGroup/providers/Microsoft.OperationalInsights/workspaces/DefaultWorkspace-ebeec867-0bac-448a-b3ba-197e572e0b4c-EUS2/savedSearches/LogManagement(DefaultWorkspace-ebeec867-0bac-448a-b3ba-197e572e0b4c-EUS2)_LogManagement|AverageHTTPRequestTimeHTTPMethod",
            "log_analytics_workspace_id": "/subscriptions/ebeec867-0bac-448a-b3ba-197e572e0b4c/resourceGroups/Dev_API_ResourceGroup/providers/Microsoft.OperationalInsights/workspaces/DefaultWorkspace-ebeec867-0bac-448a-b3ba-197e572e0b4c-EUS2",
            "name": "LogManagement(DefaultWorkspace-ebeec867-0bac-448a-b3ba-197e572e0b4c-EUS2)_LogManagement|AverageHTTPRequestTimeHTTPMethod",
            "query": "search * | extend Type = $table | where Type == W3CIISLog | summarize AggregatedValue = avg(TimeTaken) by csMethod\r\n// Oql: Type=W3CIISLog | Measure Avg(TimeTaken) by csMethod // Args: {OQ: True; WorkspaceId: 00000000-0000-0000-0000-000000000000} // Settings: {PEF: True; SortI: True; SortF: True} // Version: 0.1.122",
            "tags": {},
            "timeouts": null
          },
          "sensitive_attributes": [],
          "identity_schema_version": 0,
          "private": "eyJlMmJmYjczMC1lY2FhLTExZTYtOGY4OC0zNDM2M2JjN2M0YzAiOnsiY3JlYXRlIjoxODAwMDAwMDAwMDAwLCJkZWxldGUiOjE4MDAwMDAwMDAwMDAsInJlYWQiOjMwMDAwMDAwMDAwMH0sInNjaGVtYV92ZXJzaW9uIjoiMSJ9"
        }
      ]
    },
    {
      "mode": "managed",
      "type": "azurerm_log_analytics_saved_search",
      "name": "res-102",
      "provider": "provider[\"registry.terraform.io/hashicorp/azurerm\"]",
      "instances": [
        {
          "schema_version": 1,
          "attributes": {
            "category": "Log Management",
            "display_name": "Count of IIS Log Entries by Client IP Address",
            "function_alias": "",
            "function_parameters": [],
            "id": "/subscriptions/ebeec867-0bac-448a-b3ba-197e572e0b4c/resourceGroups/Dev_API_ResourceGroup/providers/Microsoft.OperationalInsights/workspaces/DefaultWorkspace-ebeec867-0bac-448a-b3ba-197e572e0b4c-EUS2/savedSearches/LogManagement(DefaultWorkspace-ebeec867-0bac-448a-b3ba-197e572e0b4c-EUS2)_LogManagement|CountIISLogEntriesClientIPAddress",
            "log_analytics_workspace_id": "/subscriptions/ebeec867-0bac-448a-b3ba-197e572e0b4c/resourceGroups/Dev_API_ResourceGroup/providers/Microsoft.OperationalInsights/workspaces/DefaultWorkspace-ebeec867-0bac-448a-b3ba-197e572e0b4c-EUS2",
            "name": "LogManagement(DefaultWorkspace-ebeec867-0bac-448a-b3ba-197e572e0b4c-EUS2)_LogManagement|CountIISLogEntriesClientIPAddress",
            "query": "search * | extend Type = $table | where Type == W3CIISLog | summarize AggregatedValue = count() by cIP\r\n// Oql: Type=W3CIISLog | Measure count() by cIP // Args: {OQ: True; WorkspaceId: 00000000-0000-0000-0000-000000000000} // Settings: {PEF: True; SortI: True; SortF: True} // Version: 0.1.122",
            "tags": {},
            "timeouts": null
          },
          "sensitive_attributes": [],
          "identity_schema_version": 0,
          "private": "eyJlMmJmYjczMC1lY2FhLTExZTYtOGY4OC0zNDM2M2JjN2M0YzAiOnsiY3JlYXRlIjoxODAwMDAwMDAwMDAwLCJkZWxldGUiOjE4MDAwMDAwMDAwMDAsInJlYWQiOjMwMDAwMDAwMDAwMH0sInNjaGVtYV92ZXJzaW9uIjoiMSJ9"
        }
      ]
    },
    {
      "mode": "managed",
      "type": "azurerm_log_analytics_saved_search",
      "name": "res-103",
      "provider": "provider[\"registry.terraform.io/hashicorp/azurerm\"]",
      "instances": [
        {
          "schema_version": 1,
          "attributes": {
            "category": "Log Management",
            "display_name": "Count of IIS Log Entries by HTTP Request Method",
            "function_alias": "",
            "function_parameters": [],
            "id": "/subscriptions/ebeec867-0bac-448a-b3ba-197e572e0b4c/resourceGroups/Dev_API_ResourceGroup/providers/Microsoft.OperationalInsights/workspaces/DefaultWorkspace-ebeec867-0bac-448a-b3ba-197e572e0b4c-EUS2/savedSearches/LogManagement(DefaultWorkspace-ebeec867-0bac-448a-b3ba-197e572e0b4c-EUS2)_LogManagement|CountIISLogEntriesHTTPRequestMethod",
            "log_analytics_workspace_id": "/subscriptions/ebeec867-0bac-448a-b3ba-197e572e0b4c/resourceGroups/Dev_API_ResourceGroup/providers/Microsoft.OperationalInsights/workspaces/DefaultWorkspace-ebeec867-0bac-448a-b3ba-197e572e0b4c-EUS2",
            "name": "LogManagement(DefaultWorkspace-ebeec867-0bac-448a-b3ba-197e572e0b4c-EUS2)_LogManagement|CountIISLogEntriesHTTPRequestMethod",
            "query": "search * | extend Type = $table | where Type == W3CIISLog | summarize AggregatedValue = count() by csMethod\r\n// Oql: Type=W3CIISLog | Measure count() by csMethod // Args: {OQ: True; WorkspaceId: 00000000-0000-0000-0000-000000000000} // Settings: {PEF: True; SortI: True; SortF: True} // Version: 0.1.122",
            "tags": {},
            "timeouts": null
          },
          "sensitive_attributes": [],
          "identity_schema_version": 0,
          "private": "eyJlMmJmYjczMC1lY2FhLTExZTYtOGY4OC0zNDM2M2JjN2M0YzAiOnsiY3JlYXRlIjoxODAwMDAwMDAwMDAwLCJkZWxldGUiOjE4MDAwMDAwMDAwMDAsInJlYWQiOjMwMDAwMDAwMDAwMH0sInNjaGVtYV92ZXJzaW9uIjoiMSJ9"
        }
      ]
    },
    {
      "mode": "managed",
      "type": "azurerm_log_analytics_saved_search",
      "name": "res-104",
      "provider": "provider[\"registry.terraform.io/hashicorp/azurerm\"]",
      "instances": [
        {
          "schema_version": 1,
          "attributes": {
            "category": "Log Management",
            "display_name": "Count of IIS Log Entries by HTTP User Agent",
            "function_alias": "",
            "function_parameters": [],
            "id": "/subscriptions/ebeec867-0bac-448a-b3ba-197e572e0b4c/resourceGroups/Dev_API_ResourceGroup/providers/Microsoft.OperationalInsights/workspaces/DefaultWorkspace-ebeec867-0bac-448a-b3ba-197e572e0b4c-EUS2/savedSearches/LogManagement(DefaultWorkspace-ebeec867-0bac-448a-b3ba-197e572e0b4c-EUS2)_LogManagement|CountIISLogEntriesHTTPUserAgent",
            "log_analytics_workspace_id": "/subscriptions/ebeec867-0bac-448a-b3ba-197e572e0b4c/resourceGroups/Dev_API_ResourceGroup/providers/Microsoft.OperationalInsights/workspaces/DefaultWorkspace-ebeec867-0bac-448a-b3ba-197e572e0b4c-EUS2",
            "name": "LogManagement(DefaultWorkspace-ebeec867-0bac-448a-b3ba-197e572e0b4c-EUS2)_LogManagement|CountIISLogEntriesHTTPUserAgent",
            "query": "search * | extend Type = $table | where Type == W3CIISLog | summarize AggregatedValue = count() by csUserAgent\r\n// Oql: Type=W3CIISLog | Measure count() by csUserAgent // Args: {OQ: True; WorkspaceId: 00000000-0000-0000-0000-000000000000} // Settings: {PEF: True; SortI: True; SortF: True} // Version: 0.1.122",
            "tags": {},
            "timeouts": null
          },
          "sensitive_attributes": [],
          "identity_schema_version": 0,
          "private": "eyJlMmJmYjczMC1lY2FhLTExZTYtOGY4OC0zNDM2M2JjN2M0YzAiOnsiY3JlYXRlIjoxODAwMDAwMDAwMDAwLCJkZWxldGUiOjE4MDAwMDAwMDAwMDAsInJlYWQiOjMwMDAwMDAwMDAwMH0sInNjaGVtYV92ZXJzaW9uIjoiMSJ9"
        }
      ]
    },
    {
      "mode": "managed",
      "type": "azurerm_log_analytics_saved_search",
      "name": "res-105",
      "provider": "provider[\"registry.terraform.io/hashicorp/azurerm\"]",
      "instances": [
        {
          "schema_version": 1,
          "attributes": {
            "category": "Log Management",
            "display_name": "Count of IIS Log Entries by Host requested by client",
            "function_alias": "",
            "function_parameters": [],
            "id": "/subscriptions/ebeec867-0bac-448a-b3ba-197e572e0b4c/resourceGroups/Dev_API_ResourceGroup/providers/Microsoft.OperationalInsights/workspaces/DefaultWorkspace-ebeec867-0bac-448a-b3ba-197e572e0b4c-EUS2/savedSearches/LogManagement(DefaultWorkspace-ebeec867-0bac-448a-b3ba-197e572e0b4c-EUS2)_LogManagement|CountOfIISLogEntriesByHostRequestedByClient",
            "log_analytics_workspace_id": "/subscriptions/ebeec867-0bac-448a-b3ba-197e572e0b4c/resourceGroups/Dev_API_ResourceGroup/providers/Microsoft.OperationalInsights/workspaces/DefaultWorkspace-ebeec867-0bac-448a-b3ba-197e572e0b4c-EUS2",
            "name": "LogManagement(DefaultWorkspace-ebeec867-0bac-448a-b3ba-197e572e0b4c-EUS2)_LogManagement|CountOfIISLogEntriesByHostRequestedByClient",
            "query": "search * | extend Type = $table | where Type == W3CIISLog | summarize AggregatedValue = count() by csHost\r\n// Oql: Type=W3CIISLog | Measure count() by csHost // Args: {OQ: True; WorkspaceId: 00000000-0000-0000-0000-000000000000} // Settings: {PEF: True; SortI: True; SortF: True} // Version: 0.1.122",
            "tags": {},
            "timeouts": null
          },
          "sensitive_attributes": [],
          "identity_schema_version": 0,
          "private": "eyJlMmJmYjczMC1lY2FhLTExZTYtOGY4OC0zNDM2M2JjN2M0YzAiOnsiY3JlYXRlIjoxODAwMDAwMDAwMDAwLCJkZWxldGUiOjE4MDAwMDAwMDAwMDAsInJlYWQiOjMwMDAwMDAwMDAwMH0sInNjaGVtYV92ZXJzaW9uIjoiMSJ9"
        }
      ]
    },
    {
      "mode": "managed",
      "type": "azurerm_log_analytics_saved_search",
      "name": "res-106",
      "provider": "provider[\"registry.terraform.io/hashicorp/azurerm\"]",
      "instances": [
        {
          "schema_version": 1,
          "attributes": {
            "category": "Log Management",
            "display_name": "Count of IIS Log Entries by URL for the host \"www.contoso.com\" (replace with your own)",
            "function_alias": "",
            "function_parameters": [],
            "id": "/subscriptions/ebeec867-0bac-448a-b3ba-197e572e0b4c/resourceGroups/Dev_API_ResourceGroup/providers/Microsoft.OperationalInsights/workspaces/DefaultWorkspace-ebeec867-0bac-448a-b3ba-197e572e0b4c-EUS2/savedSearches/LogManagement(DefaultWorkspace-ebeec867-0bac-448a-b3ba-197e572e0b4c-EUS2)_LogManagement|CountOfIISLogEntriesByURLForHost",
            "log_analytics_workspace_id": "/subscriptions/ebeec867-0bac-448a-b3ba-197e572e0b4c/resourceGroups/Dev_API_ResourceGroup/providers/Microsoft.OperationalInsights/workspaces/DefaultWorkspace-ebeec867-0bac-448a-b3ba-197e572e0b4c-EUS2",
            "name": "LogManagement(DefaultWorkspace-ebeec867-0bac-448a-b3ba-197e572e0b4c-EUS2)_LogManagement|CountOfIISLogEntriesByURLForHost",
            "query": "search csHost == \"www.contoso.com\" | extend Type = $table | where Type == W3CIISLog | summarize AggregatedValue = count() by csUriStem\r\n// Oql: Type=W3CIISLog csHost=\"www.contoso.com\" | Measure count() by csUriStem // Args: {OQ: True; WorkspaceId: 00000000-0000-0000-0000-000000000000} // Settings: {PEF: True; SortI: True; SortF: True} // Version: 0.1.122",
            "tags": {},
            "timeouts": null
          },
          "sensitive_attributes": [],
          "identity_schema_version": 0,
          "private": "eyJlMmJmYjczMC1lY2FhLTExZTYtOGY4OC0zNDM2M2JjN2M0YzAiOnsiY3JlYXRlIjoxODAwMDAwMDAwMDAwLCJkZWxldGUiOjE4MDAwMDAwMDAwMDAsInJlYWQiOjMwMDAwMDAwMDAwMH0sInNjaGVtYV92ZXJzaW9uIjoiMSJ9"
        }
      ]
    },
    {
      "mode": "managed",
      "type": "azurerm_log_analytics_saved_search",
      "name": "res-107",
      "provider": "provider[\"registry.terraform.io/hashicorp/azurerm\"]",
      "instances": [
        {
          "schema_version": 1,
          "attributes": {
            "category": "Log Management",
            "display_name": "Count of IIS Log Entries by URL requested by client (without query strings)",
            "function_alias": "",
            "function_parameters": [],
            "id": "/subscriptions/ebeec867-0bac-448a-b3ba-197e572e0b4c/resourceGroups/Dev_API_ResourceGroup/providers/Microsoft.OperationalInsights/workspaces/DefaultWorkspace-ebeec867-0bac-448a-b3ba-197e572e0b4c-EUS2/savedSearches/LogManagement(DefaultWorkspace-ebeec867-0bac-448a-b3ba-197e572e0b4c-EUS2)_LogManagement|CountOfIISLogEntriesByURLRequestedByClient",
            "log_analytics_workspace_id": "/subscriptions/ebeec867-0bac-448a-b3ba-197e572e0b4c/resourceGroups/Dev_API_ResourceGroup/providers/Microsoft.OperationalInsights/workspaces/DefaultWorkspace-ebeec867-0bac-448a-b3ba-197e572e0b4c-EUS2",
            "name": "LogManagement(DefaultWorkspace-ebeec867-0bac-448a-b3ba-197e572e0b4c-EUS2)_LogManagement|CountOfIISLogEntriesByURLRequestedByClient",
            "query": "search * | extend Type = $table | where Type == W3CIISLog | summarize AggregatedValue = count() by csUriStem\r\n// Oql: Type=W3CIISLog | Measure count() by csUriStem // Args: {OQ: True; WorkspaceId: 00000000-0000-0000-0000-000000000000} // Settings: {PEF: True; SortI: True; SortF: True} // Version: 0.1.122",
            "tags": {},
            "timeouts": null
          },
          "sensitive_attributes": [],
          "identity_schema_version": 0,
          "private": "eyJlMmJmYjczMC1lY2FhLTExZTYtOGY4OC0zNDM2M2JjN2M0YzAiOnsiY3JlYXRlIjoxODAwMDAwMDAwMDAwLCJkZWxldGUiOjE4MDAwMDAwMDAwMDAsInJlYWQiOjMwMDAwMDAwMDAwMH0sInNjaGVtYV92ZXJzaW9uIjoiMSJ9"
        }
      ]
    },
    {
      "mode": "managed",
      "type": "azurerm_log_analytics_saved_search",
      "name": "res-108",
      "provider": "provider[\"registry.terraform.io/hashicorp/azurerm\"]",
      "instances": [
        {
          "schema_version": 1,
          "attributes": {
            "category": "Log Management",
            "display_name": "Count of Events with level \"Warning\" grouped by Event ID",
            "function_alias": "",
            "function_parameters": [],
            "id": "/subscriptions/ebeec867-0bac-448a-b3ba-197e572e0b4c/resourceGroups/Dev_API_ResourceGroup/providers/Microsoft.OperationalInsights/workspaces/DefaultWorkspace-ebeec867-0bac-448a-b3ba-197e572e0b4c-EUS2/savedSearches/LogManagement(DefaultWorkspace-ebeec867-0bac-448a-b3ba-197e572e0b4c-EUS2)_LogManagement|CountOfWarningEvents",
            "log_analytics_workspace_id": "/subscriptions/ebeec867-0bac-448a-b3ba-197e572e0b4c/resourceGroups/Dev_API_ResourceGroup/providers/Microsoft.OperationalInsights/workspaces/DefaultWorkspace-ebeec867-0bac-448a-b3ba-197e572e0b4c-EUS2",
            "name": "LogManagement(DefaultWorkspace-ebeec867-0bac-448a-b3ba-197e572e0b4c-EUS2)_LogManagement|CountOfWarningEvents",
            "query": "Event | where EventLevelName == \"warning\" | summarize AggregatedValue = count() by EventID\r\n// Oql: Type=Event EventLevelName=warning | Measure count() by EventID // Args: {OQ: True; WorkspaceId: 00000000-0000-0000-0000-000000000000} // Settings: {PTT: True; SortI: True; SortF: True} // Version: 0.1.122",
            "tags": {},
            "timeouts": null
          },
          "sensitive_attributes": [],
          "identity_schema_version": 0,
          "private": "eyJlMmJmYjczMC1lY2FhLTExZTYtOGY4OC0zNDM2M2JjN2M0YzAiOnsiY3JlYXRlIjoxODAwMDAwMDAwMDAwLCJkZWxldGUiOjE4MDAwMDAwMDAwMDAsInJlYWQiOjMwMDAwMDAwMDAwMH0sInNjaGVtYV92ZXJzaW9uIjoiMSJ9"
        }
      ]
    },
    {
      "mode": "managed",
      "type": "azurerm_log_analytics_saved_search",
      "name": "res-109",
      "provider": "provider[\"registry.terraform.io/hashicorp/azurerm\"]",
      "instances": [
        {
          "schema_version": 1,
          "attributes": {
            "category": "Log Management",
            "display_name": "Shows breakdown of response codes",
            "function_alias": "",
            "function_parameters": [],
            "id": "/subscriptions/ebeec867-0bac-448a-b3ba-197e572e0b4c/resourceGroups/Dev_API_ResourceGroup/providers/Microsoft.OperationalInsights/workspaces/DefaultWorkspace-ebeec867-0bac-448a-b3ba-197e572e0b4c-EUS2/savedSearches/LogManagement(DefaultWorkspace-ebeec867-0bac-448a-b3ba-197e572e0b4c-EUS2)_LogManagement|DisplayBreakdownRespondCodes",
            "log_analytics_workspace_id": "/subscriptions/ebeec867-0bac-448a-b3ba-197e572e0b4c/resourceGroups/Dev_API_ResourceGroup/providers/Microsoft.OperationalInsights/workspaces/DefaultWorkspace-ebeec867-0bac-448a-b3ba-197e572e0b4c-EUS2",
            "name": "LogManagement(DefaultWorkspace-ebeec867-0bac-448a-b3ba-197e572e0b4c-EUS2)_LogManagement|DisplayBreakdownRespondCodes",
            "query": "search * | extend Type = $table | where Type == W3CIISLog | summarize AggregatedValue = count() by scStatus\r\n// Oql: Type=W3CIISLog | Measure count() by scStatus // Args: {OQ: True; WorkspaceId: 00000000-0000-0000-0000-000000000000} // Settings: {PEF: True; SortI: True; SortF: True} // Version: 0.1.122",
            "tags": {},
            "timeouts": null
          },
          "sensitive_attributes": [],
          "identity_schema_version": 0,
          "private": "eyJlMmJmYjczMC1lY2FhLTExZTYtOGY4OC0zNDM2M2JjN2M0YzAiOnsiY3JlYXRlIjoxODAwMDAwMDAwMDAwLCJkZWxldGUiOjE4MDAwMDAwMDAwMDAsInJlYWQiOjMwMDAwMDAwMDAwMH0sInNjaGVtYV92ZXJzaW9uIjoiMSJ9"
        }
      ]
    },
    {
      "mode": "managed",
      "type": "azurerm_log_analytics_saved_search",
      "name": "res-110",
      "provider": "provider[\"registry.terraform.io/hashicorp/azurerm\"]",
      "instances": [
        {
          "schema_version": 1,
          "attributes": {
            "category": "Log Management",
            "display_name": "Count of Events grouped by Event Log",
            "function_alias": "",
            "function_parameters": [],
            "id": "/subscriptions/ebeec867-0bac-448a-b3ba-197e572e0b4c/resourceGroups/Dev_API_ResourceGroup/providers/Microsoft.OperationalInsights/workspaces/DefaultWorkspace-ebeec867-0bac-448a-b3ba-197e572e0b4c-EUS2/savedSearches/LogManagement(DefaultWorkspace-ebeec867-0bac-448a-b3ba-197e572e0b4c-EUS2)_LogManagement|EventsByEventLog",
            "log_analytics_workspace_id": "/subscriptions/ebeec867-0bac-448a-b3ba-197e572e0b4c/resourceGroups/Dev_API_ResourceGroup/providers/Microsoft.OperationalInsights/workspaces/DefaultWorkspace-ebeec867-0bac-448a-b3ba-197e572e0b4c-EUS2",
            "name": "LogManagement(DefaultWorkspace-ebeec867-0bac-448a-b3ba-197e572e0b4c-EUS2)_LogManagement|EventsByEventLog",
            "query": "Event | summarize AggregatedValue = count() by EventLog\r\n// Oql: Type=Event | Measure count() by EventLog // Args: {OQ: True; WorkspaceId: 00000000-0000-0000-0000-000000000000} // Settings: {PTT: True; SortI: True; SortF: True} // Version: 0.1.122",
            "tags": {},
            "timeouts": null
          },
          "sensitive_attributes": [],
          "identity_schema_version": 0,
          "private": "eyJlMmJmYjczMC1lY2FhLTExZTYtOGY4OC0zNDM2M2JjN2M0YzAiOnsiY3JlYXRlIjoxODAwMDAwMDAwMDAwLCJkZWxldGUiOjE4MDAwMDAwMDAwMDAsInJlYWQiOjMwMDAwMDAwMDAwMH0sInNjaGVtYV92ZXJzaW9uIjoiMSJ9"
        }
      ]
    },
    {
      "mode": "managed",
      "type": "azurerm_log_analytics_saved_search",
      "name": "res-111",
      "provider": "provider[\"registry.terraform.io/hashicorp/azurerm\"]",
      "instances": [
        {
          "schema_version": 1,
          "attributes": {
            "category": "Log Management",
            "display_name": "Count of Events grouped by Event Source",
            "function_alias": "",
            "function_parameters": [],
            "id": "/subscriptions/ebeec867-0bac-448a-b3ba-197e572e0b4c/resourceGroups/Dev_API_ResourceGroup/providers/Microsoft.OperationalInsights/workspaces/DefaultWorkspace-ebeec867-0bac-448a-b3ba-197e572e0b4c-EUS2/savedSearches/LogManagement(DefaultWorkspace-ebeec867-0bac-448a-b3ba-197e572e0b4c-EUS2)_LogManagement|EventsByEventSource",
            "log_analytics_workspace_id": "/subscriptions/ebeec867-0bac-448a-b3ba-197e572e0b4c/resourceGroups/Dev_API_ResourceGroup/providers/Microsoft.OperationalInsights/workspaces/DefaultWorkspace-ebeec867-0bac-448a-b3ba-197e572e0b4c-EUS2",
            "name": "LogManagement(DefaultWorkspace-ebeec867-0bac-448a-b3ba-197e572e0b4c-EUS2)_LogManagement|EventsByEventSource",
            "query": "Event | summarize AggregatedValue = count() by Source\r\n// Oql: Type=Event | Measure count() by Source // Args: {OQ: True; WorkspaceId: 00000000-0000-0000-0000-000000000000} // Settings: {PTT: True; SortI: True; SortF: True} // Version: 0.1.122",
            "tags": {},
            "timeouts": null
          },
          "sensitive_attributes": [],
          "identity_schema_version": 0,
          "private": "eyJlMmJmYjczMC1lY2FhLTExZTYtOGY4OC0zNDM2M2JjN2M0YzAiOnsiY3JlYXRlIjoxODAwMDAwMDAwMDAwLCJkZWxldGUiOjE4MDAwMDAwMDAwMDAsInJlYWQiOjMwMDAwMDAwMDAwMH0sInNjaGVtYV92ZXJzaW9uIjoiMSJ9"
        }
      ]
    },
    {
      "mode": "managed",
      "type": "azurerm_log_analytics_saved_search",
      "name": "res-112",
      "provider": "provider[\"registry.terraform.io/hashicorp/azurerm\"]",
      "instances": [
        {
          "schema_version": 1,
          "attributes": {
            "category": "Log Management",
            "display_name": "Count of Events grouped by Event ID",
            "function_alias": "",
            "function_parameters": [],
            "id": "/subscriptions/ebeec867-0bac-448a-b3ba-197e572e0b4c/resourceGroups/Dev_API_ResourceGroup/providers/Microsoft.OperationalInsights/workspaces/DefaultWorkspace-ebeec867-0bac-448a-b3ba-197e572e0b4c-EUS2/savedSearches/LogManagement(DefaultWorkspace-ebeec867-0bac-448a-b3ba-197e572e0b4c-EUS2)_LogManagement|EventsByEventsID",
            "log_analytics_workspace_id": "/subscriptions/ebeec867-0bac-448a-b3ba-197e572e0b4c/resourceGroups/Dev_API_ResourceGroup/providers/Microsoft.OperationalInsights/workspaces/DefaultWorkspace-ebeec867-0bac-448a-b3ba-197e572e0b4c-EUS2",
            "name": "LogManagement(DefaultWorkspace-ebeec867-0bac-448a-b3ba-197e572e0b4c-EUS2)_LogManagement|EventsByEventsID",
            "query": "Event | summarize AggregatedValue = count() by EventID\r\n// Oql: Type=Event | Measure count() by EventID // Args: {OQ: True; WorkspaceId: 00000000-0000-0000-0000-000000000000} // Settings: {PTT: True; SortI: True; SortF: True} // Version: 0.1.122",
            "tags": {},
            "timeouts": null
          },
          "sensitive_attributes": [],
          "identity_schema_version": 0,
          "private": "eyJlMmJmYjczMC1lY2FhLTExZTYtOGY4OC0zNDM2M2JjN2M0YzAiOnsiY3JlYXRlIjoxODAwMDAwMDAwMDAwLCJkZWxldGUiOjE4MDAwMDAwMDAwMDAsInJlYWQiOjMwMDAwMDAwMDAwMH0sInNjaGVtYV92ZXJzaW9uIjoiMSJ9"
        }
      ]
    },
    {
      "mode": "managed",
      "type": "azurerm_log_analytics_saved_search",
      "name": "res-113",
      "provider": "provider[\"registry.terraform.io/hashicorp/azurerm\"]",
      "instances": [
        {
          "schema_version": 1,
          "attributes": {
            "category": "Log Management",
            "display_name": "Events in the Operations Manager Event Log whose Event ID is in the range between 2000 and 3000",
            "function_alias": "",
            "function_parameters": [],
            "id": "/subscriptions/ebeec867-0bac-448a-b3ba-197e572e0b4c/resourceGroups/Dev_API_ResourceGroup/providers/Microsoft.OperationalInsights/workspaces/DefaultWorkspace-ebeec867-0bac-448a-b3ba-197e572e0b4c-EUS2/savedSearches/LogManagement(DefaultWorkspace-ebeec867-0bac-448a-b3ba-197e572e0b4c-EUS2)_LogManagement|EventsInOMBetween2000to3000",
            "log_analytics_workspace_id": "/subscriptions/ebeec867-0bac-448a-b3ba-197e572e0b4c/resourceGroups/Dev_API_ResourceGroup/providers/Microsoft.OperationalInsights/workspaces/DefaultWorkspace-ebeec867-0bac-448a-b3ba-197e572e0b4c-EUS2",
            "name": "LogManagement(DefaultWorkspace-ebeec867-0bac-448a-b3ba-197e572e0b4c-EUS2)_LogManagement|EventsInOMBetween2000to3000",
            "query": "Event | where EventLog == \"Operations Manager\" and EventID \u003e= 2000 and EventID \u003c= 3000 | sort by TimeGenerated desc\r\n// Oql: Type=Event EventLog=\"Operations Manager\" EventID:[2000..3000] // Args: {OQ: True; WorkspaceId: 00000000-0000-0000-0000-000000000000} // Settings: {PTT: True; SortI: True; SortF: True} // Version: 0.1.122",
            "tags": {},
            "timeouts": null
          },
          "sensitive_attributes": [],
          "identity_schema_version": 0,
          "private": "eyJlMmJmYjczMC1lY2FhLTExZTYtOGY4OC0zNDM2M2JjN2M0YzAiOnsiY3JlYXRlIjoxODAwMDAwMDAwMDAwLCJkZWxldGUiOjE4MDAwMDAwMDAwMDAsInJlYWQiOjMwMDAwMDAwMDAwMH0sInNjaGVtYV92ZXJzaW9uIjoiMSJ9"
        }
      ]
    },
    {
      "mode": "managed",
      "type": "azurerm_log_analytics_saved_search",
      "name": "res-114",
      "provider": "provider[\"registry.terraform.io/hashicorp/azurerm\"]",
      "instances": [
        {
          "schema_version": 1,
          "attributes": {
            "category": "Log Management",
            "display_name": "Count of Events containing the word \"started\" grouped by EventID",
            "function_alias": "",
            "function_parameters": [],
            "id": "/subscriptions/ebeec867-0bac-448a-b3ba-197e572e0b4c/resourceGroups/Dev_API_ResourceGroup/providers/Microsoft.OperationalInsights/workspaces/DefaultWorkspace-ebeec867-0bac-448a-b3ba-197e572e0b4c-EUS2/savedSearches/LogManagement(DefaultWorkspace-ebeec867-0bac-448a-b3ba-197e572e0b4c-EUS2)_LogManagement|EventsWithStartedinEventID",
            "log_analytics_workspace_id": "/subscriptions/ebeec867-0bac-448a-b3ba-197e572e0b4c/resourceGroups/Dev_API_ResourceGroup/providers/Microsoft.OperationalInsights/workspaces/DefaultWorkspace-ebeec867-0bac-448a-b3ba-197e572e0b4c-EUS2",
            "name": "LogManagement(DefaultWorkspace-ebeec867-0bac-448a-b3ba-197e572e0b4c-EUS2)_LogManagement|EventsWithStartedinEventID",
            "query": "search in (Event) \"started\" | summarize AggregatedValue = count() by EventID\r\n// Oql: Type=Event \"started\" | Measure count() by EventID // Args: {OQ: True; WorkspaceId: 00000000-0000-0000-0000-000000000000} // Settings: {PTT: True; SortI: True; SortF: True} // Version: 0.1.122",
            "tags": {},
            "timeouts": null
          },
          "sensitive_attributes": [],
          "identity_schema_version": 0,
          "private": "eyJlMmJmYjczMC1lY2FhLTExZTYtOGY4OC0zNDM2M2JjN2M0YzAiOnsiY3JlYXRlIjoxODAwMDAwMDAwMDAwLCJkZWxldGUiOjE4MDAwMDAwMDAwMDAsInJlYWQiOjMwMDAwMDAwMDAwMH0sInNjaGVtYV92ZXJzaW9uIjoiMSJ9"
        }
      ]
    },
    {
      "mode": "managed",
      "type": "azurerm_log_analytics_saved_search",
      "name": "res-115",
      "provider": "provider[\"registry.terraform.io/hashicorp/azurerm\"]",
      "instances": [
        {
          "schema_version": 1,
          "attributes": {
            "category": "Log Management",
            "display_name": "Find the maximum time taken for each page",
            "function_alias": "",
            "function_parameters": [],
            "id": "/subscriptions/ebeec867-0bac-448a-b3ba-197e572e0b4c/resourceGroups/Dev_API_ResourceGroup/providers/Microsoft.OperationalInsights/workspaces/DefaultWorkspace-ebeec867-0bac-448a-b3ba-197e572e0b4c-EUS2/savedSearches/LogManagement(DefaultWorkspace-ebeec867-0bac-448a-b3ba-197e572e0b4c-EUS2)_LogManagement|FindMaximumTimeTakenForEachPage",
            "log_analytics_workspace_id": "/subscriptions/ebeec867-0bac-448a-b3ba-197e572e0b4c/resourceGroups/Dev_API_ResourceGroup/providers/Microsoft.OperationalInsights/workspaces/DefaultWorkspace-ebeec867-0bac-448a-b3ba-197e572e0b4c-EUS2",
            "name": "LogManagement(DefaultWorkspace-ebeec867-0bac-448a-b3ba-197e572e0b4c-EUS2)_LogManagement|FindMaximumTimeTakenForEachPage",
            "query": "search * | extend Type = $table | where Type == W3CIISLog | summarize AggregatedValue = max(TimeTaken) by csUriStem\r\n// Oql: Type=W3CIISLog | Measure Max(TimeTaken) by csUriStem // Args: {OQ: True; WorkspaceId: 00000000-0000-0000-0000-000000000000} // Settings: {PEF: True; SortI: True; SortF: True} // Version: 0.1.122",
            "tags": {},
            "timeouts": null
          },
          "sensitive_attributes": [],
          "identity_schema_version": 0,
          "private": "eyJlMmJmYjczMC1lY2FhLTExZTYtOGY4OC0zNDM2M2JjN2M0YzAiOnsiY3JlYXRlIjoxODAwMDAwMDAwMDAwLCJkZWxldGUiOjE4MDAwMDAwMDAwMDAsInJlYWQiOjMwMDAwMDAwMDAwMH0sInNjaGVtYV92ZXJzaW9uIjoiMSJ9"
        }
      ]
    },
    {
      "mode": "managed",
      "type": "azurerm_log_analytics_saved_search",
      "name": "res-116",
      "provider": "provider[\"registry.terraform.io/hashicorp/azurerm\"]",
      "instances": [
        {
          "schema_version": 1,
          "attributes": {
            "category": "Log Management",
            "display_name": "IIS Log Entries for a specific client IP Address (replace with your own)",
            "function_alias": "",
            "function_parameters": [],
            "id": "/subscriptions/ebeec867-0bac-448a-b3ba-197e572e0b4c/resourceGroups/Dev_API_ResourceGroup/providers/Microsoft.OperationalInsights/workspaces/DefaultWorkspace-ebeec867-0bac-448a-b3ba-197e572e0b4c-EUS2/savedSearches/LogManagement(DefaultWorkspace-ebeec867-0bac-448a-b3ba-197e572e0b4c-EUS2)_LogManagement|IISLogEntriesForClientIP",
            "log_analytics_workspace_id": "/subscriptions/ebeec867-0bac-448a-b3ba-197e572e0b4c/resourceGroups/Dev_API_ResourceGroup/providers/Microsoft.OperationalInsights/workspaces/DefaultWorkspace-ebeec867-0bac-448a-b3ba-197e572e0b4c-EUS2",
            "name": "LogManagement(DefaultWorkspace-ebeec867-0bac-448a-b3ba-197e572e0b4c-EUS2)_LogManagement|IISLogEntriesForClientIP",
            "query": "search cIP == \"192.168.0.1\" | extend Type = $table | where Type == W3CIISLog | sort by TimeGenerated desc | project csUriStem, scBytes, csBytes, TimeTaken, scStatus\r\n// Oql: Type=W3CIISLog cIP=\"192.168.0.1\" | Select csUriStem,scBytes,csBytes,TimeTaken,scStatus // Args: {OQ: True; WorkspaceId: 00000000-0000-0000-0000-000000000000} // Settings: {PEF: True; SortI: True; SortF: True} // Version: 0.1.122",
            "tags": {},
            "timeouts": null
          },
          "sensitive_attributes": [],
          "identity_schema_version": 0,
          "private": "eyJlMmJmYjczMC1lY2FhLTExZTYtOGY4OC0zNDM2M2JjN2M0YzAiOnsiY3JlYXRlIjoxODAwMDAwMDAwMDAwLCJkZWxldGUiOjE4MDAwMDAwMDAwMDAsInJlYWQiOjMwMDAwMDAwMDAwMH0sInNjaGVtYV92ZXJzaW9uIjoiMSJ9"
        }
      ]
    },
    {
      "mode": "managed",
      "type": "azurerm_log_analytics_saved_search",
      "name": "res-117",
      "provider": "provider[\"registry.terraform.io/hashicorp/azurerm\"]",
      "instances": [
        {
          "schema_version": 1,
          "attributes": {
            "category": "Log Management",
            "display_name": "All IIS Log Entries",
            "function_alias": "",
            "function_parameters": [],
            "id": "/subscriptions/ebeec867-0bac-448a-b3ba-197e572e0b4c/resourceGroups/Dev_API_ResourceGroup/providers/Microsoft.OperationalInsights/workspaces/DefaultWorkspace-ebeec867-0bac-448a-b3ba-197e572e0b4c-EUS2/savedSearches/LogManagement(DefaultWorkspace-ebeec867-0bac-448a-b3ba-197e572e0b4c-EUS2)_LogManagement|ListAllIISLogEntries",
            "log_analytics_workspace_id": "/subscriptions/ebeec867-0bac-448a-b3ba-197e572e0b4c/resourceGroups/Dev_API_ResourceGroup/providers/Microsoft.OperationalInsights/workspaces/DefaultWorkspace-ebeec867-0bac-448a-b3ba-197e572e0b4c-EUS2",
            "name": "LogManagement(DefaultWorkspace-ebeec867-0bac-448a-b3ba-197e572e0b4c-EUS2)_LogManagement|ListAllIISLogEntries",
            "query": "search * | extend Type = $table | where Type == W3CIISLog | sort by TimeGenerated desc\r\n// Oql: Type=W3CIISLog // Args: {OQ: True; WorkspaceId: 00000000-0000-0000-0000-000000000000} // Settings: {PEF: True; SortI: True; SortF: True} // Version: 0.1.122",
            "tags": {},
            "timeouts": null
          },
          "sensitive_attributes": [],
          "identity_schema_version": 0,
          "private": "eyJlMmJmYjczMC1lY2FhLTExZTYtOGY4OC0zNDM2M2JjN2M0YzAiOnsiY3JlYXRlIjoxODAwMDAwMDAwMDAwLCJkZWxldGUiOjE4MDAwMDAwMDAwMDAsInJlYWQiOjMwMDAwMDAwMDAwMH0sInNjaGVtYV92ZXJzaW9uIjoiMSJ9"
        }
      ]
    },
    {
      "mode": "managed",
      "type": "azurerm_log_analytics_saved_search",
      "name": "res-118",
      "provider": "provider[\"registry.terraform.io/hashicorp/azurerm\"]",
      "instances": [
        {
          "schema_version": 1,
          "attributes": {
            "category": "Log Management",
            "display_name": "How many connections to Operations Manager's SDK service by day",
            "function_alias": "",
            "function_parameters": [],
            "id": "/subscriptions/ebeec867-0bac-448a-b3ba-197e572e0b4c/resourceGroups/Dev_API_ResourceGroup/providers/Microsoft.OperationalInsights/workspaces/DefaultWorkspace-ebeec867-0bac-448a-b3ba-197e572e0b4c-EUS2/savedSearches/LogManagement(DefaultWorkspace-ebeec867-0bac-448a-b3ba-197e572e0b4c-EUS2)_LogManagement|NoOfConnectionsToOMSDKService",
            "log_analytics_workspace_id": "/subscriptions/ebeec867-0bac-448a-b3ba-197e572e0b4c/resourceGroups/Dev_API_ResourceGroup/providers/Microsoft.OperationalInsights/workspaces/DefaultWorkspace-ebeec867-0bac-448a-b3ba-197e572e0b4c-EUS2",
            "name": "LogManagement(DefaultWorkspace-ebeec867-0bac-448a-b3ba-197e572e0b4c-EUS2)_LogManagement|NoOfConnectionsToOMSDKService",
            "query": "Event | where EventID == 26328 and EventLog == \"Operations Manager\" | summarize AggregatedValue = count() by bin(TimeGenerated, 1d) | sort by TimeGenerated desc\r\n// Oql: Type=Event EventID=26328 EventLog=\"Operations Manager\" | Measure count() interval 1DAY // Args: {OQ: True; WorkspaceId: 00000000-0000-0000-0000-000000000000} // Settings: {PTT: True; SortI: True; SortF: True} // Version: 0.1.122",
            "tags": {},
            "timeouts": null
          },
          "sensitive_attributes": [],
          "identity_schema_version": 0,
          "private": "eyJlMmJmYjczMC1lY2FhLTExZTYtOGY4OC0zNDM2M2JjN2M0YzAiOnsiY3JlYXRlIjoxODAwMDAwMDAwMDAwLCJkZWxldGUiOjE4MDAwMDAwMDAwMDAsInJlYWQiOjMwMDAwMDAwMDAwMH0sInNjaGVtYV92ZXJzaW9uIjoiMSJ9"
        }
      ]
    },
    {
      "mode": "managed",
      "type": "azurerm_log_analytics_saved_search",
      "name": "res-119",
      "provider": "provider[\"registry.terraform.io/hashicorp/azurerm\"]",
      "instances": [
        {
          "schema_version": 1,
          "attributes": {
            "category": "Log Management",
            "display_name": "When did my servers initiate restart?",
            "function_alias": "",
            "function_parameters": [],
            "id": "/subscriptions/ebeec867-0bac-448a-b3ba-197e572e0b4c/resourceGroups/Dev_API_ResourceGroup/providers/Microsoft.OperationalInsights/workspaces/DefaultWorkspace-ebeec867-0bac-448a-b3ba-197e572e0b4c-EUS2/savedSearches/LogManagement(DefaultWorkspace-ebeec867-0bac-448a-b3ba-197e572e0b4c-EUS2)_LogManagement|ServerRestartTime",
            "log_analytics_workspace_id": "/subscriptions/ebeec867-0bac-448a-b3ba-197e572e0b4c/resourceGroups/Dev_API_ResourceGroup/providers/Microsoft.OperationalInsights/workspaces/DefaultWorkspace-ebeec867-0bac-448a-b3ba-197e572e0b4c-EUS2",
            "name": "LogManagement(DefaultWorkspace-ebeec867-0bac-448a-b3ba-197e572e0b4c-EUS2)_LogManagement|ServerRestartTime",
            "query": "search in (Event) \"shutdown\" and EventLog == \"System\" and Source == \"User32\" and EventID == 1074 | sort by TimeGenerated desc | project TimeGenerated, Computer\r\n// Oql: shutdown Type=Event EventLog=System Source=User32 EventID=1074 | Select TimeGenerated,Computer // Args: {OQ: True; WorkspaceId: 00000000-0000-0000-0000-000000000000} // Settings: {PTT: True; SortI: True; SortF: True} // Version: 0.1.122",
            "tags": {},
            "timeouts": null
          },
          "sensitive_attributes": [],
          "identity_schema_version": 0,
          "private": "eyJlMmJmYjczMC1lY2FhLTExZTYtOGY4OC0zNDM2M2JjN2M0YzAiOnsiY3JlYXRlIjoxODAwMDAwMDAwMDAwLCJkZWxldGUiOjE4MDAwMDAwMDAwMDAsInJlYWQiOjMwMDAwMDAwMDAwMH0sInNjaGVtYV92ZXJzaW9uIjoiMSJ9"
        }
      ]
    },
    {
      "mode": "managed",
      "type": "azurerm_log_analytics_saved_search",
      "name": "res-120",
      "provider": "provider[\"registry.terraform.io/hashicorp/azurerm\"]",
      "instances": [
        {
          "schema_version": 1,
          "attributes": {
            "category": "Log Management",
            "display_name": "Shows which pages people are getting a 404 for",
            "function_alias": "",
            "function_parameters": [],
            "id": "/subscriptions/ebeec867-0bac-448a-b3ba-197e572e0b4c/resourceGroups/Dev_API_ResourceGroup/providers/Microsoft.OperationalInsights/workspaces/DefaultWorkspace-ebeec867-0bac-448a-b3ba-197e572e0b4c-EUS2/savedSearches/LogManagement(DefaultWorkspace-ebeec867-0bac-448a-b3ba-197e572e0b4c-EUS2)_LogManagement|Show404PagesList",
            "log_analytics_workspace_id": "/subscriptions/ebeec867-0bac-448a-b3ba-197e572e0b4c/resourceGroups/Dev_API_ResourceGroup/providers/Microsoft.OperationalInsights/workspaces/DefaultWorkspace-ebeec867-0bac-448a-b3ba-197e572e0b4c-EUS2",
            "name": "LogManagement(DefaultWorkspace-ebeec867-0bac-448a-b3ba-197e572e0b4c-EUS2)_LogManagement|Show404PagesList",
            "query": "search scStatus == 404 | extend Type = $table | where Type == W3CIISLog | summarize AggregatedValue = count() by csUriStem\r\n// Oql: Type=W3CIISLog scStatus=404 | Measure count() by csUriStem // Args: {OQ: True; WorkspaceId: 00000000-0000-0000-0000-000000000000} // Settings: {PEF: True; SortI: True; SortF: True} // Version: 0.1.122",
            "tags": {},
            "timeouts": null
          },
          "sensitive_attributes": [],
          "identity_schema_version": 0,
          "private": "eyJlMmJmYjczMC1lY2FhLTExZTYtOGY4OC0zNDM2M2JjN2M0YzAiOnsiY3JlYXRlIjoxODAwMDAwMDAwMDAwLCJkZWxldGUiOjE4MDAwMDAwMDAwMDAsInJlYWQiOjMwMDAwMDAwMDAwMH0sInNjaGVtYV92ZXJzaW9uIjoiMSJ9"
        }
      ]
    },
    {
      "mode": "managed",
      "type": "azurerm_log_analytics_saved_search",
      "name": "res-121",
      "provider": "provider[\"registry.terraform.io/hashicorp/azurerm\"]",
      "instances": [
        {
          "schema_version": 1,
          "attributes": {
            "category": "Log Management",
            "display_name": "Shows servers that are throwing internal server error",
            "function_alias": "",
            "function_parameters": [],
            "id": "/subscriptions/ebeec867-0bac-448a-b3ba-197e572e0b4c/resourceGroups/Dev_API_ResourceGroup/providers/Microsoft.OperationalInsights/workspaces/DefaultWorkspace-ebeec867-0bac-448a-b3ba-197e572e0b4c-EUS2/savedSearches/LogManagement(DefaultWorkspace-ebeec867-0bac-448a-b3ba-197e572e0b4c-EUS2)_LogManagement|ShowServersThrowingInternalServerError",
            "log_analytics_workspace_id": "/subscriptions/ebeec867-0bac-448a-b3ba-197e572e0b4c/resourceGroups/Dev_API_ResourceGroup/providers/Microsoft.OperationalInsights/workspaces/DefaultWorkspace-ebeec867-0bac-448a-b3ba-197e572e0b4c-EUS2",
            "name": "LogManagement(DefaultWorkspace-ebeec867-0bac-448a-b3ba-197e572e0b4c-EUS2)_LogManagement|ShowServersThrowingInternalServerError",
            "query": "search scStatus == 500 | extend Type = $table | where Type == W3CIISLog | summarize AggregatedValue = count() by sComputerName\r\n// Oql: Type=W3CIISLog scStatus=500 | Measure count() by sComputerName // Args: {OQ: True; WorkspaceId: 00000000-0000-0000-0000-000000000000} // Settings: {PEF: True; SortI: True; SortF: True} // Version: 0.1.122",
            "tags": {},
            "timeouts": null
          },
          "sensitive_attributes": [],
          "identity_schema_version": 0,
          "private": "eyJlMmJmYjczMC1lY2FhLTExZTYtOGY4OC0zNDM2M2JjN2M0YzAiOnsiY3JlYXRlIjoxODAwMDAwMDAwMDAwLCJkZWxldGUiOjE4MDAwMDAwMDAwMDAsInJlYWQiOjMwMDAwMDAwMDAwMH0sInNjaGVtYV92ZXJzaW9uIjoiMSJ9"
        }
      ]
    },
    {
      "mode": "managed",
      "type": "azurerm_log_analytics_saved_search",
      "name": "res-122",
      "provider": "provider[\"registry.terraform.io/hashicorp/azurerm\"]",
      "instances": [
        {
          "schema_version": 1,
          "attributes": {
            "category": "Log Management",
            "display_name": "Total Bytes received by each Azure Role Instance",
            "function_alias": "",
            "function_parameters": [],
            "id": "/subscriptions/ebeec867-0bac-448a-b3ba-197e572e0b4c/resourceGroups/Dev_API_ResourceGroup/providers/Microsoft.OperationalInsights/workspaces/DefaultWorkspace-ebeec867-0bac-448a-b3ba-197e572e0b4c-EUS2/savedSearches/LogManagement(DefaultWorkspace-ebeec867-0bac-448a-b3ba-197e572e0b4c-EUS2)_LogManagement|TotalBytesReceivedByEachAzureRoleInstance",
            "log_analytics_workspace_id": "/subscriptions/ebeec867-0bac-448a-b3ba-197e572e0b4c/resourceGroups/Dev_API_ResourceGroup/providers/Microsoft.OperationalInsights/workspaces/DefaultWorkspace-ebeec867-0bac-448a-b3ba-197e572e0b4c-EUS2",
            "name": "LogManagement(DefaultWorkspace-ebeec867-0bac-448a-b3ba-197e572e0b4c-EUS2)_LogManagement|TotalBytesReceivedByEachAzureRoleInstance",
            "query": "search * | extend Type = $table | where Type == W3CIISLog | summarize AggregatedValue = sum(csBytes) by RoleInstance\r\n// Oql: Type=W3CIISLog | Measure Sum(csBytes) by RoleInstance // Args: {OQ: True; WorkspaceId: 00000000-0000-0000-0000-000000000000} // Settings: {PEF: True; SortI: True; SortF: True} // Version: 0.1.122",
            "tags": {},
            "timeouts": null
          },
          "sensitive_attributes": [],
          "identity_schema_version": 0,
          "private": "eyJlMmJmYjczMC1lY2FhLTExZTYtOGY4OC0zNDM2M2JjN2M0YzAiOnsiY3JlYXRlIjoxODAwMDAwMDAwMDAwLCJkZWxldGUiOjE4MDAwMDAwMDAwMDAsInJlYWQiOjMwMDAwMDAwMDAwMH0sInNjaGVtYV92ZXJzaW9uIjoiMSJ9"
        }
      ]
    },
    {
      "mode": "managed",
      "type": "azurerm_log_analytics_saved_search",
      "name": "res-123",
      "provider": "provider[\"registry.terraform.io/hashicorp/azurerm\"]",
      "instances": [
        {
          "schema_version": 1,
          "attributes": {
            "category": "Log Management",
            "display_name": "Total Bytes received by each IIS Computer",
            "function_alias": "",
            "function_parameters": [],
            "id": "/subscriptions/ebeec867-0bac-448a-b3ba-197e572e0b4c/resourceGroups/Dev_API_ResourceGroup/providers/Microsoft.OperationalInsights/workspaces/DefaultWorkspace-ebeec867-0bac-448a-b3ba-197e572e0b4c-EUS2/savedSearches/LogManagement(DefaultWorkspace-ebeec867-0bac-448a-b3ba-197e572e0b4c-EUS2)_LogManagement|TotalBytesReceivedByEachIISComputer",
            "log_analytics_workspace_id": "/subscriptions/ebeec867-0bac-448a-b3ba-197e572e0b4c/resourceGroups/Dev_API_ResourceGroup/providers/Microsoft.OperationalInsights/workspaces/DefaultWorkspace-ebeec867-0bac-448a-b3ba-197e572e0b4c-EUS2",
            "name": "LogManagement(DefaultWorkspace-ebeec867-0bac-448a-b3ba-197e572e0b4c-EUS2)_LogManagement|TotalBytesReceivedByEachIISComputer",
            "query": "search * | extend Type = $table | where Type == W3CIISLog | summarize AggregatedValue = sum(csBytes) by Computer | limit 500000\r\n// Oql: Type=W3CIISLog | Measure Sum(csBytes) by Computer | top 500000 // Args: {OQ: True; WorkspaceId: 00000000-0000-0000-0000-000000000000} // Settings: {PEF: True; SortI: True; SortF: True} // Version: 0.1.122",
            "tags": {},
            "timeouts": null
          },
          "sensitive_attributes": [],
          "identity_schema_version": 0,
          "private": "eyJlMmJmYjczMC1lY2FhLTExZTYtOGY4OC0zNDM2M2JjN2M0YzAiOnsiY3JlYXRlIjoxODAwMDAwMDAwMDAwLCJkZWxldGUiOjE4MDAwMDAwMDAwMDAsInJlYWQiOjMwMDAwMDAwMDAwMH0sInNjaGVtYV92ZXJzaW9uIjoiMSJ9"
        }
      ]
    },
    {
      "mode": "managed",
      "type": "azurerm_log_analytics_saved_search",
      "name": "res-124",
      "provider": "provider[\"registry.terraform.io/hashicorp/azurerm\"]",
      "instances": [
        {
          "schema_version": 1,
          "attributes": {
            "category": "Log Management",
            "display_name": "Total Bytes responded back to clients by Client IP Address",
            "function_alias": "",
            "function_parameters": [],
            "id": "/subscriptions/ebeec867-0bac-448a-b3ba-197e572e0b4c/resourceGroups/Dev_API_ResourceGroup/providers/Microsoft.OperationalInsights/workspaces/DefaultWorkspace-ebeec867-0bac-448a-b3ba-197e572e0b4c-EUS2/savedSearches/LogManagement(DefaultWorkspace-ebeec867-0bac-448a-b3ba-197e572e0b4c-EUS2)_LogManagement|TotalBytesRespondedToClientsByClientIPAddress",
            "log_analytics_workspace_id": "/subscriptions/ebeec867-0bac-448a-b3ba-197e572e0b4c/resourceGroups/Dev_API_ResourceGroup/providers/Microsoft.OperationalInsights/workspaces/DefaultWorkspace-ebeec867-0bac-448a-b3ba-197e572e0b4c-EUS2",
            "name": "LogManagement(DefaultWorkspace-ebeec867-0bac-448a-b3ba-197e572e0b4c-EUS2)_LogManagement|TotalBytesRespondedToClientsByClientIPAddress",
            "query": "search * | extend Type = $table | where Type == W3CIISLog | summarize AggregatedValue = sum(scBytes) by cIP\r\n// Oql: Type=W3CIISLog | Measure Sum(scBytes) by cIP // Args: {OQ: True; WorkspaceId: 00000000-0000-0000-0000-000000000000} // Settings: {PEF: True; SortI: True; SortF: True} // Version: 0.1.122",
            "tags": {},
            "timeouts": null
          },
          "sensitive_attributes": [],
          "identity_schema_version": 0,
          "private": "eyJlMmJmYjczMC1lY2FhLTExZTYtOGY4OC0zNDM2M2JjN2M0YzAiOnsiY3JlYXRlIjoxODAwMDAwMDAwMDAwLCJkZWxldGUiOjE4MDAwMDAwMDAwMDAsInJlYWQiOjMwMDAwMDAwMDAwMH0sInNjaGVtYV92ZXJzaW9uIjoiMSJ9"
        }
      ]
    },
    {
      "mode": "managed",
      "type": "azurerm_log_analytics_saved_search",
      "name": "res-125",
      "provider": "provider[\"registry.terraform.io/hashicorp/azurerm\"]",
      "instances": [
        {
          "schema_version": 1,
          "attributes": {
            "category": "Log Management",
            "display_name": "Total Bytes responded back to clients by each IIS ServerIP Address",
            "function_alias": "",
            "function_parameters": [],
            "id": "/subscriptions/ebeec867-0bac-448a-b3ba-197e572e0b4c/resourceGroups/Dev_API_ResourceGroup/providers/Microsoft.OperationalInsights/workspaces/DefaultWorkspace-ebeec867-0bac-448a-b3ba-197e572e0b4c-EUS2/savedSearches/LogManagement(DefaultWorkspace-ebeec867-0bac-448a-b3ba-197e572e0b4c-EUS2)_LogManagement|TotalBytesRespondedToClientsByEachIISServerIPAddress",
            "log_analytics_workspace_id": "/subscriptions/ebeec867-0bac-448a-b3ba-197e572e0b4c/resourceGroups/Dev_API_ResourceGroup/providers/Microsoft.OperationalInsights/workspaces/DefaultWorkspace-ebeec867-0bac-448a-b3ba-197e572e0b4c-EUS2",
            "name": "LogManagement(DefaultWorkspace-ebeec867-0bac-448a-b3ba-197e572e0b4c-EUS2)_LogManagement|TotalBytesRespondedToClientsByEachIISServerIPAddress",
            "query": "search * | extend Type = $table | where Type == W3CIISLog | summarize AggregatedValue = sum(scBytes) by sIP\r\n// Oql: Type=W3CIISLog | Measure Sum(scBytes) by sIP // Args: {OQ: True; WorkspaceId: 00000000-0000-0000-0000-000000000000} // Settings: {PEF: True; SortI: True; SortF: True} // Version: 0.1.122",
            "tags": {},
            "timeouts": null
          },
          "sensitive_attributes": [],
          "identity_schema_version": 0,
          "private": "eyJlMmJmYjczMC1lY2FhLTExZTYtOGY4OC0zNDM2M2JjN2M0YzAiOnsiY3JlYXRlIjoxODAwMDAwMDAwMDAwLCJkZWxldGUiOjE4MDAwMDAwMDAwMDAsInJlYWQiOjMwMDAwMDAwMDAwMH0sInNjaGVtYV92ZXJzaW9uIjoiMSJ9"
        }
      ]
    },
    {
      "mode": "managed",
      "type": "azurerm_log_analytics_saved_search",
      "name": "res-126",
      "provider": "provider[\"registry.terraform.io/hashicorp/azurerm\"]",
      "instances": [
        {
          "schema_version": 1,
          "attributes": {
            "category": "Log Management",
            "display_name": "Total Bytes sent by Client IP Address",
            "function_alias": "",
            "function_parameters": [],
            "id": "/subscriptions/ebeec867-0bac-448a-b3ba-197e572e0b4c/resourceGroups/Dev_API_ResourceGroup/providers/Microsoft.OperationalInsights/workspaces/DefaultWorkspace-ebeec867-0bac-448a-b3ba-197e572e0b4c-EUS2/savedSearches/LogManagement(DefaultWorkspace-ebeec867-0bac-448a-b3ba-197e572e0b4c-EUS2)_LogManagement|TotalBytesSentByClientIPAddress",
            "log_analytics_workspace_id": "/subscriptions/ebeec867-0bac-448a-b3ba-197e572e0b4c/resourceGroups/Dev_API_ResourceGroup/providers/Microsoft.OperationalInsights/workspaces/DefaultWorkspace-ebeec867-0bac-448a-b3ba-197e572e0b4c-EUS2",
            "name": "LogManagement(DefaultWorkspace-ebeec867-0bac-448a-b3ba-197e572e0b4c-EUS2)_LogManagement|TotalBytesSentByClientIPAddress",
            "query": "search * | extend Type = $table | where Type == W3CIISLog | summarize AggregatedValue = sum(csBytes) by cIP\r\n// Oql: Type=W3CIISLog | Measure Sum(csBytes) by cIP // Args: {OQ: True; WorkspaceId: 00000000-0000-0000-0000-000000000000} // Settings: {PEF: True; SortI: True; SortF: True} // Version: 0.1.122",
            "tags": {},
            "timeouts": null
          },
          "sensitive_attributes": [],
          "identity_schema_version": 0,
          "private": "eyJlMmJmYjczMC1lY2FhLTExZTYtOGY4OC0zNDM2M2JjN2M0YzAiOnsiY3JlYXRlIjoxODAwMDAwMDAwMDAwLCJkZWxldGUiOjE4MDAwMDAwMDAwMDAsInJlYWQiOjMwMDAwMDAwMDAwMH0sInNjaGVtYV92ZXJzaW9uIjoiMSJ9"
        }
      ]
    },
    {
      "mode": "managed",
      "type": "azurerm_log_analytics_saved_search",
      "name": "res-127",
      "provider": "provider[\"registry.terraform.io/hashicorp/azurerm\"]",
      "instances": [
        {
          "schema_version": 1,
          "attributes": {
            "category": "Log Management",
            "display_name": "All Events with level \"Warning\"",
            "function_alias": "",
            "function_parameters": [],
            "id": "/subscriptions/ebeec867-0bac-448a-b3ba-197e572e0b4c/resourceGroups/Dev_API_ResourceGroup/providers/Microsoft.OperationalInsights/workspaces/DefaultWorkspace-ebeec867-0bac-448a-b3ba-197e572e0b4c-EUS2/savedSearches/LogManagement(DefaultWorkspace-ebeec867-0bac-448a-b3ba-197e572e0b4c-EUS2)_LogManagement|WarningEvents",
            "log_analytics_workspace_id": "/subscriptions/ebeec867-0bac-448a-b3ba-197e572e0b4c/resourceGroups/Dev_API_ResourceGroup/providers/Microsoft.OperationalInsights/workspaces/DefaultWorkspace-ebeec867-0bac-448a-b3ba-197e572e0b4c-EUS2",
            "name": "LogManagement(DefaultWorkspace-ebeec867-0bac-448a-b3ba-197e572e0b4c-EUS2)_LogManagement|WarningEvents",
            "query": "Event | where EventLevelName == \"warning\" | sort by TimeGenerated desc\r\n// Oql: Type=Event EventLevelName=warning // Args: {OQ: True; WorkspaceId: 00000000-0000-0000-0000-000000000000} // Settings: {PTT: True; SortI: True; SortF: True} // Version: 0.1.122",
            "tags": {},
            "timeouts": null
          },
          "sensitive_attributes": [],
          "identity_schema_version": 0,
          "private": "eyJlMmJmYjczMC1lY2FhLTExZTYtOGY4OC0zNDM2M2JjN2M0YzAiOnsiY3JlYXRlIjoxODAwMDAwMDAwMDAwLCJkZWxldGUiOjE4MDAwMDAwMDAwMDAsInJlYWQiOjMwMDAwMDAwMDAwMH0sInNjaGVtYV92ZXJzaW9uIjoiMSJ9"
        }
      ]
    },
    {
      "mode": "managed",
      "type": "azurerm_log_analytics_saved_search",
      "name": "res-128",
      "provider": "provider[\"registry.terraform.io/hashicorp/azurerm\"]",
      "instances": [
        {
          "schema_version": 1,
          "attributes": {
            "category": "Log Management",
            "display_name": "Windows Firewall Policy settings have changed",
            "function_alias": "",
            "function_parameters": [],
            "id": "/subscriptions/ebeec867-0bac-448a-b3ba-197e572e0b4c/resourceGroups/Dev_API_ResourceGroup/providers/Microsoft.OperationalInsights/workspaces/DefaultWorkspace-ebeec867-0bac-448a-b3ba-197e572e0b4c-EUS2/savedSearches/LogManagement(DefaultWorkspace-ebeec867-0bac-448a-b3ba-197e572e0b4c-EUS2)_LogManagement|WindowsFireawallPolicySettingsChanged",
            "log_analytics_workspace_id": "/subscriptions/ebeec867-0bac-448a-b3ba-197e572e0b4c/resourceGroups/Dev_API_ResourceGroup/providers/Microsoft.OperationalInsights/workspaces/DefaultWorkspace-ebeec867-0bac-448a-b3ba-197e572e0b4c-EUS2",
            "name": "LogManagement(DefaultWorkspace-ebeec867-0bac-448a-b3ba-197e572e0b4c-EUS2)_LogManagement|WindowsFireawallPolicySettingsChanged",
            "query": "Event | where EventLog == \"Microsoft-Windows-Windows Firewall With Advanced Security/Firewall\" and EventID == 2008 | sort by TimeGenerated desc\r\n// Oql: Type=Event EventLog=\"Microsoft-Windows-Windows Firewall With Advanced Security/Firewall\" EventID=2008 // Args: {OQ: True; WorkspaceId: 00000000-0000-0000-0000-000000000000} // Settings: {PTT: True; SortI: True; SortF: True} // Version: 0.1.122",
            "tags": {},
            "timeouts": null
          },
          "sensitive_attributes": [],
          "identity_schema_version": 0,
          "private": "eyJlMmJmYjczMC1lY2FhLTExZTYtOGY4OC0zNDM2M2JjN2M0YzAiOnsiY3JlYXRlIjoxODAwMDAwMDAwMDAwLCJkZWxldGUiOjE4MDAwMDAwMDAwMDAsInJlYWQiOjMwMDAwMDAwMDAwMH0sInNjaGVtYV92ZXJzaW9uIjoiMSJ9"
        }
      ]
    },
    {
      "mode": "managed",
      "type": "azurerm_log_analytics_saved_search",
      "name": "res-129",
      "provider": "provider[\"registry.terraform.io/hashicorp/azurerm\"]",
      "instances": [
        {
          "schema_version": 1,
          "attributes": {
            "category": "Log Management",
            "display_name": "On which machines and how many times have Windows Firewall Policy settings changed",
            "function_alias": "",
            "function_parameters": [],
            "id": "/subscriptions/ebeec867-0bac-448a-b3ba-197e572e0b4c/resourceGroups/Dev_API_ResourceGroup/providers/Microsoft.OperationalInsights/workspaces/DefaultWorkspace-ebeec867-0bac-448a-b3ba-197e572e0b4c-EUS2/savedSearches/LogManagement(DefaultWorkspace-ebeec867-0bac-448a-b3ba-197e572e0b4c-EUS2)_LogManagement|WindowsFireawallPolicySettingsChangedByMachines",
            "log_analytics_workspace_id": "/subscriptions/ebeec867-0bac-448a-b3ba-197e572e0b4c/resourceGroups/Dev_API_ResourceGroup/providers/Microsoft.OperationalInsights/workspaces/DefaultWorkspace-ebeec867-0bac-448a-b3ba-197e572e0b4c-EUS2",
            "name": "LogManagement(DefaultWorkspace-ebeec867-0bac-448a-b3ba-197e572e0b4c-EUS2)_LogManagement|WindowsFireawallPolicySettingsChangedByMachines",
            "query": "Event | where EventLog == \"Microsoft-Windows-Windows Firewall With Advanced Security/Firewall\" and EventID == 2008 | summarize AggregatedValue = count() by Computer | limit 500000\r\n// Oql: Type=Event EventLog=\"Microsoft-Windows-Windows Firewall With Advanced Security/Firewall\" EventID=2008 | measure count() by Computer | top 500000 // Args: {OQ: True; WorkspaceId: 00000000-0000-0000-0000-000000000000} // Settings: {PTT: True; SortI: True; SortF: True} // Version: 0.1.122",
            "tags": {},
            "timeouts": null
          },
          "sensitive_attributes": [],
          "identity_schema_version": 0,
          "private": "eyJlMmJmYjczMC1lY2FhLTExZTYtOGY4OC0zNDM2M2JjN2M0YzAiOnsiY3JlYXRlIjoxODAwMDAwMDAwMDAwLCJkZWxldGUiOjE4MDAwMDAwMDAwMDAsInJlYWQiOjMwMDAwMDAwMDAwMH0sInNjaGVtYV92ZXJzaW9uIjoiMSJ9"
        }
      ]
    },
    {
      "mode": "managed",
      "type": "azurerm_log_analytics_saved_search",
      "name": "res-91",
      "provider": "provider[\"registry.terraform.io/hashicorp/azurerm\"]",
      "instances": [
        {
          "schema_version": 1,
          "attributes": {
            "category": "General Exploration",
            "display_name": "All Computers with their most recent data",
            "function_alias": "",
            "function_parameters": [],
            "id": "/subscriptions/ebeec867-0bac-448a-b3ba-197e572e0b4c/resourceGroups/Dev_API_ResourceGroup/providers/Microsoft.OperationalInsights/workspaces/DefaultWorkspace-ebeec867-0bac-448a-b3ba-197e572e0b4c-EUS2/savedSearches/LogManagement(DefaultWorkspace-ebeec867-0bac-448a-b3ba-197e572e0b4c-EUS2)_General|AlphabeticallySortedComputers",
            "log_analytics_workspace_id": "/subscriptions/ebeec867-0bac-448a-b3ba-197e572e0b4c/resourceGroups/Dev_API_ResourceGroup/providers/Microsoft.OperationalInsights/workspaces/DefaultWorkspace-ebeec867-0bac-448a-b3ba-197e572e0b4c-EUS2",
            "name": "LogManagement(DefaultWorkspace-ebeec867-0bac-448a-b3ba-197e572e0b4c-EUS2)_General|AlphabeticallySortedComputers",
            "query": "search not(ObjectName == \"Advisor Metrics\" or ObjectName == \"ManagedSpace\") | summarize AggregatedValue = max(TimeGenerated) by Computer | limit 500000 | sort by Computer asc\r\n// Oql: NOT(ObjectName=\"Advisor Metrics\" OR ObjectName=ManagedSpace) | measure max(TimeGenerated) by Computer | top 500000 | Sort Computer // Args: {OQ: True; WorkspaceId: 00000000-0000-0000-0000-000000000000} // Settings: {PTT: True; SortI: True; SortF: True} // Version: 0.1.122",
            "tags": {},
            "timeouts": null
          },
          "sensitive_attributes": [],
          "identity_schema_version": 0,
          "private": "eyJlMmJmYjczMC1lY2FhLTExZTYtOGY4OC0zNDM2M2JjN2M0YzAiOnsiY3JlYXRlIjoxODAwMDAwMDAwMDAwLCJkZWxldGUiOjE4MDAwMDAwMDAwMDAsInJlYWQiOjMwMDAwMDAwMDAwMH0sInNjaGVtYV92ZXJzaW9uIjoiMSJ9"
        }
      ]
    },
    {
      "mode": "managed",
      "type": "azurerm_log_analytics_saved_search",
      "name": "res-92",
      "provider": "provider[\"registry.terraform.io/hashicorp/azurerm\"]",
      "instances": [
        {
          "schema_version": 1,
          "attributes": {
            "category": "General Exploration",
            "display_name": "Stale Computers (data older than 24 hours)",
            "function_alias": "",
            "function_parameters": [],
            "id": "/subscriptions/ebeec867-0bac-448a-b3ba-197e572e0b4c/resourceGroups/Dev_API_ResourceGroup/providers/Microsoft.OperationalInsights/workspaces/DefaultWorkspace-ebeec867-0bac-448a-b3ba-197e572e0b4c-EUS2/savedSearches/LogManagement(DefaultWorkspace-ebeec867-0bac-448a-b3ba-197e572e0b4c-EUS2)_General|StaleComputers",
            "log_analytics_workspace_id": "/subscriptions/ebeec867-0bac-448a-b3ba-197e572e0b4c/resourceGroups/Dev_API_ResourceGroup/providers/Microsoft.OperationalInsights/workspaces/DefaultWorkspace-ebeec867-0bac-448a-b3ba-197e572e0b4c-EUS2",
            "name": "LogManagement(DefaultWorkspace-ebeec867-0bac-448a-b3ba-197e572e0b4c-EUS2)_General|StaleComputers",
            "query": "search not(ObjectName == \"Advisor Metrics\" or ObjectName == \"ManagedSpace\") | summarize lastdata = max(TimeGenerated) by Computer | limit 500000 | where lastdata \u003c ago(24h)\r\n// Oql: NOT(ObjectName=\"Advisor Metrics\" OR ObjectName=ManagedSpace) | measure max(TimeGenerated) as lastdata by Computer | top 500000 | where lastdata \u003c NOW-24HOURS // Args: {OQ: True; WorkspaceId: 00000000-0000-0000-0000-000000000000} // Settings: {PTT: True; SortI: True; SortF: True} // Version: 0.1.122",
            "tags": {},
            "timeouts": null
          },
          "sensitive_attributes": [],
          "identity_schema_version": 0,
          "private": "eyJlMmJmYjczMC1lY2FhLTExZTYtOGY4OC0zNDM2M2JjN2M0YzAiOnsiY3JlYXRlIjoxODAwMDAwMDAwMDAwLCJkZWxldGUiOjE4MDAwMDAwMDAwMDAsInJlYWQiOjMwMDAwMDAwMDAwMH0sInNjaGVtYV92ZXJzaW9uIjoiMSJ9"
        }
      ]
    },
    {
      "mode": "managed",
      "type": "azurerm_log_analytics_saved_search",
      "name": "res-93",
      "provider": "provider[\"registry.terraform.io/hashicorp/azurerm\"]",
      "instances": [
        {
          "schema_version": 1,
          "attributes": {
            "category": "General Exploration",
            "display_name": "Which Management Group is generating the most data points?",
            "function_alias": "",
            "function_parameters": [],
            "id": "/subscriptions/ebeec867-0bac-448a-b3ba-197e572e0b4c/resourceGroups/Dev_API_ResourceGroup/providers/Microsoft.OperationalInsights/workspaces/DefaultWorkspace-ebeec867-0bac-448a-b3ba-197e572e0b4c-EUS2/savedSearches/LogManagement(DefaultWorkspace-ebeec867-0bac-448a-b3ba-197e572e0b4c-EUS2)_General|dataPointsPerManagementGroup",
            "log_analytics_workspace_id": "/subscriptions/ebeec867-0bac-448a-b3ba-197e572e0b4c/resourceGroups/Dev_API_ResourceGroup/providers/Microsoft.OperationalInsights/workspaces/DefaultWorkspace-ebeec867-0bac-448a-b3ba-197e572e0b4c-EUS2",
            "name": "LogManagement(DefaultWorkspace-ebeec867-0bac-448a-b3ba-197e572e0b4c-EUS2)_General|dataPointsPerManagementGroup",
            "query": "search * | summarize AggregatedValue = count() by ManagementGroupName\r\n// Oql: * | Measure count() by ManagementGroupName // Args: {OQ: True; WorkspaceId: 00000000-0000-0000-0000-000000000000} // Settings: {PTT: True; SortI: True; SortF: True} // Version: 0.1.122",
            "tags": {},
            "timeouts": null
          },
          "sensitive_attributes": [],
          "identity_schema_version": 0,
          "private": "eyJlMmJmYjczMC1lY2FhLTExZTYtOGY4OC0zNDM2M2JjN2M0YzAiOnsiY3JlYXRlIjoxODAwMDAwMDAwMDAwLCJkZWxldGUiOjE4MDAwMDAwMDAwMDAsInJlYWQiOjMwMDAwMDAwMDAwMH0sInNjaGVtYV92ZXJzaW9uIjoiMSJ9"
        }
      ]
    },
    {
      "mode": "managed",
      "type": "azurerm_log_analytics_saved_search",
      "name": "res-94",
      "provider": "provider[\"registry.terraform.io/hashicorp/azurerm\"]",
      "instances": [
        {
          "schema_version": 1,
          "attributes": {
            "category": "General Exploration",
            "display_name": "Distribution of data Types",
            "function_alias": "",
            "function_parameters": [],
            "id": "/subscriptions/ebeec867-0bac-448a-b3ba-197e572e0b4c/resourceGroups/Dev_API_ResourceGroup/providers/Microsoft.OperationalInsights/workspaces/DefaultWorkspace-ebeec867-0bac-448a-b3ba-197e572e0b4c-EUS2/savedSearches/LogManagement(DefaultWorkspace-ebeec867-0bac-448a-b3ba-197e572e0b4c-EUS2)_General|dataTypeDistribution",
            "log_analytics_workspace_id": "/subscriptions/ebeec867-0bac-448a-b3ba-197e572e0b4c/resourceGroups/Dev_API_ResourceGroup/providers/Microsoft.OperationalInsights/workspaces/DefaultWorkspace-ebeec867-0bac-448a-b3ba-197e572e0b4c-EUS2",
            "name": "LogManagement(DefaultWorkspace-ebeec867-0bac-448a-b3ba-197e572e0b4c-EUS2)_General|dataTypeDistribution",
            "query": "search * | extend Type = $table | summarize AggregatedValue = count() by Type\r\n// Oql: * | Measure count() by Type // Args: {OQ: True; WorkspaceId: 00000000-0000-0000-0000-000000000000} // Settings: {PTT: True; SortI: True; SortF: True} // Version: 0.1.122",
            "tags": {},
            "timeouts": null
          },
          "sensitive_attributes": [],
          "identity_schema_version": 0,
          "private": "eyJlMmJmYjczMC1lY2FhLTExZTYtOGY4OC0zNDM2M2JjN2M0YzAiOnsiY3JlYXRlIjoxODAwMDAwMDAwMDAwLCJkZWxldGUiOjE4MDAwMDAwMDAwMDAsInJlYWQiOjMwMDAwMDAwMDAwMH0sInNjaGVtYV92ZXJzaW9uIjoiMSJ9"
        }
      ]
    },
    {
      "mode": "managed",
      "type": "azurerm_log_analytics_saved_search",
      "name": "res-95",
      "provider": "provider[\"registry.terraform.io/hashicorp/azurerm\"]",
      "instances": [
        {
          "schema_version": 1,
          "attributes": {
            "category": "Log Management",
            "display_name": "All Events",
            "function_alias": "",
            "function_parameters": [],
            "id": "/subscriptions/ebeec867-0bac-448a-b3ba-197e572e0b4c/resourceGroups/Dev_API_ResourceGroup/providers/Microsoft.OperationalInsights/workspaces/DefaultWorkspace-ebeec867-0bac-448a-b3ba-197e572e0b4c-EUS2/savedSearches/LogManagement(DefaultWorkspace-ebeec867-0bac-448a-b3ba-197e572e0b4c-EUS2)_LogManagement|AllEvents",
            "log_analytics_workspace_id": "/subscriptions/ebeec867-0bac-448a-b3ba-197e572e0b4c/resourceGroups/Dev_API_ResourceGroup/providers/Microsoft.OperationalInsights/workspaces/DefaultWorkspace-ebeec867-0bac-448a-b3ba-197e572e0b4c-EUS2",
            "name": "LogManagement(DefaultWorkspace-ebeec867-0bac-448a-b3ba-197e572e0b4c-EUS2)_LogManagement|AllEvents",
            "query": "Event | sort by TimeGenerated desc\r\n// Oql: Type=Event // Args: {OQ: True; WorkspaceId: 00000000-0000-0000-0000-000000000000} // Settings: {PTT: True; SortI: True; SortF: True} // Version: 0.1.122",
            "tags": {},
            "timeouts": null
          },
          "sensitive_attributes": [],
          "identity_schema_version": 0,
          "private": "eyJlMmJmYjczMC1lY2FhLTExZTYtOGY4OC0zNDM2M2JjN2M0YzAiOnsiY3JlYXRlIjoxODAwMDAwMDAwMDAwLCJkZWxldGUiOjE4MDAwMDAwMDAwMDAsInJlYWQiOjMwMDAwMDAwMDAwMH0sInNjaGVtYV92ZXJzaW9uIjoiMSJ9"
        }
      ]
    },
    {
      "mode": "managed",
      "type": "azurerm_log_analytics_saved_search",
      "name": "res-96",
      "provider": "provider[\"registry.terraform.io/hashicorp/azurerm\"]",
      "instances": [
        {
          "schema_version": 1,
          "attributes": {
            "category": "Log Management",
            "display_name": "All Syslogs",
            "function_alias": "",
            "function_parameters": [],
            "id": "/subscriptions/ebeec867-0bac-448a-b3ba-197e572e0b4c/resourceGroups/Dev_API_ResourceGroup/providers/Microsoft.OperationalInsights/workspaces/DefaultWorkspace-ebeec867-0bac-448a-b3ba-197e572e0b4c-EUS2/savedSearches/LogManagement(DefaultWorkspace-ebeec867-0bac-448a-b3ba-197e572e0b4c-EUS2)_LogManagement|AllSyslog",
            "log_analytics_workspace_id": "/subscriptions/ebeec867-0bac-448a-b3ba-197e572e0b4c/resourceGroups/Dev_API_ResourceGroup/providers/Microsoft.OperationalInsights/workspaces/DefaultWorkspace-ebeec867-0bac-448a-b3ba-197e572e0b4c-EUS2",
            "name": "LogManagement(DefaultWorkspace-ebeec867-0bac-448a-b3ba-197e572e0b4c-EUS2)_LogManagement|AllSyslog",
            "query": "Syslog | sort by TimeGenerated desc\r\n// Oql: Type=Syslog // Args: {OQ: True; WorkspaceId: 00000000-0000-0000-0000-000000000000} // Settings: {PTT: True; SortI: True; SortF: True} // Version: 0.1.122",
            "tags": {},
            "timeouts": null
          },
          "sensitive_attributes": [],
          "identity_schema_version": 0,
          "private": "eyJlMmJmYjczMC1lY2FhLTExZTYtOGY4OC0zNDM2M2JjN2M0YzAiOnsiY3JlYXRlIjoxODAwMDAwMDAwMDAwLCJkZWxldGUiOjE4MDAwMDAwMDAwMDAsInJlYWQiOjMwMDAwMDAwMDAwMH0sInNjaGVtYV92ZXJzaW9uIjoiMSJ9"
        }
      ]
    },
    {
      "mode": "managed",
      "type": "azurerm_log_analytics_saved_search",
      "name": "res-97",
      "provider": "provider[\"registry.terraform.io/hashicorp/azurerm\"]",
      "instances": [
        {
          "schema_version": 1,
          "attributes": {
            "category": "Log Management",
            "display_name": "All Syslog Records grouped by Facility",
            "function_alias": "",
            "function_parameters": [],
            "id": "/subscriptions/ebeec867-0bac-448a-b3ba-197e572e0b4c/resourceGroups/Dev_API_ResourceGroup/providers/Microsoft.OperationalInsights/workspaces/DefaultWorkspace-ebeec867-0bac-448a-b3ba-197e572e0b4c-EUS2/savedSearches/LogManagement(DefaultWorkspace-ebeec867-0bac-448a-b3ba-197e572e0b4c-EUS2)_LogManagement|AllSyslogByFacility",
            "log_analytics_workspace_id": "/subscriptions/ebeec867-0bac-448a-b3ba-197e572e0b4c/resourceGroups/Dev_API_ResourceGroup/providers/Microsoft.OperationalInsights/workspaces/DefaultWorkspace-ebeec867-0bac-448a-b3ba-197e572e0b4c-EUS2",
            "name": "LogManagement(DefaultWorkspace-ebeec867-0bac-448a-b3ba-197e572e0b4c-EUS2)_LogManagement|AllSyslogByFacility",
            "query": "Syslog | summarize AggregatedValue = count() by Facility\r\n// Oql: Type=Syslog | Measure count() by Facility // Args: {OQ: True; WorkspaceId: 00000000-0000-0000-0000-000000000000} // Settings: {PTT: True; SortI: True; SortF: True} // Version: 0.1.122",
            "tags": {},
            "timeouts": null
          },
          "sensitive_attributes": [],
          "identity_schema_version": 0,
          "private": "eyJlMmJmYjczMC1lY2FhLTExZTYtOGY4OC0zNDM2M2JjN2M0YzAiOnsiY3JlYXRlIjoxODAwMDAwMDAwMDAwLCJkZWxldGUiOjE4MDAwMDAwMDAwMDAsInJlYWQiOjMwMDAwMDAwMDAwMH0sInNjaGVtYV92ZXJzaW9uIjoiMSJ9"
        }
      ]
    },
    {
      "mode": "managed",
      "type": "azurerm_log_analytics_saved_search",
      "name": "res-98",
      "provider": "provider[\"registry.terraform.io/hashicorp/azurerm\"]",
      "instances": [
        {
          "schema_version": 1,
          "attributes": {
            "category": "Log Management",
            "display_name": "All Syslog Records grouped by ProcessName",
            "function_alias": "",
            "function_parameters": [],
            "id": "/subscriptions/ebeec867-0bac-448a-b3ba-197e572e0b4c/resourceGroups/Dev_API_ResourceGroup/providers/Microsoft.OperationalInsights/workspaces/DefaultWorkspace-ebeec867-0bac-448a-b3ba-197e572e0b4c-EUS2/savedSearches/LogManagement(DefaultWorkspace-ebeec867-0bac-448a-b3ba-197e572e0b4c-EUS2)_LogManagement|AllSyslogByProcessName",
            "log_analytics_workspace_id": "/subscriptions/ebeec867-0bac-448a-b3ba-197e572e0b4c/resourceGroups/Dev_API_ResourceGroup/providers/Microsoft.OperationalInsights/workspaces/DefaultWorkspace-ebeec867-0bac-448a-b3ba-197e572e0b4c-EUS2",
            "name": "LogManagement(DefaultWorkspace-ebeec867-0bac-448a-b3ba-197e572e0b4c-EUS2)_LogManagement|AllSyslogByProcessName",
            "query": "Syslog | summarize AggregatedValue = count() by ProcessName\r\n// Oql: Type=Syslog | Measure count() by ProcessName // Args: {OQ: True; WorkspaceId: 00000000-0000-0000-0000-000000000000} // Settings: {PTT: True; SortI: True; SortF: True} // Version: 0.1.122",
            "tags": {},
            "timeouts": null
          },
          "sensitive_attributes": [],
          "identity_schema_version": 0,
          "private": "eyJlMmJmYjczMC1lY2FhLTExZTYtOGY4OC0zNDM2M2JjN2M0YzAiOnsiY3JlYXRlIjoxODAwMDAwMDAwMDAwLCJkZWxldGUiOjE4MDAwMDAwMDAwMDAsInJlYWQiOjMwMDAwMDAwMDAwMH0sInNjaGVtYV92ZXJzaW9uIjoiMSJ9"
        }
      ]
    },
    {
      "mode": "managed",
      "type": "azurerm_log_analytics_saved_search",
      "name": "res-99",
      "provider": "provider[\"registry.terraform.io/hashicorp/azurerm\"]",
      "instances": [
        {
          "schema_version": 1,
          "attributes": {
            "category": "Log Management",
            "display_name": "All Syslog Records with Errors",
            "function_alias": "",
            "function_parameters": [],
            "id": "/subscriptions/ebeec867-0bac-448a-b3ba-197e572e0b4c/resourceGroups/Dev_API_ResourceGroup/providers/Microsoft.OperationalInsights/workspaces/DefaultWorkspace-ebeec867-0bac-448a-b3ba-197e572e0b4c-EUS2/savedSearches/LogManagement(DefaultWorkspace-ebeec867-0bac-448a-b3ba-197e572e0b4c-EUS2)_LogManagement|AllSyslogsWithErrors",
            "log_analytics_workspace_id": "/subscriptions/ebeec867-0bac-448a-b3ba-197e572e0b4c/resourceGroups/Dev_API_ResourceGroup/providers/Microsoft.OperationalInsights/workspaces/DefaultWorkspace-ebeec867-0bac-448a-b3ba-197e572e0b4c-EUS2",
            "name": "LogManagement(DefaultWorkspace-ebeec867-0bac-448a-b3ba-197e572e0b4c-EUS2)_LogManagement|AllSyslogsWithErrors",
            "query": "Syslog | where SeverityLevel == \"error\" | sort by TimeGenerated desc\r\n// Oql: Type=Syslog SeverityLevel=error // Args: {OQ: True; WorkspaceId: 00000000-0000-0000-0000-000000000000} // Settings: {PTT: True; SortI: True; SortF: True} // Version: 0.1.122",
            "tags": {},
            "timeouts": null
          },
          "sensitive_attributes": [],
          "identity_schema_version": 0,
          "private": "eyJlMmJmYjczMC1lY2FhLTExZTYtOGY4OC0zNDM2M2JjN2M0YzAiOnsiY3JlYXRlIjoxODAwMDAwMDAwMDAwLCJkZWxldGUiOjE4MDAwMDAwMDAwMDAsInJlYWQiOjMwMDAwMDAwMDAwMH0sInNjaGVtYV92ZXJzaW9uIjoiMSJ9"
        }
      ]
    },
    {
      "mode": "managed",
      "type": "azurerm_log_analytics_workspace",
      "name": "res-90",
      "provider": "provider[\"registry.terraform.io/hashicorp/azurerm\"]",
      "instances": [
        {
          "schema_version": 3,
          "attributes": {
            "allow_resource_only_permissions": true,
            "cmk_for_query_forced": false,
            "daily_quota_gb": -1,
            "data_collection_rule_id": "",
            "id": "/subscriptions/ebeec867-0bac-448a-b3ba-197e572e0b4c/resourceGroups/Dev_API_ResourceGroup/providers/Microsoft.OperationalInsights/workspaces/DefaultWorkspace-ebeec867-0bac-448a-b3ba-197e572e0b4c-EUS2",
            "identity": [],
            "immediate_data_purge_on_30_days_enabled": false,
            "internet_ingestion_enabled": true,
            "internet_query_enabled": true,
            "local_authentication_disabled": false,
            "location": "eastus2",
            "name": "DefaultWorkspace-ebeec867-0bac-448a-b3ba-197e572e0b4c-EUS2",
            "primary_shared_key": "IdCePi5/EkbVt6CbwNENUuVHzPI66zf0PZujI8aWm9dle2AWUXNvO7XwpHfpRLLJr2rEZMttf8w++8Hv4QsrUg==",
            "reservation_capacity_in_gb_per_day": null,
            "resource_group_name": "Dev_API_ResourceGroup",
            "retention_in_days": 30,
            "secondary_shared_key": "wtlT4MbXjuD07mcOc4+hygZ6WIM8zVbZruBFkpvF92DbUmfi5aRnfsqCkyNbrfM27wz1pJXAxuE0OSyy1VI/hA==",
            "sku": "PerGB2018",
            "tags": {},
            "timeouts": null,
            "workspace_id": "d0d6d2e5-0789-4860-baa6-1e33d4abf6c1"
          },
          "sensitive_attributes": [
            [
              {
                "type": "get_attr",
                "value": "primary_shared_key"
              }
            ],
            [
              {
                "type": "get_attr",
                "value": "secondary_shared_key"
              }
            ]
          ],
          "identity_schema_version": 0,
          "private": "eyJlMmJmYjczMC1lY2FhLTExZTYtOGY4OC0zNDM2M2JjN2M0YzAiOnsiY3JlYXRlIjoxODAwMDAwMDAwMDAwLCJkZWxldGUiOjE4MDAwMDAwMDAwMDAsInJlYWQiOjMwMDAwMDAwMDAwMCwidXBkYXRlIjoxODAwMDAwMDAwMDAwfSwic2NoZW1hX3ZlcnNpb24iOiIzIn0="
        }
      ]
    },
    {
      "mode": "managed",
      "type": "azurerm_logic_app_action_custom",
      "name": "res-88",
      "provider": "provider[\"registry.terraform.io/hashicorp/azurerm\"]",
      "instances": [
        {
          "schema_version": 0,
          "attributes": {
            "body": "{\"inputs\":{\"body\":{\"channel\":\"C0943S2F1PX\",\"text\":\"@triggerBody()?['data']?['essentials']?['alertRule']\"},\"host\":{\"connection\":{\"name\":\"@parameters('$connections')['slack']['connectionId']\"}},\"method\":\"post\",\"path\":\"/v2/chat.postMessage\"},\"runAfter\":{},\"type\":\"ApiConnection\"}",
            "id": "/subscriptions/ebeec867-0bac-448a-b3ba-197e572e0b4c/resourceGroups/Dev_API_ResourceGroup/providers/Microsoft.Logic/workflows/SlackLogicApp2/actions/Post_message_(V2)",
            "logic_app_id": "/subscriptions/ebeec867-0bac-448a-b3ba-197e572e0b4c/resourceGroups/Dev_API_ResourceGroup/providers/Microsoft.Logic/workflows/SlackLogicApp2",
            "name": "Post_message_(V2)",
            "timeouts": null
          },
          "sensitive_attributes": [],
          "identity_schema_version": 0,
          "private": "eyJlMmJmYjczMC1lY2FhLTExZTYtOGY4OC0zNDM2M2JjN2M0YzAiOnsiY3JlYXRlIjoxODAwMDAwMDAwMDAwLCJkZWxldGUiOjE4MDAwMDAwMDAwMDAsInJlYWQiOjMwMDAwMDAwMDAwMCwidXBkYXRlIjoxODAwMDAwMDAwMDAwfSwic2NoZW1hX3ZlcnNpb24iOiIwIn0="
        }
      ]
    },
    {
      "mode": "managed",
      "type": "azurerm_logic_app_trigger_http_request",
      "name": "res-89",
      "provider": "provider[\"registry.terraform.io/hashicorp/azurerm\"]",
      "instances": [
        {
          "schema_version": 0,
          "attributes": {
            "callback_url": "https://prod-08.eastus2.logic.azure.com:443/workflows/03b09dcb39b642b5a56f6e72ef2a9491/triggers/When_a_HTTP_request_is_received/paths/invoke?api-version=2019-05-01\u0026sp=%2Ftriggers%2FWhen_a_HTTP_request_is_received%2Frun\u0026sv=1.0\u0026sig=ttoccrv8QTivJx1G9GmA2fdWHUSB60yV8oEOWZtYUEQ",
            "id": "/subscriptions/ebeec867-0bac-448a-b3ba-197e572e0b4c/resourceGroups/Dev_API_ResourceGroup/providers/Microsoft.Logic/workflows/SlackLogicApp2/triggers/When_a_HTTP_request_is_received",
            "logic_app_id": "/subscriptions/ebeec867-0bac-448a-b3ba-197e572e0b4c/resourceGroups/Dev_API_ResourceGroup/providers/Microsoft.Logic/workflows/SlackLogicApp2",
            "method": null,
            "name": "When_a_HTTP_request_is_received",
            "relative_path": null,
            "schema": "{\"properties\":{\"data\":{\"properties\":{\"context\":{\"properties\":{\"activityLog\":{\"properties\":{\"authorization\":{\"properties\":{\"action\":{\"type\":\"string\"},\"scope\":{\"type\":\"string\"}},\"type\":\"object\"},\"caller\":{\"type\":\"string\"},\"claims\":{\"type\":\"string\"},\"description\":{\"type\":\"string\"},\"httpRequest\":{\"type\":\"string\"},\"resourceGroupName\":{\"type\":\"string\"},\"resourceId\":{\"type\":\"string\"},\"resourceProviderName\":{\"type\":\"string\"},\"resourceType\":{\"type\":\"string\"}},\"type\":\"object\"}},\"type\":\"object\"},\"properties\":{\"properties\":{},\"type\":\"object\"},\"status\":{\"type\":\"string\"}},\"type\":\"object\"},\"schemaId\":{\"type\":\"string\"}},\"type\":\"object\"}",
            "timeouts": null
          },
          "sensitive_attributes": [],
          "identity_schema_version": 0,
          "private": "eyJlMmJmYjczMC1lY2FhLTExZTYtOGY4OC0zNDM2M2JjN2M0YzAiOnsiY3JlYXRlIjoxODAwMDAwMDAwMDAwLCJkZWxldGUiOjE4MDAwMDAwMDAwMDAsInJlYWQiOjMwMDAwMDAwMDAwMCwidXBkYXRlIjoxODAwMDAwMDAwMDAwfSwic2NoZW1hX3ZlcnNpb24iOiIwIn0="
        }
      ]
    },
    {
      "mode": "managed",
      "type": "azurerm_logic_app_workflow",
      "name": "res-87",
      "provider": "provider[\"registry.terraform.io/hashicorp/azurerm\"]",
      "instances": [
        {
          "schema_version": 0,
          "attributes": {
            "access_control": [],
            "access_endpoint": "https://prod-08.eastus2.logic.azure.com:443/workflows/03b09dcb39b642b5a56f6e72ef2a9491",
            "connector_endpoint_ip_addresses": [],
            "connector_outbound_ip_addresses": [
              "52.225.129.144",
              "52.232.188.154",
              "104.209.247.23",
              "40.70.146.208/28",
              "40.70.151.96/27",
              "40.65.220.25",
              "20.98.192.80/28",
              "20.98.192.96/27",
              "20.85.81.137",
              "20.85.80.197"
            ],
            "enabled": true,
            "id": "/subscriptions/ebeec867-0bac-448a-b3ba-197e572e0b4c/resourceGroups/Dev_API_ResourceGroup/providers/Microsoft.Logic/workflows/SlackLogicApp2",
            "identity": [],
            "integration_service_environment_id": "",
            "location": "eastus2",
            "logic_app_integration_account_id": "",
            "name": "SlackLogicApp2",
            "parameters": {
              "$connections": "{\"slack\":{\"connectionId\":\"/subscriptions/ebeec867-0bac-448a-b3ba-197e572e0b4c/resourceGroups/Dev_API_ResourceGroup/providers/Microsoft.Web/connections/SlackConnection2\",\"connectionName\":\"SlackConnection2\",\"id\":\"/subscriptions/ebeec867-0bac-448a-b3ba-197e572e0b4c/providers/Microsoft.Web/locations/eastus2/managedApis/slack\"}}"
            },
            "resource_group_name": "Dev_API_ResourceGroup",
            "tags": {},
            "timeouts": null,
            "workflow_endpoint_ip_addresses": [
              "40.84.25.234",
              "40.79.44.7",
              "40.84.59.136",
              "40.70.27.253",
              "20.96.58.28",
              "20.96.89.98",
              "20.96.90.28",
              "20.122.237.191",
              "52.251.20.210",
              "20.122.237.232",
              "20.122.237.221",
              "4.152.129.54",
              "4.152.128.241",
              "20.1.240.241",
              "4.152.129.229",
              "4.152.127.230",
              "4.152.126.158",
              "4.153.195.56",
              "4.153.201.240",
              "20.122.237.191",
              "52.251.20.210",
              "20.122.237.232",
              "20.122.237.221",
              "4.152.129.54",
              "4.152.128.241",
              "20.1.240.241",
              "4.152.129.229",
              "4.152.127.230",
              "4.152.126.158",
              "4.153.195.56",
              "4.153.201.240"
            ],
            "workflow_outbound_ip_addresses": [
              "40.84.30.147",
              "104.208.155.200",
              "104.208.158.174",
              "104.208.140.40",
              "40.70.131.151",
              "40.70.29.214",
              "40.70.26.154",
              "40.70.27.236",
              "20.96.58.140",
              "20.96.58.139",
              "20.96.89.54",
              "20.96.89.48",
              "20.96.89.254",
              "20.96.89.234",
              "20.122.237.189",
              "52.253.79.47",
              "20.122.237.225",
              "20.122.237.205",
              "4.152.128.227",
              "4.152.128.205",
              "4.153.159.226",
              "4.152.129.221",
              "4.152.127.229",
              "4.152.125.62",
              "4.153.194.246",
              "4.153.201.239",
              "20.122.237.189",
              "52.253.79.47",
              "20.122.237.225",
              "20.122.237.205",
              "4.152.128.227",
              "4.152.128.205",
              "4.153.159.226",
              "4.152.129.221",
              "4.152.127.229",
              "4.152.125.62",
              "4.153.194.246",
              "4.153.201.239"
            ],
            "workflow_parameters": {
              "$connections": "{\"defaultValue\":{},\"type\":\"Object\"}"
            },
            "workflow_schema": "https://schema.management.azure.com/providers/Microsoft.Logic/schemas/2016-06-01/workflowdefinition.json#",
            "workflow_version": "1.0.0.0"
          },
          "sensitive_attributes": [],
          "identity_schema_version": 0,
          "private": "eyJlMmJmYjczMC1lY2FhLTExZTYtOGY4OC0zNDM2M2JjN2M0YzAiOnsiY3JlYXRlIjoxODAwMDAwMDAwMDAwLCJkZWxldGUiOjE4MDAwMDAwMDAwMDAsInJlYWQiOjMwMDAwMDAwMDAwMCwidXBkYXRlIjoxODAwMDAwMDAwMDAwfSwic2NoZW1hX3ZlcnNpb24iOiIwIn0="
        }
      ]
    },
    {
      "mode": "managed",
      "type": "azurerm_monitor_action_group",
      "name": "res-741",
      "provider": "provider[\"registry.terraform.io/hashicorp/azurerm\"]",
      "instances": [
        {
          "schema_version": 1,
          "attributes": {
            "arm_role_receiver": [],
            "automation_runbook_receiver": [],
            "azure_app_push_receiver": [],
            "azure_function_receiver": [],
            "email_receiver": [
              {
                "email_address": "mjh18500@gmail.com",
                "name": "Email mjh18500@gmail.com_-EmailAction-",
                "use_common_alert_schema": false
              }
            ],
            "enabled": true,
            "event_hub_receiver": [],
            "id": "/subscriptions/ebeec867-0bac-448a-b3ba-197e572e0b4c/resourceGroups/Dev_API_ResourceGroup/providers/Microsoft.Insights/actionGroups/Application Insights Smart Detection",
            "itsm_receiver": [],
            "location": "global",
            "logic_app_receiver": [
              {
                "callback_url": "https://prod-08.eastus2.logic.azure.com:443/workflows/03b09dcb39b642b5a56f6e72ef2a9491/triggers/When_a_HTTP_request_is_received/paths/invoke?api-version=2016-06-01\u0026sp=%2Ftriggers%2FWhen_a_HTTP_request_is_received%2Frun\u0026sv=1.0\u0026sig=ttoccrv8QTivJx1G9GmA2fdWHUSB60yV8oEOWZtYUEQ",
                "name": "Slack",
                "resource_id": "/subscriptions/ebeec867-0bac-448a-b3ba-197e572e0b4c/resourceGroups/Dev_API_ResourceGroup/providers/Microsoft.Logic/workflows/SlackLogicApp2",
                "use_common_alert_schema": true
              }
            ],
            "name": "Application Insights Smart Detection",
            "resource_group_name": "Dev_API_ResourceGroup",
            "short_name": "SmartDetect",
            "sms_receiver": [],
            "tags": {
              "Joseph Hernandez": ""
            },
            "timeouts": null,
            "voice_receiver": [],
            "webhook_receiver": [
              {
                "aad_auth": [],
                "name": "PagerDuty",
                "service_uri": "https://events.pagerduty.com/integration/b449c29c6f054b09c098e8235c4d09d1/enqueue",
                "use_common_alert_schema": true
              }
            ]
          },
          "sensitive_attributes": [],
          "identity_schema_version": 0,
          "private": "eyJlMmJmYjczMC1lY2FhLTExZTYtOGY4OC0zNDM2M2JjN2M0YzAiOnsiY3JlYXRlIjoxODAwMDAwMDAwMDAwLCJkZWxldGUiOjE4MDAwMDAwMDAwMDAsInJlYWQiOjMwMDAwMDAwMDAwMCwidXBkYXRlIjoxODAwMDAwMDAwMDAwfSwic2NoZW1hX3ZlcnNpb24iOiIxIn0="
        }
      ]
    },
    {
      "mode": "managed",
      "type": "azurerm_monitor_metric_alert",
      "name": "res-743",
      "provider": "provider[\"registry.terraform.io/hashicorp/azurerm\"]",
      "instances": [
        {
          "schema_version": 1,
          "attributes": {
            "action": [
              {
                "action_group_id": "/subscriptions/EBEEC867-0BAC-448A-B3BA-197E572E0B4C/resourceGroups/Dev_API_ResourceGroup/providers/microsoft.insights/actionGroups/Application Insights Smart Detection",
                "webhook_properties": {}
              }
            ],
            "application_insights_web_test_location_availability_criteria": [],
            "auto_mitigate": true,
            "criteria": [
              {
                "aggregation": "Count",
                "dimension": [],
                "metric_name": "http_trigger Failures",
                "metric_namespace": "azure.applicationinsights",
                "operator": "GreaterThan",
                "skip_metric_validation": false,
                "threshold": 1
              }
            ],
            "description": "",
            "dynamic_criteria": [],
            "enabled": false,
            "frequency": "PT1M",
            "id": "/subscriptions/ebeec867-0bac-448a-b3ba-197e572e0b4c/resourceGroups/Dev_API_ResourceGroup/providers/Microsoft.Insights/metricAlerts/HTTP_Trigger Error Alert",
            "name": "HTTP_Trigger Error Alert",
            "resource_group_name": "Dev_API_ResourceGroup",
            "scopes": [
              "/subscriptions/ebeec867-0bac-448a-b3ba-197e572e0b4c/resourceGroups/Dev_API_ResourceGroup/providers/microsoft.insights/components/dev00functionappinsights"
            ],
            "severity": 1,
            "tags": {},
            "target_resource_location": "eastus2",
            "target_resource_type": "microsoft.insights/components",
            "timeouts": null,
            "window_size": "PT1M"
          },
          "sensitive_attributes": [],
          "identity_schema_version": 0,
          "private": "eyJlMmJmYjczMC1lY2FhLTExZTYtOGY4OC0zNDM2M2JjN2M0YzAiOnsiY3JlYXRlIjoxODAwMDAwMDAwMDAwLCJkZWxldGUiOjE4MDAwMDAwMDAwMDAsInJlYWQiOjMwMDAwMDAwMDAwMCwidXBkYXRlIjoxODAwMDAwMDAwMDAwfSwic2NoZW1hX3ZlcnNpb24iOiIxIn0="
        }
      ]
    },
    {
      "mode": "managed",
      "type": "azurerm_monitor_metric_alert",
      "name": "res-744",
      "provider": "provider[\"registry.terraform.io/hashicorp/azurerm\"]",
      "instances": [
        {
          "schema_version": 1,
          "attributes": {
            "action": [
              {
                "action_group_id": "/subscriptions/ebeec867-0bac-448a-b3ba-197e572e0b4c/resourcegroups/dev_api_resourcegroup/providers/microsoft.insights/actiongroups/application insights smart detection",
                "webhook_properties": {}
              }
            ],
            "application_insights_web_test_location_availability_criteria": [],
            "auto_mitigate": true,
            "criteria": [
              {
                "aggregation": "Average",
                "dimension": [],
                "metric_name": "Duration",
                "metric_namespace": "microsoft.apimanagement/service",
                "operator": "GreaterThan",
                "skip_metric_validation": false,
                "threshold": 30000
              }
            ],
            "description": "",
            "dynamic_criteria": [],
            "enabled": true,
            "frequency": "PT5M",
            "id": "/subscriptions/ebeec867-0bac-448a-b3ba-197e572e0b4c/resourceGroups/Dev_API_ResourceGroup/providers/Microsoft.Insights/metricAlerts/Overall Duration of Gateway Requests",
            "name": "Overall Duration of Gateway Requests",
            "resource_group_name": "Dev_API_ResourceGroup",
            "scopes": [
              "/subscriptions/ebeec867-0bac-448a-b3ba-197e572e0b4c/resourceGroups/Dev_API_ResourceGroup/providers/Microsoft.ApiManagement/service/dev00functionapp-apim"
            ],
            "severity": 2,
            "tags": {},
            "target_resource_location": "eastus2",
            "target_resource_type": "Microsoft.ApiManagement/service",
            "timeouts": null,
            "window_size": "PT12H"
          },
          "sensitive_attributes": [],
          "identity_schema_version": 0,
          "private": "eyJlMmJmYjczMC1lY2FhLTExZTYtOGY4OC0zNDM2M2JjN2M0YzAiOnsiY3JlYXRlIjoxODAwMDAwMDAwMDAwLCJkZWxldGUiOjE4MDAwMDAwMDAwMDAsInJlYWQiOjMwMDAwMDAwMDAwMCwidXBkYXRlIjoxODAwMDAwMDAwMDAwfSwic2NoZW1hX3ZlcnNpb24iOiIxIn0="
        }
      ]
    },
    {
      "mode": "managed",
      "type": "azurerm_monitor_metric_alert",
      "name": "res-745",
      "provider": "provider[\"registry.terraform.io/hashicorp/azurerm\"]",
      "instances": [
        {
          "schema_version": 1,
          "attributes": {
            "action": [
              {
                "action_group_id": "/subscriptions/EBEEC867-0BAC-448A-B3BA-197E572E0B4C/resourceGroups/Dev_API_ResourceGroup/providers/microsoft.insights/actionGroups/Application Insights Smart Detection",
                "webhook_properties": {}
              }
            ],
            "application_insights_web_test_location_availability_criteria": [],
            "auto_mitigate": true,
            "criteria": [
              {
                "aggregation": "Total",
                "dimension": [],
                "metric_name": "http_trigger Count",
                "metric_namespace": "azure.applicationinsights",
                "operator": "GreaterThan",
                "skip_metric_validation": false,
                "threshold": 50
              }
            ],
            "description": "",
            "dynamic_criteria": [],
            "enabled": false,
            "frequency": "PT1M",
            "id": "/subscriptions/ebeec867-0bac-448a-b3ba-197e572e0b4c/resourceGroups/Dev_API_ResourceGroup/providers/Microsoft.Insights/metricAlerts/http_trigger Count",
            "name": "http_trigger Count",
            "resource_group_name": "Dev_API_ResourceGroup",
            "scopes": [
              "/subscriptions/ebeec867-0bac-448a-b3ba-197e572e0b4c/resourceGroups/Dev_API_ResourceGroup/providers/microsoft.insights/components/dev00functionappinsights"
            ],
            "severity": 2,
            "tags": {},
            "target_resource_location": "eastus2",
            "target_resource_type": "microsoft.insights/components",
            "timeouts": null,
            "window_size": "PT1M"
          },
          "sensitive_attributes": [],
          "identity_schema_version": 0,
          "private": "eyJlMmJmYjczMC1lY2FhLTExZTYtOGY4OC0zNDM2M2JjN2M0YzAiOnsiY3JlYXRlIjoxODAwMDAwMDAwMDAwLCJkZWxldGUiOjE4MDAwMDAwMDAwMDAsInJlYWQiOjMwMDAwMDAwMDAwMCwidXBkYXRlIjoxODAwMDAwMDAwMDAwfSwic2NoZW1hX3ZlcnNpb24iOiIxIn0="
        }
      ]
    },
    {
      "mode": "managed",
      "type": "azurerm_monitor_scheduled_query_rules_alert_v2",
      "name": "res-746",
      "provider": "provider[\"registry.terraform.io/hashicorp/azurerm\"]",
      "instances": [
        {
          "schema_version": 0,
          "attributes": {
            "action": [
              {
                "action_groups": [
                  "/subscriptions/EBEEC867-0BAC-448A-B3BA-197E572E0B4C/resourceGroups/Dev_API_ResourceGroup/providers/microsoft.insights/actionGroups/Application Insights Smart Detection"
                ],
                "custom_properties": {}
              }
            ],
            "auto_mitigation_enabled": false,
            "created_with_api_version": "2025-01-01-preview",
            "criteria": [
              {
                "dimension": [],
                "failing_periods": [
                  {
                    "minimum_failing_periods_to_trigger_alert": 1,
                    "number_of_evaluation_periods": 1
                  }
                ],
                "metric_measure_column": "",
                "operator": "Equal",
                "query": "requests\n| where resultCode in (```500```)\n",
                "resource_id_column": "",
                "threshold": 1,
                "time_aggregation_method": "Count"
              }
            ],
            "description": "",
            "display_name": "Error 500",
            "enabled": false,
            "evaluation_frequency": "PT5M",
            "id": "/subscriptions/ebeec867-0bac-448a-b3ba-197e572e0b4c/resourceGroups/Dev_API_ResourceGroup/providers/Microsoft.Insights/scheduledQueryRules/Error 500",
            "identity": [],
            "is_a_legacy_log_analytics_rule": false,
            "is_workspace_alerts_storage_configured": false,
            "location": "eastus2",
            "mute_actions_after_alert_duration": "",
            "name": "Error 500",
            "query_time_range_override": "",
            "resource_group_name": "Dev_API_ResourceGroup",
            "scopes": [
              "/subscriptions/ebeec867-0bac-448a-b3ba-197e572e0b4c/resourceGroups/Dev_API_ResourceGroup/providers/microsoft.insights/components/dev00functionappinsights"
            ],
            "severity": 1,
            "skip_query_validation": false,
            "tags": {},
            "target_resource_types": [
              "microsoft.insights/components"
            ],
            "timeouts": null,
            "window_duration": "PT5M",
            "workspace_alerts_storage_enabled": false
          },
          "sensitive_attributes": [],
          "identity_schema_version": 0,
          "private": "eyJlMmJmYjczMC1lY2FhLTExZTYtOGY4OC0zNDM2M2JjN2M0YzAiOnsiY3JlYXRlIjoxODAwMDAwMDAwMDAwLCJkZWxldGUiOjE4MDAwMDAwMDAwMDAsInJlYWQiOjMwMDAwMDAwMDAwMCwidXBkYXRlIjoxODAwMDAwMDAwMDAwfSwic2NoZW1hX3ZlcnNpb24iOiIwIn0="
        }
      ]
    },
    {
      "mode": "managed",
      "type": "azurerm_monitor_smart_detector_alert_rule",
      "name": "res-740",
      "provider": "provider[\"registry.terraform.io/hashicorp/azurerm\"]",
      "instances": [
        {
          "schema_version": 1,
          "attributes": {
            "action_group": [
              {
                "email_subject": "",
                "ids": [
                  "/subscriptions/ebeec867-0bac-448a-b3ba-197e572e0b4c/resourceGroups/dev_api_resourcegroup/providers/Microsoft.Insights/actionGroups/application insights smart detection"
                ],
                "webhook_payload": ""
              }
            ],
            "description": "Failure Anomalies notifies you of an unusual rise in the rate of failed HTTP requests or dependency calls.",
            "detector_type": "FailureAnomaliesDetector",
            "enabled": false,
            "frequency": "PT1M",
            "id": "/subscriptions/ebeec867-0bac-448a-b3ba-197e572e0b4c/resourceGroups/Dev_API_ResourceGroup/providers/Microsoft.AlertsManagement/smartDetectorAlertRules/Failure Anomalies - dev00functionappinsights",
            "name": "Failure Anomalies - dev00functionappinsights",
            "resource_group_name": "Dev_API_ResourceGroup",
            "scope_resource_ids": [
              "/subscriptions/ebeec867-0bac-448a-b3ba-197e572e0b4c/resourcegroups/dev_api_resourcegroup/providers/microsoft.insights/components/dev00functionappinsights"
            ],
            "severity": "Sev3",
            "tags": {},
            "throttling_duration": "",
            "timeouts": null
          },
          "sensitive_attributes": [],
          "identity_schema_version": 0,
          "private": "eyJlMmJmYjczMC1lY2FhLTExZTYtOGY4OC0zNDM2M2JjN2M0YzAiOnsiY3JlYXRlIjoxODAwMDAwMDAwMDAwLCJkZWxldGUiOjE4MDAwMDAwMDAwMDAsInJlYWQiOjMwMDAwMDAwMDAwMCwidXBkYXRlIjoxODAwMDAwMDAwMDAwfSwic2NoZW1hX3ZlcnNpb24iOiIxIn0="
        }
      ]
    },
    {
      "mode": "managed",
      "type": "azurerm_resource_group",
      "name": "res-0",
      "provider": "provider[\"registry.terraform.io/hashicorp/azurerm\"]",
      "instances": [
        {
          "schema_version": 0,
          "attributes": {
            "id": "/subscriptions/ebeec867-0bac-448a-b3ba-197e572e0b4c/resourceGroups/Dev_API_ResourceGroup",
            "location": "eastus2",
            "managed_by": "",
            "name": "Dev_API_ResourceGroup",
            "tags": {},
            "timeouts": null
          },
          "sensitive_attributes": [],
          "identity_schema_version": 0,
          "private": "eyJlMmJmYjczMC1lY2FhLTExZTYtOGY4OC0zNDM2M2JjN2M0YzAiOnsiY3JlYXRlIjo1NDAwMDAwMDAwMDAwLCJkZWxldGUiOjU0MDAwMDAwMDAwMDAsInJlYWQiOjMwMDAwMDAwMDAwMCwidXBkYXRlIjo1NDAwMDAwMDAwMDAwfSwic2NoZW1hX3ZlcnNpb24iOiIwIn0="
        }
      ]
    },
    {
      "mode": "managed",
      "type": "azurerm_service_plan",
      "name": "res-733",
      "provider": "provider[\"registry.terraform.io/hashicorp/azurerm\"]",
      "instances": [
        {
          "schema_version": 1,
          "attributes": {
            "app_service_environment_id": "",
            "id": "/subscriptions/ebeec867-0bac-448a-b3ba-197e572e0b4c/resourceGroups/Dev_API_ResourceGroup/providers/Microsoft.Web/serverFarms/ASP-DevAPIResourceGroup-9669",
            "kind": "functionapp",
            "location": "eastus2",
            "maximum_elastic_worker_count": 1,
            "name": "ASP-DevAPIResourceGroup-9669",
            "os_type": "Linux",
            "per_site_scaling_enabled": false,
            "premium_plan_auto_scale_enabled": false,
            "reserved": true,
            "resource_group_name": "Dev_API_ResourceGroup",
            "sku_name": "Y1",
            "tags": {},
            "timeouts": null,
            "worker_count": 0,
            "zone_balancing_enabled": false
          },
          "sensitive_attributes": [],
          "identity_schema_version": 0,
          "private": "eyJlMmJmYjczMC1lY2FhLTExZTYtOGY4OC0zNDM2M2JjN2M0YzAiOnsiY3JlYXRlIjozNjAwMDAwMDAwMDAwLCJkZWxldGUiOjM2MDAwMDAwMDAwMDAsInJlYWQiOjMwMDAwMDAwMDAwMCwidXBkYXRlIjozNjAwMDAwMDAwMDAwfSwic2NoZW1hX3ZlcnNpb24iOiIxIn0="
        }
      ]
    },
    {
      "mode": "managed",
      "type": "azurerm_storage_account",
      "name": "res-722",
      "provider": "provider[\"registry.terraform.io/hashicorp/azurerm\"]",
      "instances": [
        {
          "schema_version": 4,
          "attributes": {
            "access_tier": "Hot",
            "account_kind": "StorageV2",
            "account_replication_type": "LRS",
            "account_tier": "Standard",
            "allow_nested_items_to_be_public": true,
            "allowed_copy_scope": "",
            "azure_files_authentication": [],
            "blob_properties": [
              {
                "change_feed_enabled": false,
                "change_feed_retention_in_days": 0,
                "container_delete_retention_policy": [],
                "cors_rule": [],
                "default_service_version": "",
                "delete_retention_policy": [],
                "last_access_time_enabled": false,
                "restore_policy": [],
                "versioning_enabled": false
              }
            ],
            "cross_tenant_replication_enabled": false,
            "custom_domain": [],
            "customer_managed_key": [],
            "default_to_oauth_authentication": true,
            "dns_endpoint_type": "Standard",
            "edge_zone": "",
            "https_traffic_only_enabled": true,
            "id": "/subscriptions/ebeec867-0bac-448a-b3ba-197e572e0b4c/resourceGroups/Dev_API_ResourceGroup/providers/Microsoft.Storage/storageAccounts/dev00apistorageaccount",
            "identity": [],
            "immutability_policy": [],
            "infrastructure_encryption_enabled": false,
            "is_hns_enabled": false,
            "large_file_share_enabled": false,
            "local_user_enabled": true,
            "location": "eastus2",
            "min_tls_version": "TLS1_2",
            "name": "dev00apistorageaccount",
            "network_rules": [],
            "nfsv3_enabled": false,
            "primary_access_key": "oGMT/nwOPZbNLx1FHNr+B9aIcjagT0iRlk3J6vsJeQoWQgiwcHoYD4xLUUC1Tc1t31M6+0kINlk4+AStMoKFOA==",
            "primary_blob_connection_string": "DefaultEndpointsProtocol=https;BlobEndpoint=https://dev00apistorageaccount.blob.core.windows.net/;AccountName=dev00apistorageaccount;AccountKey=oGMT/nwOPZbNLx1FHNr+B9aIcjagT0iRlk3J6vsJeQoWQgiwcHoYD4xLUUC1Tc1t31M6+0kINlk4+AStMoKFOA==",
            "primary_blob_endpoint": "https://dev00apistorageaccount.blob.core.windows.net/",
            "primary_blob_host": "dev00apistorageaccount.blob.core.windows.net",
            "primary_blob_internet_endpoint": "",
            "primary_blob_internet_host": "",
            "primary_blob_microsoft_endpoint": "",
            "primary_blob_microsoft_host": "",
            "primary_connection_string": "DefaultEndpointsProtocol=https;AccountName=dev00apistorageaccount;AccountKey=oGMT/nwOPZbNLx1FHNr+B9aIcjagT0iRlk3J6vsJeQoWQgiwcHoYD4xLUUC1Tc1t31M6+0kINlk4+AStMoKFOA==;EndpointSuffix=core.windows.net",
            "primary_dfs_endpoint": "https://dev00apistorageaccount.dfs.core.windows.net/",
            "primary_dfs_host": "dev00apistorageaccount.dfs.core.windows.net",
            "primary_dfs_internet_endpoint": "",
            "primary_dfs_internet_host": "",
            "primary_dfs_microsoft_endpoint": "",
            "primary_dfs_microsoft_host": "",
            "primary_file_endpoint": "https://dev00apistorageaccount.file.core.windows.net/",
            "primary_file_host": "dev00apistorageaccount.file.core.windows.net",
            "primary_file_internet_endpoint": "",
            "primary_file_internet_host": "",
            "primary_file_microsoft_endpoint": "",
            "primary_file_microsoft_host": "",
            "primary_location": "eastus2",
            "primary_queue_endpoint": "https://dev00apistorageaccount.queue.core.windows.net/",
            "primary_queue_host": "dev00apistorageaccount.queue.core.windows.net",
            "primary_queue_microsoft_endpoint": "",
            "primary_queue_microsoft_host": "",
            "primary_table_endpoint": "https://dev00apistorageaccount.table.core.windows.net/",
            "primary_table_host": "dev00apistorageaccount.table.core.windows.net",
            "primary_table_microsoft_endpoint": "",
            "primary_table_microsoft_host": "",
            "primary_web_endpoint": "https://dev00apistorageaccount.z20.web.core.windows.net/",
            "primary_web_host": "dev00apistorageaccount.z20.web.core.windows.net",
            "primary_web_internet_endpoint": "",
            "primary_web_internet_host": "",
            "primary_web_microsoft_endpoint": "",
            "primary_web_microsoft_host": "",
            "public_network_access_enabled": true,
            "queue_encryption_key_type": "Service",
            "queue_properties": [
              {
                "cors_rule": [],
                "hour_metrics": [
                  {
                    "enabled": false,
                    "include_apis": false,
                    "retention_policy_days": 0,
                    "version": "1.0"
                  }
                ],
                "logging": [
                  {
                    "delete": false,
                    "read": false,
                    "retention_policy_days": 0,
                    "version": "1.0",
                    "write": false
                  }
                ],
                "minute_metrics": [
                  {
                    "enabled": false,
                    "include_apis": false,
                    "retention_policy_days": 0,
                    "version": "1.0"
                  }
                ]
              }
            ],
            "resource_group_name": "Dev_API_ResourceGroup",
            "routing": [],
            "sas_policy": [],
            "secondary_access_key": "/rCEqszCLXXc5RVwennx6LN2ysZavFoHMrOyqUnISR9kSC4XsRV/IdEabcEtXldmr1YJLOh3gMn9+AStzbbBwA==",
            "secondary_blob_connection_string": "",
            "secondary_blob_endpoint": "",
            "secondary_blob_host": "",
            "secondary_blob_internet_endpoint": "",
            "secondary_blob_internet_host": "",
            "secondary_blob_microsoft_endpoint": "",
            "secondary_blob_microsoft_host": "",
            "secondary_connection_string": "DefaultEndpointsProtocol=https;AccountName=dev00apistorageaccount;AccountKey=/rCEqszCLXXc5RVwennx6LN2ysZavFoHMrOyqUnISR9kSC4XsRV/IdEabcEtXldmr1YJLOh3gMn9+AStzbbBwA==;EndpointSuffix=core.windows.net",
            "secondary_dfs_endpoint": "",
            "secondary_dfs_host": "",
            "secondary_dfs_internet_endpoint": "",
            "secondary_dfs_internet_host": "",
            "secondary_dfs_microsoft_endpoint": "",
            "secondary_dfs_microsoft_host": "",
            "secondary_file_endpoint": "",
            "secondary_file_host": "",
            "secondary_file_internet_endpoint": "",
            "secondary_file_internet_host": "",
            "secondary_file_microsoft_endpoint": "",
            "secondary_file_microsoft_host": "",
            "secondary_location": "",
            "secondary_queue_endpoint": "",
            "secondary_queue_host": "",
            "secondary_queue_microsoft_endpoint": "",
            "secondary_queue_microsoft_host": "",
            "secondary_table_endpoint": "",
            "secondary_table_host": "",
            "secondary_table_microsoft_endpoint": "",
            "secondary_table_microsoft_host": "",
            "secondary_web_endpoint": "",
            "secondary_web_host": "",
            "secondary_web_internet_endpoint": "",
            "secondary_web_internet_host": "",
            "secondary_web_microsoft_endpoint": "",
            "secondary_web_microsoft_host": "",
            "sftp_enabled": false,
            "share_properties": [
              {
                "cors_rule": [],
                "retention_policy": [
                  {
                    "days": 7
                  }
                ],
                "smb": []
              }
            ],
            "shared_access_key_enabled": true,
            "static_website": [],
            "table_encryption_key_type": "Service",
            "tags": {},
            "timeouts": null
          },
          "sensitive_attributes": [
            [
              {
                "type": "get_attr",
                "value": "primary_access_key"
              }
            ],
            [
              {
                "type": "get_attr",
                "value": "primary_blob_connection_string"
              }
            ],
            [
              {
                "type": "get_attr",
                "value": "primary_connection_string"
              }
            ],
            [
              {
                "type": "get_attr",
                "value": "secondary_access_key"
              }
            ],
            [
              {
                "type": "get_attr",
                "value": "secondary_blob_connection_string"
              }
            ],
            [
              {
                "type": "get_attr",
                "value": "secondary_connection_string"
              }
            ]
          ],
          "identity_schema_version": 0,
          "private": "eyJlMmJmYjczMC1lY2FhLTExZTYtOGY4OC0zNDM2M2JjN2M0YzAiOnsiY3JlYXRlIjozNjAwMDAwMDAwMDAwLCJkZWxldGUiOjM2MDAwMDAwMDAwMDAsInJlYWQiOjMwMDAwMDAwMDAwMCwidXBkYXRlIjozNjAwMDAwMDAwMDAwfSwic2NoZW1hX3ZlcnNpb24iOiI0In0="
        }
      ]
    },
    {
      "mode": "managed",
      "type": "azurerm_storage_account_queue_properties",
      "name": "res-728",
      "provider": "provider[\"registry.terraform.io/hashicorp/azurerm\"]",
      "instances": [
        {
          "schema_version": 0,
          "attributes": {
            "cors_rule": [],
            "hour_metrics": [
              {
                "include_apis": false,
                "retention_policy_days": 0,
                "version": "1.0"
              }
            ],
            "id": "/subscriptions/ebeec867-0bac-448a-b3ba-197e572e0b4c/resourceGroups/Dev_API_ResourceGroup/providers/Microsoft.Storage/storageAccounts/dev00apistorageaccount",
            "logging": [
              {
                "delete": false,
                "read": false,
                "retention_policy_days": 0,
                "version": "1.0",
                "write": false
              }
            ],
            "minute_metrics": [
              {
                "include_apis": false,
                "retention_policy_days": 0,
                "version": "1.0"
              }
            ],
            "storage_account_id": "/subscriptions/ebeec867-0bac-448a-b3ba-197e572e0b4c/resourceGroups/Dev_API_ResourceGroup/providers/Microsoft.Storage/storageAccounts/dev00apistorageaccount",
            "timeouts": null
          },
          "sensitive_attributes": [],
          "identity_schema_version": 0,
          "private": "eyJlMmJmYjczMC1lY2FhLTExZTYtOGY4OC0zNDM2M2JjN2M0YzAiOnsiY3JlYXRlIjoxODAwMDAwMDAwMDAwLCJkZWxldGUiOjE4MDAwMDAwMDAwMDAsInJlYWQiOjMwMDAwMDAwMDAwMCwidXBkYXRlIjoxODAwMDAwMDAwMDAwfSwic2NoZW1hX3ZlcnNpb24iOiIwIn0="
        }
      ]
    },
    {
      "mode": "managed",
      "type": "azurerm_storage_container",
      "name": "res-724",
      "provider": "provider[\"registry.terraform.io/hashicorp/azurerm\"]",
      "instances": [
        {
          "schema_version": 1,
          "attributes": {
            "container_access_type": "private",
            "default_encryption_scope": "$account-encryption-key",
            "encryption_scope_override_enabled": true,
            "has_immutability_policy": false,
            "has_legal_hold": false,
            "id": "/subscriptions/ebeec867-0bac-448a-b3ba-197e572e0b4c/resourceGroups/Dev_API_ResourceGroup/providers/Microsoft.Storage/storageAccounts/dev00apistorageaccount/blobServices/default/containers/azure-webjobs-hosts",
            "metadata": {},
            "name": "azure-webjobs-hosts",
            "resource_manager_id": "/subscriptions/ebeec867-0bac-448a-b3ba-197e572e0b4c/resourceGroups/Dev_API_ResourceGroup/providers/Microsoft.Storage/storageAccounts/dev00apistorageaccount/blobServices/default/containers/azure-webjobs-hosts",
            "storage_account_id": "/subscriptions/ebeec867-0bac-448a-b3ba-197e572e0b4c/resourceGroups/Dev_API_ResourceGroup/providers/Microsoft.Storage/storageAccounts/dev00apistorageaccount",
            "storage_account_name": "",
            "timeouts": null
          },
          "sensitive_attributes": [],
          "identity_schema_version": 0,
          "private": "eyJlMmJmYjczMC1lY2FhLTExZTYtOGY4OC0zNDM2M2JjN2M0YzAiOnsiY3JlYXRlIjoxODAwMDAwMDAwMDAwLCJkZWxldGUiOjE4MDAwMDAwMDAwMDAsInJlYWQiOjMwMDAwMDAwMDAwMCwidXBkYXRlIjoxODAwMDAwMDAwMDAwfSwic2NoZW1hX3ZlcnNpb24iOiIxIn0="
        }
      ]
    },
    {
      "mode": "managed",
      "type": "azurerm_storage_container",
      "name": "res-725",
      "provider": "provider[\"registry.terraform.io/hashicorp/azurerm\"]",
      "instances": [
        {
          "schema_version": 1,
          "attributes": {
            "container_access_type": "private",
            "default_encryption_scope": "$account-encryption-key",
            "encryption_scope_override_enabled": true,
            "has_immutability_policy": false,
            "has_legal_hold": false,
            "id": "/subscriptions/ebeec867-0bac-448a-b3ba-197e572e0b4c/resourceGroups/Dev_API_ResourceGroup/providers/Microsoft.Storage/storageAccounts/dev00apistorageaccount/blobServices/default/containers/azure-webjobs-secrets",
            "metadata": {},
            "name": "azure-webjobs-secrets",
            "resource_manager_id": "/subscriptions/ebeec867-0bac-448a-b3ba-197e572e0b4c/resourceGroups/Dev_API_ResourceGroup/providers/Microsoft.Storage/storageAccounts/dev00apistorageaccount/blobServices/default/containers/azure-webjobs-secrets",
            "storage_account_id": "/subscriptions/ebeec867-0bac-448a-b3ba-197e572e0b4c/resourceGroups/Dev_API_ResourceGroup/providers/Microsoft.Storage/storageAccounts/dev00apistorageaccount",
            "storage_account_name": "",
            "timeouts": null
          },
          "sensitive_attributes": [],
          "identity_schema_version": 0,
          "private": "eyJlMmJmYjczMC1lY2FhLTExZTYtOGY4OC0zNDM2M2JjN2M0YzAiOnsiY3JlYXRlIjoxODAwMDAwMDAwMDAwLCJkZWxldGUiOjE4MDAwMDAwMDAwMDAsInJlYWQiOjMwMDAwMDAwMDAwMCwidXBkYXRlIjoxODAwMDAwMDAwMDAwfSwic2NoZW1hX3ZlcnNpb24iOiIxIn0="
        }
      ]
    },
    {
      "mode": "managed",
      "type": "azurerm_storage_container",
      "name": "res-726",
      "provider": "provider[\"registry.terraform.io/hashicorp/azurerm\"]",
      "instances": [
        {
          "schema_version": 1,
          "attributes": {
            "container_access_type": "private",
            "default_encryption_scope": "$account-encryption-key",
            "encryption_scope_override_enabled": true,
            "has_immutability_policy": false,
            "has_legal_hold": false,
            "id": "/subscriptions/ebeec867-0bac-448a-b3ba-197e572e0b4c/resourceGroups/Dev_API_ResourceGroup/providers/Microsoft.Storage/storageAccounts/dev00apistorageaccount/blobServices/default/containers/scm-releases",
            "metadata": {},
            "name": "scm-releases",
            "resource_manager_id": "/subscriptions/ebeec867-0bac-448a-b3ba-197e572e0b4c/resourceGroups/Dev_API_ResourceGroup/providers/Microsoft.Storage/storageAccounts/dev00apistorageaccount/blobServices/default/containers/scm-releases",
            "storage_account_id": "/subscriptions/ebeec867-0bac-448a-b3ba-197e572e0b4c/resourceGroups/Dev_API_ResourceGroup/providers/Microsoft.Storage/storageAccounts/dev00apistorageaccount",
            "storage_account_name": "",
            "timeouts": null
          },
          "sensitive_attributes": [],
          "identity_schema_version": 0,
          "private": "eyJlMmJmYjczMC1lY2FhLTExZTYtOGY4OC0zNDM2M2JjN2M0YzAiOnsiY3JlYXRlIjoxODAwMDAwMDAwMDAwLCJkZWxldGUiOjE4MDAwMDAwMDAwMDAsInJlYWQiOjMwMDAwMDAwMDAwMCwidXBkYXRlIjoxODAwMDAwMDAwMDAwfSwic2NoZW1hX3ZlcnNpb24iOiIxIn0="
        }
      ]
    },
    {
      "mode": "managed",
      "type": "azurerm_storage_table",
      "name": "res-730",
      "provider": "provider[\"registry.terraform.io/hashicorp/azurerm\"]",
      "instances": [
        {
          "schema_version": 2,
          "attributes": {
            "acl": [],
            "id": "https://dev00apistorageaccount.table.core.windows.net/Tables('AzureFunctionsDiagnosticEvents202507')",
            "name": "AzureFunctionsDiagnosticEvents202507",
            "resource_manager_id": "/subscriptions/ebeec867-0bac-448a-b3ba-197e572e0b4c/resourceGroups/Dev_API_ResourceGroup/providers/Microsoft.Storage/storageAccounts/dev00apistorageaccount/tableServices/default/tables/AzureFunctionsDiagnosticEvents202507",
            "storage_account_name": "dev00apistorageaccount",
            "timeouts": null
          },
          "sensitive_attributes": [],
          "identity_schema_version": 0,
          "private": "eyJlMmJmYjczMC1lY2FhLTExZTYtOGY4OC0zNDM2M2JjN2M0YzAiOnsiY3JlYXRlIjoxODAwMDAwMDAwMDAwLCJkZWxldGUiOjE4MDAwMDAwMDAwMDAsInJlYWQiOjMwMDAwMDAwMDAwMCwidXBkYXRlIjoxODAwMDAwMDAwMDAwfSwic2NoZW1hX3ZlcnNpb24iOiIyIn0="
        }
      ]
    }
  ],
  "check_results": null
}
